// !$*UTF8*$!
{
	archiveVersion = 1;
	classes = {
	};
	objectVersion = 46;
	objects = {
		5E618435888B9D49F8540165 = {
			buildActionMask = 2147483647;
			files = (
				);
			isa = PBXShellScriptBuildPhase;
			runOnlyForDeploymentPostprocessing = 0;
			name = "Qt Qmake";
			shellPath = "/bin/sh";
			shellScript = "make -C /Users/asif/Documents/graphics/CS472.skel/ -f CS472.xcodeproj/qt_makeqmake.mak";
			showEnvVarsInLog = "0";
		};
		82E06193BAA6F1F8AE0422D9 = {
			isa = PBXFileReference;
			path = "/Users/asif/Documents/graphics/CS472.skel/main.cpp";
			name = "main.cpp";
			sourceTree = "<absolute>";
			lastKnownFileType = "sourcecode.cpp.cpp";
		};
		52AF7812E684A4EC092D9602 = {
			fileRef = "82E06193BAA6F1F8AE0422D9";
			isa = PBXBuildFile;
			settings = {
				ATTRIBUTES = (
					);
			};
		};
		81C47C815EEE965D5D12FB57 = {
			isa = PBXFileReference;
			path = "/Users/asif/Documents/graphics/CS472.skel/MainWindow.cpp";
			name = "MainWindow.cpp";
			sourceTree = "<absolute>";
			lastKnownFileType = "sourcecode.cpp.cpp";
		};
		4429FBBFBB787ABBBA1D86EA = {
			fileRef = "81C47C815EEE965D5D12FB57";
			isa = PBXBuildFile;
			settings = {
				ATTRIBUTES = (
					);
			};
		};
		7E3D149FC3AE854649EB3DDF = {
			isa = PBXFileReference;
			path = "/Users/asif/Documents/graphics/CS472.skel/HW.cpp";
			name = "HW.cpp";
			sourceTree = "<absolute>";
			lastKnownFileType = "sourcecode.cpp.cpp";
		};
		D9B83C8244F4D17DBCACAAE8 = {
			fileRef = "7E3D149FC3AE854649EB3DDF";
			isa = PBXBuildFile;
			settings = {
				ATTRIBUTES = (
					);
			};
		};
		55CA059AA7BDDC63FDAF0C30 = {
			isa = PBXFileReference;
			path = "/Users/asif/Documents/graphics/CS472.skel/dummy.cpp";
			name = "dummy.cpp";
			sourceTree = "<absolute>";
			lastKnownFileType = "sourcecode.cpp.cpp";
		};
		D0635B0B68C9D501B0A98703 = {
			fileRef = "55CA059AA7BDDC63FDAF0C30";
			isa = PBXBuildFile;
			settings = {
				ATTRIBUTES = (
					);
			};
		};
		414792D1F21E21FB1EA59746 = {
			isa = PBXFileReference;
			path = "/Users/asif/Documents/graphics/CS472.skel/hw0/HW0a.cpp";
			name = "HW0a.cpp";
			sourceTree = "<absolute>";
			lastKnownFileType = "sourcecode.cpp.cpp";
		};
		D0DEA206A28B2934C7E1C1D5 = {
			fileRef = "414792D1F21E21FB1EA59746";
			isa = PBXBuildFile;
			settings = {
				ATTRIBUTES = (
					);
			};
		};
		03D789074CADA778179599E7 = {
			isa = PBXFileReference;
			path = "/Users/asif/Documents/graphics/CS472.skel/hw0/HW0b.cpp";
			name = "HW0b.cpp";
			sourceTree = "<absolute>";
			lastKnownFileType = "sourcecode.cpp.cpp";
		};
		EC9021944A20B0273B233162 = {
			fileRef = "03D789074CADA778179599E7";
			isa = PBXBuildFile;
			settings = {
				ATTRIBUTES = (
					);
			};
		};
		1EECCF6DB32A487157FD2E4D = {
			isa = PBXFileReference;
			path = "/Users/asif/Documents/graphics/CS472.skel/hw0/HW0c.cpp";
			name = "HW0c.cpp";
			sourceTree = "<absolute>";
			lastKnownFileType = "sourcecode.cpp.cpp";
		};
		F90157E2CB391A8EC1DF36DC = {
			fileRef = "1EECCF6DB32A487157FD2E4D";
			isa = PBXBuildFile;
			settings = {
				ATTRIBUTES = (
					);
			};
		};
		A609FF5F664F91287228EFB3 = {
			isa = PBXFileReference;
			path = "/Users/asif/Documents/graphics/CS472.skel/hw1/HW1a.cpp";
			name = "HW1a.cpp";
			sourceTree = "<absolute>";
			lastKnownFileType = "sourcecode.cpp.cpp";
		};
		E6DCFE36C808EB11A8A6D5FC = {
			fileRef = "A609FF5F664F91287228EFB3";
			isa = PBXBuildFile;
			settings = {
				ATTRIBUTES = (
					);
			};
		};
		DEE52341752DF7280BB8FC91 = {
			isa = PBXFileReference;
			path = "/Users/asif/Documents/graphics/CS472.skel/hw1/HW1b.cpp";
			name = "HW1b.cpp";
			sourceTree = "<absolute>";
			lastKnownFileType = "sourcecode.cpp.cpp";
		};
		1248F15E4DFD99BFF2710CBD = {
			fileRef = "DEE52341752DF7280BB8FC91";
			isa = PBXBuildFile;
			settings = {
				ATTRIBUTES = (
					);
			};
		};
		AB9B1E4345101479DE0F6280 = {
			isa = PBXFileReference;
			path = "/Users/asif/Documents/graphics/CS472.skel/hw2/HW2a.cpp";
			name = "HW2a.cpp";
			sourceTree = "<absolute>";
			lastKnownFileType = "sourcecode.cpp.cpp";
		};
		1BDA8E5580BD26299CD1E31A = {
			fileRef = "AB9B1E4345101479DE0F6280";
			isa = PBXBuildFile;
			settings = {
				ATTRIBUTES = (
					);
			};
		};
		F94DEBC4F1FDC3F17CE6691A = {
			isa = PBXFileReference;
			path = "/Users/asif/Documents/graphics/CS472.skel/hw2/HW2b.cpp";
			name = "HW2b.cpp";
			sourceTree = "<absolute>";
			lastKnownFileType = "sourcecode.cpp.cpp";
		};
		1F04CDC668CDF0C78EA2065D = {
			fileRef = "F94DEBC4F1FDC3F17CE6691A";
			isa = PBXBuildFile;
			settings = {
				ATTRIBUTES = (
					);
			};
		};
		9765C36EC11F896148EF7083 = {
			isa = PBXFileReference;
			path = "/Users/asif/Documents/graphics/CS472.skel/geometry/Cube.cpp";
			name = "Cube.cpp";
			sourceTree = "<absolute>";
			lastKnownFileType = "sourcecode.cpp.cpp";
		};
		9DB3DD6E6A0EBB64D2C665C8 = {
			fileRef = "9765C36EC11F896148EF7083";
			isa = PBXBuildFile;
			settings = {
				ATTRIBUTES = (
					);
			};
		};
		7F120AAB6E3805922E2257B0 = {
			isa = PBXFileReference;
			path = "/Users/asif/Documents/graphics/CS472.skel/geometry/Sphere.cpp";
			name = "Sphere.cpp";
			sourceTree = "<absolute>";
			lastKnownFileType = "sourcecode.cpp.cpp";
		};
		693015D5E843907909A10144 = {
			fileRef = "7F120AAB6E3805922E2257B0";
			isa = PBXBuildFile;
			settings = {
				ATTRIBUTES = (
					);
			};
		};
		BE2CB4E875A1E872B37F64F9 = {
			isa = PBXFileReference;
			path = "/Users/asif/Documents/graphics/CS472.skel/geometry/Cylinder.cpp";
			name = "Cylinder.cpp";
			sourceTree = "<absolute>";
			lastKnownFileType = "sourcecode.cpp.cpp";
		};
		493C7ACA2D1F1923A221B1D5 = {
			fileRef = "BE2CB4E875A1E872B37F64F9";
			isa = PBXBuildFile;
			settings = {
				ATTRIBUTES = (
					);
			};
		};
		078F75C969F1033B7B46B75A = {
			isa = PBXFileReference;
			path = "/Users/asif/Documents/graphics/CS472.skel/geometry/Cone.cpp";
			name = "Cone.cpp";
			sourceTree = "<absolute>";
			lastKnownFileType = "sourcecode.cpp.cpp";
		};
		AA0A6FA46A13387DE56CA9E4 = {
			fileRef = "078F75C969F1033B7B46B75A";
			isa = PBXBuildFile;
			settings = {
				ATTRIBUTES = (
					);
			};
		};
		134521FFB1F8687B829C236D = {
			isa = PBXFileReference;
			path = "/Users/asif/Documents/graphics/CS472.skel/geometry/Scene.cpp";
			name = "Scene.cpp";
			sourceTree = "<absolute>";
			lastKnownFileType = "sourcecode.cpp.cpp";
		};
		F5341C7D290D22A91351CB11 = {
			fileRef = "134521FFB1F8687B829C236D";
			isa = PBXBuildFile;
			settings = {
				ATTRIBUTES = (
					);
			};
		};
		1E287C450D1F2BC746B18649 = {
			isa = PBXFileReference;
			path = "/Users/asif/Documents/graphics/CS472.skel/lighting/Light.cpp";
			name = "Light.cpp";
			sourceTree = "<absolute>";
			lastKnownFileType = "sourcecode.cpp.cpp";
		};
		58814E58119DF436B124498F = {
			fileRef = "1E287C450D1F2BC746B18649";
			isa = PBXBuildFile;
			settings = {
				ATTRIBUTES = (
					);
			};
		};
		E66E2C41C904F74D83D90D3D = {
			isa = PBXFileReference;
			path = "/Users/asif/Documents/graphics/CS472.skel/camera/Camera.cpp";
			name = "Camera.cpp";
			sourceTree = "<absolute>";
			lastKnownFileType = "sourcecode.cpp.cpp";
		};
		4E25379ECD2CD652D47B5714 = {
			fileRef = "E66E2C41C904F74D83D90D3D";
			isa = PBXBuildFile;
			settings = {
				ATTRIBUTES = (
					);
			};
		};
		64D1DBFDB8634F9F1D22D51E = {
			isa = PBXFileReference;
			path = "/Users/asif/Documents/graphics/CS472.skel/CS472.icns";
			name = "CS472.icns";
			sourceTree = "<absolute>";
		};
		8CDF88BF38B0D9C730613E45 = {
			fileRef = "64D1DBFDB8634F9F1D22D51E";
			isa = PBXBuildFile;
			settings = {
				ATTRIBUTES = (
					);
			};
		};
		179EF304369CF41F2FBF5219 = {
			isa = PBXFileReference;
			path = "/Users/asif/Documents/graphics/CS472.skel/qrc_CS472.cpp";
			name = "qrc_CS472.cpp";
			sourceTree = "<absolute>";
			lastKnownFileType = "sourcecode.cpp.cpp";
		};
		945EC3F8EB427095E3B6621F = {
			fileRef = "179EF304369CF41F2FBF5219";
			isa = PBXBuildFile;
			settings = {
				ATTRIBUTES = (
					);
			};
		};
		602EB94F4FB006FD1531B479 = {
			isa = PBXFileReference;
			path = "/Users/asif/Documents/graphics/CS472.skel/moc_MainWindow.cpp";
			name = "moc_MainWindow.cpp";
			sourceTree = "<absolute>";
			lastKnownFileType = "sourcecode.cpp.cpp";
		};
		0E101E2850BB1BA0C7EDB4A7 = {
			fileRef = "602EB94F4FB006FD1531B479";
			isa = PBXBuildFile;
			settings = {
				ATTRIBUTES = (
					);
			};
		};
		CC66F13BB1282AF5D21E6243 = {
			isa = PBXFileReference;
			path = "/Users/asif/Documents/graphics/CS472.skel/moc_dummy.cpp";
			name = "moc_dummy.cpp";
			sourceTree = "<absolute>";
			lastKnownFileType = "sourcecode.cpp.cpp";
		};
		4DA9B116D14128CBDCB65EB6 = {
			fileRef = "CC66F13BB1282AF5D21E6243";
			isa = PBXBuildFile;
			settings = {
				ATTRIBUTES = (
					);
			};
		};
		EB2FFEFC14F3834FCD7A241E = {
			isa = PBXFileReference;
			path = "/Users/asif/Documents/graphics/CS472.skel/moc_HW0a.cpp";
			name = "moc_HW0a.cpp";
			sourceTree = "<absolute>";
			lastKnownFileType = "sourcecode.cpp.cpp";
		};
		F41020C01ED5367AB36542E4 = {
			fileRef = "EB2FFEFC14F3834FCD7A241E";
			isa = PBXBuildFile;
			settings = {
				ATTRIBUTES = (
					);
			};
		};
		DC122A2A92A774B595703DE8 = {
			isa = PBXFileReference;
			path = "/Users/asif/Documents/graphics/CS472.skel/moc_HW0b.cpp";
			name = "moc_HW0b.cpp";
			sourceTree = "<absolute>";
			lastKnownFileType = "sourcecode.cpp.cpp";
		};
		C3FEFDA5E456DCEABDFA2D2E = {
			fileRef = "DC122A2A92A774B595703DE8";
			isa = PBXBuildFile;
			settings = {
				ATTRIBUTES = (
					);
			};
		};
		F7A9A869B83B4D39C6DA5004 = {
			isa = PBXFileReference;
			path = "/Users/asif/Documents/graphics/CS472.skel/moc_HW0c.cpp";
			name = "moc_HW0c.cpp";
			sourceTree = "<absolute>";
			lastKnownFileType = "sourcecode.cpp.cpp";
		};
		6AD9DC51162E8C0579B9E35D = {
			fileRef = "F7A9A869B83B4D39C6DA5004";
			isa = PBXBuildFile;
			settings = {
				ATTRIBUTES = (
					);
			};
		};
		B246502C12C16C8A670DCDBC = {
			isa = PBXFileReference;
			path = "/Users/asif/Documents/graphics/CS472.skel/moc_HW1a.cpp";
			name = "moc_HW1a.cpp";
			sourceTree = "<absolute>";
			lastKnownFileType = "sourcecode.cpp.cpp";
		};
		2DD6CCA9F6ACF7EE96F37B90 = {
			fileRef = "B246502C12C16C8A670DCDBC";
			isa = PBXBuildFile;
			settings = {
				ATTRIBUTES = (
					);
			};
		};
		180EA1E373CF932CF5E74B31 = {
			isa = PBXFileReference;
			path = "/Users/asif/Documents/graphics/CS472.skel/moc_HW1b.cpp";
			name = "moc_HW1b.cpp";
			sourceTree = "<absolute>";
			lastKnownFileType = "sourcecode.cpp.cpp";
		};
		D8C39300DAD2BD97172595DC = {
			fileRef = "180EA1E373CF932CF5E74B31";
			isa = PBXBuildFile;
			settings = {
				ATTRIBUTES = (
					);
			};
		};
		404A1AA8B3054F244BA80DC4 = {
			isa = PBXFileReference;
			path = "/Users/asif/Documents/graphics/CS472.skel/moc_HW2a.cpp";
			name = "moc_HW2a.cpp";
			sourceTree = "<absolute>";
			lastKnownFileType = "sourcecode.cpp.cpp";
		};
		F93FAF060E852521EDC9326A = {
			fileRef = "404A1AA8B3054F244BA80DC4";
			isa = PBXBuildFile;
			settings = {
				ATTRIBUTES = (
					);
			};
		};
		4545B13D1265A7F7E7013680 = {
			isa = PBXFileReference;
			path = "/Users/asif/Documents/graphics/CS472.skel/moc_HW2b.cpp";
			name = "moc_HW2b.cpp";
			sourceTree = "<absolute>";
			lastKnownFileType = "sourcecode.cpp.cpp";
		};
		5352AB24D4C2FBF5D3AE0FA5 = {
			fileRef = "4545B13D1265A7F7E7013680";
			isa = PBXBuildFile;
			settings = {
				ATTRIBUTES = (
					);
			};
		};
		3941B1EDB39684DBD651C02F = {
			isa = PBXFileReference;
			path = "/Users/asif/Documents/graphics/CS472.skel/MainWindow.h";
			name = "MainWindow.h";
			sourceTree = "<absolute>";
			lastKnownFileType = "sourcecode.c.h";
		};
		2FC0FBA423DF5DF2AD8E4751 = {
			isa = PBXFileReference;
			path = "/Users/asif/Documents/graphics/CS472.skel/HW.h";
			name = "HW.h";
			sourceTree = "<absolute>";
			lastKnownFileType = "sourcecode.c.h";
		};
		2ACE50C9B901B0B49C600ACB = {
			isa = PBXFileReference;
			path = "/Users/asif/Documents/graphics/CS472.skel/dummy.h";
			name = "dummy.h";
			sourceTree = "<absolute>";
			lastKnownFileType = "sourcecode.c.h";
		};
		0889B56CCD46AAF5CFB936C1 = {
			isa = PBXFileReference;
			path = "/Users/asif/Documents/graphics/CS472.skel/hw0/HW0a.h";
			name = "HW0a.h";
			sourceTree = "<absolute>";
			lastKnownFileType = "sourcecode.c.h";
		};
		50FBC2334F0982150F6898A9 = {
			isa = PBXFileReference;
			path = "/Users/asif/Documents/graphics/CS472.skel/hw0/HW0b.h";
			name = "HW0b.h";
			sourceTree = "<absolute>";
			lastKnownFileType = "sourcecode.c.h";
		};
		D399813EC2CDB504ABA17E61 = {
			isa = PBXFileReference;
			path = "/Users/asif/Documents/graphics/CS472.skel/hw0/HW0c.h";
			name = "HW0c.h";
			sourceTree = "<absolute>";
			lastKnownFileType = "sourcecode.c.h";
		};
		02130F6537A28061927CD348 = {
			isa = PBXFileReference;
			path = "/Users/asif/Documents/graphics/CS472.skel/hw1/HW1a.h";
			name = "HW1a.h";
			sourceTree = "<absolute>";
			lastKnownFileType = "sourcecode.c.h";
		};
		D4A7E1EFBB165A1B0DE9C8A3 = {
			isa = PBXFileReference;
			path = "/Users/asif/Documents/graphics/CS472.skel/hw1/HW1b.h";
			name = "HW1b.h";
			sourceTree = "<absolute>";
			lastKnownFileType = "sourcecode.c.h";
		};
		3FDEFD70E1E2F6A2E442ABEE = {
			isa = PBXFileReference;
			path = "/Users/asif/Documents/graphics/CS472.skel/hw2/HW2a.h";
			name = "HW2a.h";
			sourceTree = "<absolute>";
			lastKnownFileType = "sourcecode.c.h";
		};
		89D562F7B1FB4375D701941C = {
			isa = PBXFileReference;
			path = "/Users/asif/Documents/graphics/CS472.skel/hw2/HW2b.h";
			name = "HW2b.h";
			sourceTree = "<absolute>";
			lastKnownFileType = "sourcecode.c.h";
		};
		DA93AB385640B1CFCEB2E754 = {
			isa = PBXFileReference;
			path = "/Users/asif/Documents/graphics/CS472.skel/geometry/Geometry.h";
			name = "Geometry.h";
			sourceTree = "<absolute>";
			lastKnownFileType = "sourcecode.c.h";
		};
		E1825931611AC19331CEB0E0 = {
			isa = PBXFileReference;
			path = "/Users/asif/Documents/graphics/CS472.skel/geometry/Cube.h";
			name = "Cube.h";
			sourceTree = "<absolute>";
			lastKnownFileType = "sourcecode.c.h";
		};
		9A5BD990604E1E83EF6E92D9 = {
			isa = PBXFileReference;
			path = "/Users/asif/Documents/graphics/CS472.skel/geometry/Sphere.h";
			name = "Sphere.h";
			sourceTree = "<absolute>";
			lastKnownFileType = "sourcecode.c.h";
		};
		F2B4F469214821B335B543FE = {
			isa = PBXFileReference;
			path = "/Users/asif/Documents/graphics/CS472.skel/geometry/Cylinder.h";
			name = "Cylinder.h";
			sourceTree = "<absolute>";
			lastKnownFileType = "sourcecode.c.h";
		};
		20DA0F089298957ADFADBADA = {
			isa = PBXFileReference;
			path = "/Users/asif/Documents/graphics/CS472.skel/geometry/Cone.h";
			name = "Cone.h";
			sourceTree = "<absolute>";
			lastKnownFileType = "sourcecode.c.h";
		};
		F26B370EA942A8EF6517B5B6 = {
			isa = PBXFileReference;
			path = "/Users/asif/Documents/graphics/CS472.skel/geometry/Scene.h";
			name = "Scene.h";
			sourceTree = "<absolute>";
			lastKnownFileType = "sourcecode.c.h";
		};
		80E78775EC63506F46EEE7F8 = {
			isa = PBXFileReference;
			path = "/Users/asif/Documents/graphics/CS472.skel/lighting/Light.h";
			name = "Light.h";
			sourceTree = "<absolute>";
			lastKnownFileType = "sourcecode.c.h";
		};
		61D9C8A134125E408CF79C08 = {
			isa = PBXFileReference;
			path = "/Users/asif/Documents/graphics/CS472.skel/camera/Camera.h";
			name = "Camera.h";
			sourceTree = "<absolute>";
			lastKnownFileType = "sourcecode.c.h";
		};
		7C56F3F32B2CA62104C9C344 = {
			isa = PBXFileReference;
			path = "/Users/asif/Documents/graphics/CS472.skel/CS472.pro";
			name = "CS472.pro";
			sourceTree = "<absolute>";
			lastKnownFileType = "text";
		};
		FF190C06A0F0BF6B1FA3BE13 = {
			isa = PBXFileReference;
			path = "/Users/asif/Documents/graphics/CS472.skel/.qmake.stash";
			name = ".qmake.stash";
			sourceTree = "<absolute>";
		};
		ED89AC667B2671BFCC567ECF = {
			isa = PBXFileReference;
			path = "/Users/asif/Documents/graphics/CS472.skel/CS472.qrc";
			name = "CS472.qrc";
			sourceTree = "<absolute>";
			lastKnownFileType = "text";
		};
		ED89AC667B2671BFCC567ECF = {
			isa = PBXFileReference;
			path = "/Users/asif/Documents/graphics/CS472.skel/CS472.qrc";
			name = "CS472.qrc";
			sourceTree = "<absolute>";
			lastKnownFileType = "text";
		};
		31A887A5ECE3294984C39E3B = {
			fileRef = "ED89AC667B2671BFCC567ECF";
			isa = PBXBuildFile;
			settings = {
				ATTRIBUTES = (
					);
			};
		};
		25B08E2869634E9BCBA333A2 = {
			isa = PBXGroup;
			children = (
				"179EF304369CF41F2FBF5219",
				"602EB94F4FB006FD1531B479",
				"CC66F13BB1282AF5D21E6243",
				"EB2FFEFC14F3834FCD7A241E",
				"DC122A2A92A774B595703DE8",
				"F7A9A869B83B4D39C6DA5004",
				"B246502C12C16C8A670DCDBC",
				"180EA1E373CF932CF5E74B31",
				"404A1AA8B3054F244BA80DC4",
				"4545B13D1265A7F7E7013680");
			name = "Generated Sources";
			sourceTree = "<group>";
		};
		FF8C409087E1FACCA055498B = {
			isa = PBXGroup;
			children = (
				"E66E2C41C904F74D83D90D3D",
				"61D9C8A134125E408CF79C08");
			name = "camera";
			sourceTree = "<group>";
		};
		24318BA31F631EB3F0026335 = {
			isa = PBXGroup;
			children = (
				"9765C36EC11F896148EF7083",
				"7F120AAB6E3805922E2257B0",
				"BE2CB4E875A1E872B37F64F9",
				"078F75C969F1033B7B46B75A",
				"134521FFB1F8687B829C236D",
				"DA93AB385640B1CFCEB2E754",
				"E1825931611AC19331CEB0E0",
				"9A5BD990604E1E83EF6E92D9",
				"F2B4F469214821B335B543FE",
				"20DA0F089298957ADFADBADA",
				"F26B370EA942A8EF6517B5B6");
			name = "geometry";
			sourceTree = "<group>";
		};
		5B4C135899C5C2F6FFFD7ADB = {
			isa = PBXGroup;
			children = (
				"414792D1F21E21FB1EA59746",
				"03D789074CADA778179599E7",
				"1EECCF6DB32A487157FD2E4D",
				"0889B56CCD46AAF5CFB936C1",
				"50FBC2334F0982150F6898A9",
				"D399813EC2CDB504ABA17E61");
			name = "hw0";
			sourceTree = "<group>";
		};
		3C77C658827F4A07ABF9D58B = {
			isa = PBXGroup;
			children = (
				"A609FF5F664F91287228EFB3",
				"DEE52341752DF7280BB8FC91",
				"02130F6537A28061927CD348",
				"D4A7E1EFBB165A1B0DE9C8A3");
			name = "hw1";
			sourceTree = "<group>";
		};
		8D1A7173215F622A1D3A66B1 = {
			isa = PBXGroup;
			children = (
				"AB9B1E4345101479DE0F6280",
				"F94DEBC4F1FDC3F17CE6691A",
				"3FDEFD70E1E2F6A2E442ABEE",
				"89D562F7B1FB4375D701941C");
			name = "hw2";
			sourceTree = "<group>";
		};
		2156C9B67EB6B3918607349C = {
			isa = PBXGroup;
			children = (
				"1E287C450D1F2BC746B18649",
				"80E78775EC63506F46EEE7F8");
			name = "lighting";
			sourceTree = "<group>";
		};
		87DF60DE337FB58864343E39 = {
			isa = PBXGroup;
			children = (
				"ED89AC667B2671BFCC567ECF");
			name = "Resources";
			sourceTree = "<group>";
		};
		2EB56BE3C2D93CDAB0C52E67 = {
			isa = PBXGroup;
			children = (
				"82E06193BAA6F1F8AE0422D9",
				"81C47C815EEE965D5D12FB57",
				"7E3D149FC3AE854649EB3DDF",
				"55CA059AA7BDDC63FDAF0C30",
				"5B4C135899C5C2F6FFFD7ADB",
				"3C77C658827F4A07ABF9D58B",
				"8D1A7173215F622A1D3A66B1",
				"24318BA31F631EB3F0026335",
				"2156C9B67EB6B3918607349C",
				"FF8C409087E1FACCA055498B",
				"64D1DBFDB8634F9F1D22D51E",
				"3941B1EDB39684DBD651C02F",
				"2FC0FBA423DF5DF2AD8E4751",
				"2ACE50C9B901B0B49C600ACB");
			name = "Sources";
			sourceTree = "<group>";
		};
		74B182DB50CB5611B5C1C297 = {
			isa = PBXGroup;
			children = (
				"7C56F3F32B2CA62104C9C344",
				"FF190C06A0F0BF6B1FA3BE13",
				"ED89AC667B2671BFCC567ECF");
			name = "Supporting Files";
			sourceTree = "<group>";
		};
		7EF0942E79C014DCEC8976BC = {
			buildActionMask = 2147483647;
			files = (
				);
			isa = PBXShellScriptBuildPhase;
			runOnlyForDeploymentPostprocessing = 0;
			name = "Qt Preprocessors";
			shellPath = "/bin/sh";
			shellScript = "make -C /Users/asif/Documents/graphics/CS472.skel/ -f CS472.xcodeproj/qt_preprocess.mak";
			showEnvVarsInLog = "0";
		};
		F7E50F631C51CD5B5DC0BC43 = {
			buildActionMask = 2147483647;
			files = (
				"52AF7812E684A4EC092D9602",
				"4429FBBFBB787ABBBA1D86EA",
				"D9B83C8244F4D17DBCACAAE8",
				"D0635B0B68C9D501B0A98703",
				"D0DEA206A28B2934C7E1C1D5",
				"EC9021944A20B0273B233162",
				"F90157E2CB391A8EC1DF36DC",
				"E6DCFE36C808EB11A8A6D5FC",
				"1248F15E4DFD99BFF2710CBD",
				"1BDA8E5580BD26299CD1E31A",
				"1F04CDC668CDF0C78EA2065D",
				"9DB3DD6E6A0EBB64D2C665C8",
				"693015D5E843907909A10144",
				"493C7ACA2D1F1923A221B1D5",
				"AA0A6FA46A13387DE56CA9E4",
				"F5341C7D290D22A91351CB11",
				"58814E58119DF436B124498F",
				"4E25379ECD2CD652D47B5714",
				"945EC3F8EB427095E3B6621F",
				"0E101E2850BB1BA0C7EDB4A7",
				"4DA9B116D14128CBDCB65EB6",
				"F41020C01ED5367AB36542E4",
				"C3FEFDA5E456DCEABDFA2D2E",
				"6AD9DC51162E8C0579B9E35D",
				"2DD6CCA9F6ACF7EE96F37B90",
				"D8C39300DAD2BD97172595DC",
				"F93FAF060E852521EDC9326A",
				"5352AB24D4C2FBF5D3AE0FA5");
			isa = PBXSourcesBuildPhase;
			runOnlyForDeploymentPostprocessing = 0;
			name = "Compile Sources";
		};
		3BBC1A4742B728BC22924A0F = {
			isa = PBXFileReference;
			name = "QtOpenGL.framework";
			path = "/Users/asif/Qt5.7.1/5.7/clang_64/lib/QtOpenGL.framework";
			refType = 0;
			sourceTree = "<absolute>";
			lastKnownFileType = "wrapper.framework";
		};
		5B4F2D4402C46D1F457F7B14 = {
			fileRef = "3BBC1A4742B728BC22924A0F";
			isa = PBXBuildFile;
			settings = {
			};
		};
		6AB7F6F6A21E22DBFFE3823E = {
			isa = PBXFileReference;
			name = "QtWidgets.framework";
			path = "/Users/asif/Qt5.7.1/5.7/clang_64/lib/QtWidgets.framework";
			refType = 0;
			sourceTree = "<absolute>";
			lastKnownFileType = "wrapper.framework";
		};
		6D63BBA8F4009E5582604225 = {
			fileRef = "6AB7F6F6A21E22DBFFE3823E";
			isa = PBXBuildFile;
			settings = {
			};
		};
		DA78C54300C11FC5242BE879 = {
			isa = PBXFileReference;
			name = "QtGui.framework";
			path = "/Users/asif/Qt5.7.1/5.7/clang_64/lib/QtGui.framework";
			refType = 0;
			sourceTree = "<absolute>";
			lastKnownFileType = "wrapper.framework";
		};
		175D50C4B4BDD37B480096A9 = {
			fileRef = "DA78C54300C11FC5242BE879";
			isa = PBXBuildFile;
			settings = {
			};
		};
		6001D14E4BF30180CECA5BCD = {
			isa = PBXFileReference;
			name = "QtCore.framework";
			path = "/Users/asif/Qt5.7.1/5.7/clang_64/lib/QtCore.framework";
			refType = 0;
			sourceTree = "<absolute>";
			lastKnownFileType = "wrapper.framework";
		};
		F68C2FC2B698C2F4F0AC2D72 = {
			fileRef = "6001D14E4BF30180CECA5BCD";
			isa = PBXBuildFile;
			settings = {
			};
		};
		2B774D8E4178765CE52EAAF5 = {
			isa = PBXFileReference;
			name = "DiskArbitration.framework";
			path = "/System/Library/Frameworks/DiskArbitration.framework";
			refType = 0;
			sourceTree = "<absolute>";
			lastKnownFileType = "wrapper.framework";
		};
		A99B2AA0F9CBBDD12BA126A4 = {
			fileRef = "2B774D8E4178765CE52EAAF5";
			isa = PBXBuildFile;
			settings = {
			};
		};
		A1A67BEAA744704B29168D39 = {
			isa = PBXFileReference;
			name = "IOKit.framework";
			path = "/System/Library/Frameworks/IOKit.framework";
			refType = 0;
			sourceTree = "<absolute>";
			lastKnownFileType = "wrapper.framework";
		};
		8D267F2E4776F0ECA2F49DC8 = {
			fileRef = "A1A67BEAA744704B29168D39";
			isa = PBXBuildFile;
			settings = {
			};
		};
		D4B32C2222F82AC56BADEB21 = {
			isa = PBXFileReference;
			name = "OpenGL.framework";
			path = "/System/Library/Frameworks/OpenGL.framework";
			refType = 0;
			sourceTree = "<absolute>";
			lastKnownFileType = "wrapper.framework";
		};
		8771A8C96E9C391044035D99 = {
			fileRef = "D4B32C2222F82AC56BADEB21";
			isa = PBXBuildFile;
			settings = {
			};
		};
		8D9815BDB5BD9F90D2BC05C5 = {
			isa = PBXFileReference;
			name = "AGL.framework";
			path = "/System/Library/Frameworks/AGL.framework";
			refType = 0;
			sourceTree = "<absolute>";
			lastKnownFileType = "wrapper.framework";
		};
		E45E51A644D5FC9F942ECE55 = {
			fileRef = "8D9815BDB5BD9F90D2BC05C5";
			isa = PBXBuildFile;
			settings = {
			};
		};
		AF39DD055C3EF8226FBE929D = {
			children = (
				"3BBC1A4742B728BC22924A0F",
				"6AB7F6F6A21E22DBFFE3823E",
				"DA78C54300C11FC5242BE879",
				"6001D14E4BF30180CECA5BCD",
				"2B774D8E4178765CE52EAAF5",
				"A1A67BEAA744704B29168D39",
				"D4B32C2222F82AC56BADEB21",
				"8D9815BDB5BD9F90D2BC05C5");
			isa = PBXGroup;
			name = "Frameworks";
			sourceTree = "<group>";
		};
		D1C883685E82D5676953459A = {
			buildActionMask = 2147483647;
			files = (
				"5B4F2D4402C46D1F457F7B14",
				"6D63BBA8F4009E5582604225",
				"175D50C4B4BDD37B480096A9",
				"F68C2FC2B698C2F4F0AC2D72",
				"A99B2AA0F9CBBDD12BA126A4",
				"8D267F2E4776F0ECA2F49DC8",
				"8771A8C96E9C391044035D99",
				"E45E51A644D5FC9F942ECE55");
			isa = PBXFrameworksBuildPhase;
			runOnlyForDeploymentPostprocessing = 0;
			name = "Link Binary With Libraries";
		};
		30414803F31797EB689AE508 = {
			buildActionMask = 2147483647;
			files = (
				"CCBCB35F6D53BA33263BDA52");
			isa = PBXResourcesBuildPhase;
			runOnlyForDeploymentPostprocessing = 0;
			name = "Copy Bundle Resources";
		};
		01F00D759DA3D6270C5E27FD = {
			isa = PBXFileReference;
			includeInIndex = 0;
			explicitFileType = "wrapper.application";
			path = "CS472.app";
			sourceTree = BUILT_PRODUCTS_DIR;
		};
		FE0A091FDBFB3E9C31B7A1BD = {
			children = (
				"01F00D759DA3D6270C5E27FD");
			isa = PBXGroup;
			name = "Products";
			sourceTree = "<group>";
		};
		E8C543AB96796ECAA2E65C57 = {
			children = (
				"2EB56BE3C2D93CDAB0C52E67",
				"25B08E2869634E9BCBA333A2",
				"74B182DB50CB5611B5C1C297",
				"87DF60DE337FB58864343E39",
				"AF39DD055C3EF8226FBE929D",
				"FE0A091FDBFB3E9C31B7A1BD");
			isa = PBXGroup;
			name = "CS472";
			sourceTree = "<group>";
		};
		CA933BBD5AC6B627139BBB61 = {
			buildPhases = (
				"5E618435888B9D49F8540165",
				"7EF0942E79C014DCEC8976BC");
			dependencies = (
				);
			buildConfigurationList = 6CC3B5D2136C7CD6A5CF5A59;
			isa = PBXAggregateTarget;
			buildRules = (
);
			productName = "Qt Preprocess";
			name = "Qt Preprocess";
		};
		E06955EEC979F21AE5CA08BE = {
			isa = PBXTargetDependency;
			target = "CA933BBD5AC6B627139BBB61";
		};
		FBD8EAAC580C0363890BAE33 = {
			buildPhases = (
				"F7E50F631C51CD5B5DC0BC43",
				"D1C883685E82D5676953459A",
				"30414803F31797EB689AE508");
			dependencies = (
				"E06955EEC979F21AE5CA08BE");
			productReference = "01F00D759DA3D6270C5E27FD";
			buildConfigurationList = 6CC3B5D2136C7CD6A5CF5A59;
			isa = PBXNativeTarget;
			buildRules = (
);
			productType = "com.apple.product-type.application";
			name = "CS472";
			productName = "CS472";
		};
		3AA6C32AC930069E80220CF1 = {
			isa = XCBuildConfiguration;
			buildSettings = {
				COPY_PHASE_STRIP = "NO";
				ENABLE_BITCODE = "NO";
				GCC_GENERATE_DEBUGGING_SYMBOLS = "YES";
				GCC_OPTIMIZATION_LEVEL = "0";
				PRODUCT_NAME = "CS472";
				QT_LIBRARY_SUFFIX = "_debug";
				SDKROOT = "macosx";
				GCC_VERSION = com.apple.compilers.llvm.clang.1_0;
				CC = "/Applications/Xcode.app/Contents/Developer/Toolchains/XcodeDefault.xctoolchain/usr/bin/clang";
				LDPLUSPLUS = "/Applications/Xcode.app/Contents/Developer/Toolchains/XcodeDefault.xctoolchain/usr/bin/clang++";
				INFOPLIST_FILE = "Info.plist";
				SYMROOT = "/Users/asif/Documents/graphics/CS472.skel/";
				DYLIB_CURRENT_VERSION = "1.0.0";
				DYLIB_COMPATIBILITY_VERSION = "1.0";
				MACOSX_DEPLOYMENT_TARGET = "10.9";
				HEADER_SEARCH_PATHS = (
					".",
					".",
					"geometry",
					"camera",
					"lighting",
					"../../../Qt5.7.1/5.7/clang_64/lib/QtOpenGL.framework/Headers",
					"../../../Qt5.7.1/5.7/clang_64/lib/QtWidgets.framework/Headers",
					"../../../Qt5.7.1/5.7/clang_64/lib/QtGui.framework/Headers",
					"../../../Qt5.7.1/5.7/clang_64/lib/QtCore.framework/Headers",
					".",
					"/Applications/Xcode.app/Contents/Developer/Platforms/MacOSX.platform/Developer/SDKs/MacOSX10.12.sdk/System/Library/Frameworks/OpenGL.framework/Headers",
					"/Applications/Xcode.app/Contents/Developer/Platforms/MacOSX.platform/Developer/SDKs/MacOSX10.12.sdk/System/Library/Frameworks/AGL.framework/Headers",
					"../../../Qt5.7.1/5.7/clang_64/mkspecs/macx-clang");
				LIBRARY_SEARCH_PATHS = (
					"/Users/asif/Qt5.7.1/5.7/clang_64/lib",
					"/System/Library/Frameworks/");
				FRAMEWORK_SEARCH_PATHS = (
					"/Users/asif/Qt5.7.1/5.7/clang_64/lib",
					"/Users/asif/Qt5.7.1/5.7/clang_64/lib");
				OTHER_CFLAGS = (
					"-pipe",
					"-O2",
					"-Wall",
					"-W",
					"-fPIC",
					"-DQT_NO_DEBUG",
					"-DQT_OPENGL_LIB",
					"-DQT_WIDGETS_LIB",
					"-DQT_GUI_LIB",
					"-DQT_CORE_LIB");
				OTHER_CPLUSPLUSFLAGS = (
					"-pipe",
					"-stdlib=libc++",
					"-mmacosx-version-min=10.9",
					"-O2",
					"-std=gnu++11",
					"-Wall",
					"-W",
					"-fPIC",
					"-DQT_NO_DEBUG",
					"-DQT_OPENGL_LIB",
					"-DQT_WIDGETS_LIB",
					"-DQT_GUI_LIB",
					"-DQT_CORE_LIB");
				OTHER_LDFLAGS = (
						"-headerpad_max_install_names",
						"-stdlib=libc++",
						"-Wl,-rpath,@executable_path/../Frameworks",
						"-mmacosx-version-min=10.9",
						"-Wl,-rpath,/Users/asif/Qt5.7.1/5.7/clang_64/lib",
						"-F/Users/asif/Qt5.7.1/5.7/clang_64/lib");
				ARCHS = "x86_64";
			};
			name = "Debug";
		};
		77418F46922677BB04ED38DD = {
			isa = XCBuildConfiguration;
			buildSettings = {
				COPY_PHASE_STRIP = "NO";
				ENABLE_BITCODE = "NO";
				GCC_GENERATE_DEBUGGING_SYMBOLS = "YES";
				GCC_OPTIMIZATION_LEVEL = "0";
				PRODUCT_NAME = "CS472";
				QT_LIBRARY_SUFFIX = "_debug";
				SDKROOT = "macosx";
				PRODUCT_NAME = "CS472";
			};
			name = "Debug";
		};
		339EE1B2CC4FC24589A0EA95 = {
			isa = XCBuildConfiguration;
			buildSettings = {
				COPY_PHASE_STRIP = "YES";
				ENABLE_BITCODE = "NO";
				GCC_GENERATE_DEBUGGING_SYMBOLS = "NO";
				PRODUCT_NAME = "CS472";
				QT_LIBRARY_SUFFIX = "";
				SDKROOT = "macosx";
				GCC_VERSION = com.apple.compilers.llvm.clang.1_0;
				CC = "/Applications/Xcode.app/Contents/Developer/Toolchains/XcodeDefault.xctoolchain/usr/bin/clang";
				LDPLUSPLUS = "/Applications/Xcode.app/Contents/Developer/Toolchains/XcodeDefault.xctoolchain/usr/bin/clang++";
				INFOPLIST_FILE = "Info.plist";
				SYMROOT = "/Users/asif/Documents/graphics/CS472.skel/";
				DYLIB_CURRENT_VERSION = "1.0.0";
				DYLIB_COMPATIBILITY_VERSION = "1.0";
				MACOSX_DEPLOYMENT_TARGET = "10.9";
				HEADER_SEARCH_PATHS = (
					".",
					".",
					"geometry",
					"camera",
					"lighting",
					"../../../Qt5.7.1/5.7/clang_64/lib/QtOpenGL.framework/Headers",
					"../../../Qt5.7.1/5.7/clang_64/lib/QtWidgets.framework/Headers",
					"../../../Qt5.7.1/5.7/clang_64/lib/QtGui.framework/Headers",
					"../../../Qt5.7.1/5.7/clang_64/lib/QtCore.framework/Headers",
					".",
					"/Applications/Xcode.app/Contents/Developer/Platforms/MacOSX.platform/Developer/SDKs/MacOSX10.12.sdk/System/Library/Frameworks/OpenGL.framework/Headers",
					"/Applications/Xcode.app/Contents/Developer/Platforms/MacOSX.platform/Developer/SDKs/MacOSX10.12.sdk/System/Library/Frameworks/AGL.framework/Headers",
					"../../../Qt5.7.1/5.7/clang_64/mkspecs/macx-clang");
				LIBRARY_SEARCH_PATHS = (
					"/Users/asif/Qt5.7.1/5.7/clang_64/lib",
					"/System/Library/Frameworks/");
				FRAMEWORK_SEARCH_PATHS = (
					"/Users/asif/Qt5.7.1/5.7/clang_64/lib",
					"/Users/asif/Qt5.7.1/5.7/clang_64/lib");
				OTHER_CFLAGS = (
					"-pipe",
					"-O2",
					"-Wall",
					"-W",
					"-fPIC",
					"-DQT_NO_DEBUG",
					"-DQT_OPENGL_LIB",
					"-DQT_WIDGETS_LIB",
					"-DQT_GUI_LIB",
					"-DQT_CORE_LIB");
				OTHER_CPLUSPLUSFLAGS = (
					"-pipe",
					"-stdlib=libc++",
					"-mmacosx-version-min=10.9",
					"-O2",
					"-std=gnu++11",
					"-Wall",
					"-W",
					"-fPIC",
					"-DQT_NO_DEBUG",
					"-DQT_OPENGL_LIB",
					"-DQT_WIDGETS_LIB",
					"-DQT_GUI_LIB",
					"-DQT_CORE_LIB");
				OTHER_LDFLAGS = (
						"-headerpad_max_install_names",
						"-stdlib=libc++",
						"-Wl,-rpath,@executable_path/../Frameworks",
						"-mmacosx-version-min=10.9",
						"-Wl,-rpath,/Users/asif/Qt5.7.1/5.7/clang_64/lib",
						"-F/Users/asif/Qt5.7.1/5.7/clang_64/lib");
				ARCHS = "x86_64";
			};
			name = "Release";
		};
		6666AA5E688052234F6758D8 = {
			isa = XCBuildConfiguration;
			buildSettings = {
				COPY_PHASE_STRIP = "YES";
				ENABLE_BITCODE = "NO";
				GCC_GENERATE_DEBUGGING_SYMBOLS = "NO";
				PRODUCT_NAME = "CS472";
				QT_LIBRARY_SUFFIX = "";
				SDKROOT = "macosx";
				PRODUCT_NAME = "CS472";
			};
			name = "Release";
		};
		DAC4C1AA5EDEA1C85E9CA5E6 = {
			isa = XCConfigurationList;
			buildConfigurations = (
				"3AA6C32AC930069E80220CF1",
				"339EE1B2CC4FC24589A0EA95");
			defaultConfigurationIsVisible = 0;
			defaultConfigurationName = "Release";
		};
		6CC3B5D2136C7CD6A5CF5A59 = {
			isa = XCConfigurationList;
			buildConfigurations = (
				"77418F46922677BB04ED38DD",
				"6666AA5E688052234F6758D8");
			defaultConfigurationIsVisible = 0;
			defaultConfigurationName = "Release";
		};
		6DB9C3763D02B1415CD9D565 = {
			hasScannedForEncodings = 1;
			compatibilityVersion = "Xcode 3.2";
			isa = PBXProject;
			mainGroup = "E8C543AB96796ECAA2E65C57";
			productRefGroup = "FE0A091FDBFB3E9C31B7A1BD";
			buildConfigurationList = "DAC4C1AA5EDEA1C85E9CA5E6";
			projectDirPath = "";
			projectRoot = "";
			targets = (
				"FBD8EAAC580C0363890BAE33",
				"CA933BBD5AC6B627139BBB61");
			attributes = {
				TargetAttributes = {
				};
			};
		};
	};
	rootObject = "6DB9C3763D02B1415CD9D565";
}
