// !$*UTF8*$!
{
	archiveVersion = 1;
	classes = {
	};
	objectVersion = 46;
	objects = {
		5E618435888B9D49F8540165 = {
			buildActionMask = 2147483647;
			files = (
				);
			isa = PBXShellScriptBuildPhase;
			runOnlyForDeploymentPostprocessing = 0;
			name = "Qt Qmake";
			shellPath = "/bin/sh";
			shellScript = "make -C /Users/Rahman/Documents/GitHub/graphics/hw3/CS472.skel/ -f CS472.xcodeproj/qt_makeqmake.mak";
			showEnvVarsInLog = "0";
		};
		8A8640232379E4A6A14FB4AA = {
			isa = PBXFileReference;
			path = "/Users/Rahman/Documents/GitHub/graphics/hw3/CS472.skel/main.cpp";
			name = "main.cpp";
			sourceTree = "<absolute>";
			lastKnownFileType = "sourcecode.cpp.cpp";
		};
		235843E2E59A90670F6670FF = {
			fileRef = "8A8640232379E4A6A14FB4AA";
			isa = PBXBuildFile;
			settings = {
				ATTRIBUTES = (
					);
			};
		};
		BF1B76F99E99C9C37BAF9BCA = {
			isa = PBXFileReference;
			path = "/Users/Rahman/Documents/GitHub/graphics/hw3/CS472.skel/MainWindow.cpp";
			name = "MainWindow.cpp";
			sourceTree = "<absolute>";
			lastKnownFileType = "sourcecode.cpp.cpp";
		};
		312D3F48FB0EDC45093E7E83 = {
			fileRef = "BF1B76F99E99C9C37BAF9BCA";
			isa = PBXBuildFile;
			settings = {
				ATTRIBUTES = (
					);
			};
		};
		FEAA7FA90BA35DE4878AAF8D = {
			isa = PBXFileReference;
			path = "/Users/Rahman/Documents/GitHub/graphics/hw3/CS472.skel/HW.cpp";
			name = "HW.cpp";
			sourceTree = "<absolute>";
			lastKnownFileType = "sourcecode.cpp.cpp";
		};
		D9FEFD96CB8297647205F55F = {
			fileRef = "FEAA7FA90BA35DE4878AAF8D";
			isa = PBXBuildFile;
			settings = {
				ATTRIBUTES = (
					);
			};
		};
		58B2ECF27C7F1E742981BCEA = {
			isa = PBXFileReference;
			path = "/Users/Rahman/Documents/GitHub/graphics/hw3/CS472.skel/dummy.cpp";
			name = "dummy.cpp";
			sourceTree = "<absolute>";
			lastKnownFileType = "sourcecode.cpp.cpp";
		};
		3CC90AB349501F45131F1E64 = {
			fileRef = "58B2ECF27C7F1E742981BCEA";
			isa = PBXBuildFile;
			settings = {
				ATTRIBUTES = (
					);
			};
		};
		75D67AE0A20ED0C742D5A911 = {
			isa = PBXFileReference;
			path = "/Users/Rahman/Documents/GitHub/graphics/hw3/CS472.skel/hw0/HW0a.cpp";
			name = "HW0a.cpp";
			sourceTree = "<absolute>";
			lastKnownFileType = "sourcecode.cpp.cpp";
		};
		305F53A895B2BD6DC918BF8C = {
			fileRef = "75D67AE0A20ED0C742D5A911";
			isa = PBXBuildFile;
			settings = {
				ATTRIBUTES = (
					);
			};
		};
		96BE259BFA98EEF4C253E69C = {
			isa = PBXFileReference;
			path = "/Users/Rahman/Documents/GitHub/graphics/hw3/CS472.skel/hw0/HW0b.cpp";
			name = "HW0b.cpp";
			sourceTree = "<absolute>";
			lastKnownFileType = "sourcecode.cpp.cpp";
		};
		54712738B3756843A436FAE5 = {
			fileRef = "96BE259BFA98EEF4C253E69C";
			isa = PBXBuildFile;
			settings = {
				ATTRIBUTES = (
					);
			};
		};
		EFAF1A97F6843D9FAB4C6087 = {
			isa = PBXFileReference;
			path = "/Users/Rahman/Documents/GitHub/graphics/hw3/CS472.skel/hw0/HW0c.cpp";
			name = "HW0c.cpp";
			sourceTree = "<absolute>";
			lastKnownFileType = "sourcecode.cpp.cpp";
		};
		BBA5631EA496A0B02A8B169A = {
			fileRef = "EFAF1A97F6843D9FAB4C6087";
			isa = PBXBuildFile;
			settings = {
				ATTRIBUTES = (
					);
			};
		};
		EEC48E60D4713A9FF8783C5A = {
			isa = PBXFileReference;
			path = "/Users/Rahman/Documents/GitHub/graphics/hw3/CS472.skel/hw1/HW1a.cpp";
			name = "HW1a.cpp";
			sourceTree = "<absolute>";
			lastKnownFileType = "sourcecode.cpp.cpp";
		};
		91AE7ACFBAC3E0E29DDAB2CE = {
			fileRef = "EEC48E60D4713A9FF8783C5A";
			isa = PBXBuildFile;
			settings = {
				ATTRIBUTES = (
					);
			};
		};
		77CA1F9FEAAE3BF47F3AD032 = {
			isa = PBXFileReference;
			path = "/Users/Rahman/Documents/GitHub/graphics/hw3/CS472.skel/hw1/HW1b.cpp";
			name = "HW1b.cpp";
			sourceTree = "<absolute>";
			lastKnownFileType = "sourcecode.cpp.cpp";
		};
		7E3209A9AB79AA29EE674487 = {
			fileRef = "77CA1F9FEAAE3BF47F3AD032";
			isa = PBXBuildFile;
			settings = {
				ATTRIBUTES = (
					);
			};
		};
		BA93ABBE065A57ECEB3D8B13 = {
			isa = PBXFileReference;
			path = "/Users/Rahman/Documents/GitHub/graphics/hw3/CS472.skel/hw2/HW2a.cpp";
			name = "HW2a.cpp";
			sourceTree = "<absolute>";
			lastKnownFileType = "sourcecode.cpp.cpp";
		};
		70672ED69F511BCB018A9922 = {
			fileRef = "BA93ABBE065A57ECEB3D8B13";
			isa = PBXBuildFile;
			settings = {
				ATTRIBUTES = (
					);
			};
		};
		5BEB3563888F8C1256B007F9 = {
			isa = PBXFileReference;
			path = "/Users/Rahman/Documents/GitHub/graphics/hw3/CS472.skel/hw2/HW2b.cpp";
			name = "HW2b.cpp";
			sourceTree = "<absolute>";
			lastKnownFileType = "sourcecode.cpp.cpp";
		};
		EF70E39193AF44457DBE0E97 = {
			fileRef = "5BEB3563888F8C1256B007F9";
			isa = PBXBuildFile;
			settings = {
				ATTRIBUTES = (
					);
			};
		};
		81DC98CBD6832CD5AA391A06 = {
			isa = PBXFileReference;
			path = "/Users/Rahman/Documents/GitHub/graphics/hw3/CS472.skel/hw3/HW3a.cpp";
			name = "HW3a.cpp";
			sourceTree = "<absolute>";
			lastKnownFileType = "sourcecode.cpp.cpp";
		};
		0E4559376778DAB79DB41C12 = {
			fileRef = "81DC98CBD6832CD5AA391A06";
			isa = PBXBuildFile;
			settings = {
				ATTRIBUTES = (
					);
			};
		};
		80CC8DFB79D978C257856C91 = {
			isa = PBXFileReference;
			path = "/Users/Rahman/Documents/GitHub/graphics/hw3/CS472.skel/hw3/HW3b.cpp";
			name = "HW3b.cpp";
			sourceTree = "<absolute>";
			lastKnownFileType = "sourcecode.cpp.cpp";
		};
		926A010694EF5646630ACB5A = {
			fileRef = "80CC8DFB79D978C257856C91";
			isa = PBXBuildFile;
			settings = {
				ATTRIBUTES = (
					);
			};
		};
		593291C2459118DA3D90D8D5 = {
			isa = PBXFileReference;
			path = "/Users/Rahman/Documents/GitHub/graphics/hw3/CS472.skel/geometry/Cube.cpp";
			name = "Cube.cpp";
			sourceTree = "<absolute>";
			lastKnownFileType = "sourcecode.cpp.cpp";
		};
		6F2A4A6F960735EB3C89CC17 = {
			fileRef = "593291C2459118DA3D90D8D5";
			isa = PBXBuildFile;
			settings = {
				ATTRIBUTES = (
					);
			};
		};
		BB9BAFCA8BD2D03FA0678CD4 = {
			isa = PBXFileReference;
			path = "/Users/Rahman/Documents/GitHub/graphics/hw3/CS472.skel/geometry/Sphere.cpp";
			name = "Sphere.cpp";
			sourceTree = "<absolute>";
			lastKnownFileType = "sourcecode.cpp.cpp";
		};
		9991D65C3E8F82782ECD6497 = {
			fileRef = "BB9BAFCA8BD2D03FA0678CD4";
			isa = PBXBuildFile;
			settings = {
				ATTRIBUTES = (
					);
			};
		};
		C216C218CF685D97852A43B2 = {
			isa = PBXFileReference;
			path = "/Users/Rahman/Documents/GitHub/graphics/hw3/CS472.skel/geometry/Cylinder.cpp";
			name = "Cylinder.cpp";
			sourceTree = "<absolute>";
			lastKnownFileType = "sourcecode.cpp.cpp";
		};
		7659E268E61A80C6D9417F45 = {
			fileRef = "C216C218CF685D97852A43B2";
			isa = PBXBuildFile;
			settings = {
				ATTRIBUTES = (
					);
			};
		};
		F90C77D09806A8E63913E4CE = {
			isa = PBXFileReference;
			path = "/Users/Rahman/Documents/GitHub/graphics/hw3/CS472.skel/geometry/Cone.cpp";
			name = "Cone.cpp";
			sourceTree = "<absolute>";
			lastKnownFileType = "sourcecode.cpp.cpp";
		};
		71D3D3525ED104ED34AF7DFB = {
			fileRef = "F90C77D09806A8E63913E4CE";
			isa = PBXBuildFile;
			settings = {
				ATTRIBUTES = (
					);
			};
		};
		3750B702DDE96C988A8F0760 = {
			isa = PBXFileReference;
			path = "/Users/Rahman/Documents/GitHub/graphics/hw3/CS472.skel/geometry/Scene.cpp";
			name = "Scene.cpp";
			sourceTree = "<absolute>";
			lastKnownFileType = "sourcecode.cpp.cpp";
		};
		84DB20330B3C36B193E6D34A = {
			fileRef = "3750B702DDE96C988A8F0760";
			isa = PBXBuildFile;
			settings = {
				ATTRIBUTES = (
					);
			};
		};
		805537695CA12A05EB8FC52E = {
			isa = PBXFileReference;
			path = "/Users/Rahman/Documents/GitHub/graphics/hw3/CS472.skel/lighting/Light.cpp";
			name = "Light.cpp";
			sourceTree = "<absolute>";
			lastKnownFileType = "sourcecode.cpp.cpp";
		};
		94ACF4F76BC5BA62AF67FC5E = {
			fileRef = "805537695CA12A05EB8FC52E";
			isa = PBXBuildFile;
			settings = {
				ATTRIBUTES = (
					);
			};
		};
		B0BD17172F02C1BF1EE27E21 = {
			isa = PBXFileReference;
			path = "/Users/Rahman/Documents/GitHub/graphics/hw3/CS472.skel/camera/Camera.cpp";
			name = "Camera.cpp";
			sourceTree = "<absolute>";
			lastKnownFileType = "sourcecode.cpp.cpp";
		};
		C4682243118AC3C826F2C8F2 = {
			fileRef = "B0BD17172F02C1BF1EE27E21";
			isa = PBXBuildFile;
			settings = {
				ATTRIBUTES = (
					);
			};
		};
		CFCEBF42E29A0BA336759124 = {
			isa = PBXFileReference;
			path = "/Users/Rahman/Documents/GitHub/graphics/hw3/CS472.skel/CS472.icns";
			name = "CS472.icns";
			sourceTree = "<absolute>";
		};
		CEC2C0D5F3C2257DD381CE68 = {
			fileRef = "CFCEBF42E29A0BA336759124";
			isa = PBXBuildFile;
			settings = {
				ATTRIBUTES = (
					);
			};
		};
		7A4C1BA37ADA393E9502C9FC = {
			isa = PBXFileReference;
			path = "/Users/Rahman/Documents/GitHub/graphics/hw3/CS472.skel/qrc_CS472.cpp";
			name = "qrc_CS472.cpp";
			sourceTree = "<absolute>";
			lastKnownFileType = "sourcecode.cpp.cpp";
		};
		90DF866E037551D44027AB6B = {
			fileRef = "7A4C1BA37ADA393E9502C9FC";
			isa = PBXBuildFile;
			settings = {
				ATTRIBUTES = (
					);
			};
		};
		6537C162ED36A3FACC22B392 = {
			isa = PBXFileReference;
			path = "/Users/Rahman/Documents/GitHub/graphics/hw3/CS472.skel/moc_MainWindow.cpp";
			name = "moc_MainWindow.cpp";
			sourceTree = "<absolute>";
			lastKnownFileType = "sourcecode.cpp.cpp";
		};
		BDB8DBAB4B9CB189C69623FE = {
			fileRef = "6537C162ED36A3FACC22B392";
			isa = PBXBuildFile;
			settings = {
				ATTRIBUTES = (
					);
			};
		};
		7FEC604B5DEA128CDA165EE3 = {
			isa = PBXFileReference;
			path = "/Users/Rahman/Documents/GitHub/graphics/hw3/CS472.skel/moc_dummy.cpp";
			name = "moc_dummy.cpp";
			sourceTree = "<absolute>";
			lastKnownFileType = "sourcecode.cpp.cpp";
		};
		69B115433D14B411403FA4D9 = {
			fileRef = "7FEC604B5DEA128CDA165EE3";
			isa = PBXBuildFile;
			settings = {
				ATTRIBUTES = (
					);
			};
		};
		D1E64E7724BA951EC56047EE = {
			isa = PBXFileReference;
			path = "/Users/Rahman/Documents/GitHub/graphics/hw3/CS472.skel/moc_HW0a.cpp";
			name = "moc_HW0a.cpp";
			sourceTree = "<absolute>";
			lastKnownFileType = "sourcecode.cpp.cpp";
		};
		0C6A3C2EF3BDBA5C9737F6D7 = {
			fileRef = "D1E64E7724BA951EC56047EE";
			isa = PBXBuildFile;
			settings = {
				ATTRIBUTES = (
					);
			};
		};
		2E116557107DF2CFB8672840 = {
			isa = PBXFileReference;
			path = "/Users/Rahman/Documents/GitHub/graphics/hw3/CS472.skel/moc_HW0b.cpp";
			name = "moc_HW0b.cpp";
			sourceTree = "<absolute>";
			lastKnownFileType = "sourcecode.cpp.cpp";
		};
		0915F121484070E4F0C9073F = {
			fileRef = "2E116557107DF2CFB8672840";
			isa = PBXBuildFile;
			settings = {
				ATTRIBUTES = (
					);
			};
		};
		8E7C0A4A41BBA1AA9CD60F2E = {
			isa = PBXFileReference;
			path = "/Users/Rahman/Documents/GitHub/graphics/hw3/CS472.skel/moc_HW0c.cpp";
			name = "moc_HW0c.cpp";
			sourceTree = "<absolute>";
			lastKnownFileType = "sourcecode.cpp.cpp";
		};
		8A84FC14C7F8D3EEBFF3441D = {
			fileRef = "8E7C0A4A41BBA1AA9CD60F2E";
			isa = PBXBuildFile;
			settings = {
				ATTRIBUTES = (
					);
			};
		};
		0D28FC811AFD99276F5FDA6A = {
			isa = PBXFileReference;
			path = "/Users/Rahman/Documents/GitHub/graphics/hw3/CS472.skel/moc_HW1a.cpp";
			name = "moc_HW1a.cpp";
			sourceTree = "<absolute>";
			lastKnownFileType = "sourcecode.cpp.cpp";
		};
		F4351AE69CA18E08F428354D = {
			fileRef = "0D28FC811AFD99276F5FDA6A";
			isa = PBXBuildFile;
			settings = {
				ATTRIBUTES = (
					);
			};
		};
		EA5CE42BAECE4E2A795A9C7D = {
			isa = PBXFileReference;
			path = "/Users/Rahman/Documents/GitHub/graphics/hw3/CS472.skel/moc_HW1b.cpp";
			name = "moc_HW1b.cpp";
			sourceTree = "<absolute>";
			lastKnownFileType = "sourcecode.cpp.cpp";
		};
		FE989FFF662DF86A2546E1F0 = {
			fileRef = "EA5CE42BAECE4E2A795A9C7D";
			isa = PBXBuildFile;
			settings = {
				ATTRIBUTES = (
					);
			};
		};
		BB8C85109225C8876DEB18D6 = {
			isa = PBXFileReference;
			path = "/Users/Rahman/Documents/GitHub/graphics/hw3/CS472.skel/moc_HW2a.cpp";
			name = "moc_HW2a.cpp";
			sourceTree = "<absolute>";
			lastKnownFileType = "sourcecode.cpp.cpp";
		};
		B95C24D36B4DDEDD8D94D75A = {
			fileRef = "BB8C85109225C8876DEB18D6";
			isa = PBXBuildFile;
			settings = {
				ATTRIBUTES = (
					);
			};
		};
		420A0C9D79BBCD11471820F5 = {
			isa = PBXFileReference;
			path = "/Users/Rahman/Documents/GitHub/graphics/hw3/CS472.skel/moc_HW2b.cpp";
			name = "moc_HW2b.cpp";
			sourceTree = "<absolute>";
			lastKnownFileType = "sourcecode.cpp.cpp";
		};
		6CB17754F9F5E907D34EC30F = {
			fileRef = "420A0C9D79BBCD11471820F5";
			isa = PBXBuildFile;
			settings = {
				ATTRIBUTES = (
					);
			};
		};
		2813A9C44CF17BF44CF7E804 = {
			isa = PBXFileReference;
			path = "/Users/Rahman/Documents/GitHub/graphics/hw3/CS472.skel/moc_HW3a.cpp";
			name = "moc_HW3a.cpp";
			sourceTree = "<absolute>";
			lastKnownFileType = "sourcecode.cpp.cpp";
		};
		0B6EC16C6D48DEF4A71E6599 = {
			fileRef = "2813A9C44CF17BF44CF7E804";
			isa = PBXBuildFile;
			settings = {
				ATTRIBUTES = (
					);
			};
		};
		AEC4538F9B3DF1AE4A60751B = {
			isa = PBXFileReference;
			path = "/Users/Rahman/Documents/GitHub/graphics/hw3/CS472.skel/moc_HW3b.cpp";
			name = "moc_HW3b.cpp";
			sourceTree = "<absolute>";
			lastKnownFileType = "sourcecode.cpp.cpp";
		};
		EA363A6486EB4FABDBD6B9A7 = {
			fileRef = "AEC4538F9B3DF1AE4A60751B";
			isa = PBXBuildFile;
			settings = {
				ATTRIBUTES = (
					);
			};
		};
		67F6AC9B81FD4AF910888671 = {
			isa = PBXFileReference;
			path = "/Users/Rahman/Documents/GitHub/graphics/hw3/CS472.skel/MainWindow.h";
			name = "MainWindow.h";
			sourceTree = "<absolute>";
			lastKnownFileType = "sourcecode.c.h";
		};
		EC7740513394BB7EB6BE6EC6 = {
			isa = PBXFileReference;
			path = "/Users/Rahman/Documents/GitHub/graphics/hw3/CS472.skel/HW.h";
			name = "HW.h";
			sourceTree = "<absolute>";
			lastKnownFileType = "sourcecode.c.h";
		};
		92F5B8CC7E68BC3AC93B579A = {
			isa = PBXFileReference;
			path = "/Users/Rahman/Documents/GitHub/graphics/hw3/CS472.skel/dummy.h";
			name = "dummy.h";
			sourceTree = "<absolute>";
			lastKnownFileType = "sourcecode.c.h";
		};
		982A3F26027926D50D1988B5 = {
			isa = PBXFileReference;
			path = "/Users/Rahman/Documents/GitHub/graphics/hw3/CS472.skel/hw0/HW0a.h";
			name = "HW0a.h";
			sourceTree = "<absolute>";
			lastKnownFileType = "sourcecode.c.h";
		};
		DE59FBB76CAB519A14998860 = {
			isa = PBXFileReference;
			path = "/Users/Rahman/Documents/GitHub/graphics/hw3/CS472.skel/hw0/HW0b.h";
			name = "HW0b.h";
			sourceTree = "<absolute>";
			lastKnownFileType = "sourcecode.c.h";
		};
		31EC08F4F541EEF0083D33C1 = {
			isa = PBXFileReference;
			path = "/Users/Rahman/Documents/GitHub/graphics/hw3/CS472.skel/hw0/HW0c.h";
			name = "HW0c.h";
			sourceTree = "<absolute>";
			lastKnownFileType = "sourcecode.c.h";
		};
		74EB1BB1700D4A67966A060C = {
			isa = PBXFileReference;
			path = "/Users/Rahman/Documents/GitHub/graphics/hw3/CS472.skel/hw1/HW1a.h";
			name = "HW1a.h";
			sourceTree = "<absolute>";
			lastKnownFileType = "sourcecode.c.h";
		};
		0C7A9C00B6235015B44C78EF = {
			isa = PBXFileReference;
			path = "/Users/Rahman/Documents/GitHub/graphics/hw3/CS472.skel/hw1/HW1b.h";
			name = "HW1b.h";
			sourceTree = "<absolute>";
			lastKnownFileType = "sourcecode.c.h";
		};
		D14680F59AAB692100366E89 = {
			isa = PBXFileReference;
			path = "/Users/Rahman/Documents/GitHub/graphics/hw3/CS472.skel/hw2/HW2a.h";
			name = "HW2a.h";
			sourceTree = "<absolute>";
			lastKnownFileType = "sourcecode.c.h";
		};
		AE9291EAD3338D02E39E42DA = {
			isa = PBXFileReference;
			path = "/Users/Rahman/Documents/GitHub/graphics/hw3/CS472.skel/hw2/HW2b.h";
			name = "HW2b.h";
			sourceTree = "<absolute>";
			lastKnownFileType = "sourcecode.c.h";
		};
		8DC65AB678481AC48F0F6F50 = {
			isa = PBXFileReference;
			path = "/Users/Rahman/Documents/GitHub/graphics/hw3/CS472.skel/hw3/HW3a.h";
			name = "HW3a.h";
			sourceTree = "<absolute>";
			lastKnownFileType = "sourcecode.c.h";
		};
		A7175991D8841D71F7FEC925 = {
			isa = PBXFileReference;
			path = "/Users/Rahman/Documents/GitHub/graphics/hw3/CS472.skel/hw3/HW3b.h";
			name = "HW3b.h";
			sourceTree = "<absolute>";
			lastKnownFileType = "sourcecode.c.h";
		};
		0B4EA3839119FD9B45987899 = {
			isa = PBXFileReference;
			path = "/Users/Rahman/Documents/GitHub/graphics/hw3/CS472.skel/geometry/Geometry.h";
			name = "Geometry.h";
			sourceTree = "<absolute>";
			lastKnownFileType = "sourcecode.c.h";
		};
		79D39E63255E3658EAF5BC06 = {
			isa = PBXFileReference;
			path = "/Users/Rahman/Documents/GitHub/graphics/hw3/CS472.skel/geometry/Cube.h";
			name = "Cube.h";
			sourceTree = "<absolute>";
			lastKnownFileType = "sourcecode.c.h";
		};
		72E9A3E48AF8A9B0F6BEC252 = {
			isa = PBXFileReference;
			path = "/Users/Rahman/Documents/GitHub/graphics/hw3/CS472.skel/geometry/Sphere.h";
			name = "Sphere.h";
			sourceTree = "<absolute>";
			lastKnownFileType = "sourcecode.c.h";
		};
		F2325EAFCC4AEC69178F88B6 = {
			isa = PBXFileReference;
			path = "/Users/Rahman/Documents/GitHub/graphics/hw3/CS472.skel/geometry/Cylinder.h";
			name = "Cylinder.h";
			sourceTree = "<absolute>";
			lastKnownFileType = "sourcecode.c.h";
		};
		39EA568418D70EA0B20F4819 = {
			isa = PBXFileReference;
			path = "/Users/Rahman/Documents/GitHub/graphics/hw3/CS472.skel/geometry/Cone.h";
			name = "Cone.h";
			sourceTree = "<absolute>";
			lastKnownFileType = "sourcecode.c.h";
		};
		DFCED43049A514073BEEAB4E = {
			isa = PBXFileReference;
			path = "/Users/Rahman/Documents/GitHub/graphics/hw3/CS472.skel/geometry/Scene.h";
			name = "Scene.h";
			sourceTree = "<absolute>";
			lastKnownFileType = "sourcecode.c.h";
		};
		C01AB20A9215597F79DA398A = {
			isa = PBXFileReference;
			path = "/Users/Rahman/Documents/GitHub/graphics/hw3/CS472.skel/lighting/Light.h";
			name = "Light.h";
			sourceTree = "<absolute>";
			lastKnownFileType = "sourcecode.c.h";
		};
		29BDF2F3E337F975A00344CE = {
			isa = PBXFileReference;
			path = "/Users/Rahman/Documents/GitHub/graphics/hw3/CS472.skel/camera/Camera.h";
			name = "Camera.h";
			sourceTree = "<absolute>";
			lastKnownFileType = "sourcecode.c.h";
		};
		51A2F34F05E929621A30FFDE = {
			isa = PBXFileReference;
			path = "/Users/Rahman/Documents/GitHub/graphics/hw3/CS472.skel/CS472.pro";
			name = "CS472.pro";
			sourceTree = "<absolute>";
			lastKnownFileType = "text";
		};
		370FF8DD1DEE80BFC78BCAF9 = {
			isa = PBXFileReference;
			path = "/Users/Rahman/Documents/GitHub/graphics/hw3/CS472.skel/.qmake.stash";
			name = ".qmake.stash";
			sourceTree = "<absolute>";
		};
		FC18995D05EB6DCBF737D987 = {
			isa = PBXFileReference;
			path = "/Users/Rahman/Documents/GitHub/graphics/hw3/CS472.skel/CS472.qrc";
			name = "CS472.qrc";
			sourceTree = "<absolute>";
			lastKnownFileType = "text";
		};
		FC18995D05EB6DCBF737D987 = {
			isa = PBXFileReference;
			path = "/Users/Rahman/Documents/GitHub/graphics/hw3/CS472.skel/CS472.qrc";
			name = "CS472.qrc";
			sourceTree = "<absolute>";
			lastKnownFileType = "text";
		};
		9FDDCFE418FAF65E5651D268 = {
			fileRef = "FC18995D05EB6DCBF737D987";
			isa = PBXBuildFile;
			settings = {
				ATTRIBUTES = (
					);
			};
		};
		25B08E2869634E9BCBA333A2 = {
			isa = PBXGroup;
			children = (
				"7A4C1BA37ADA393E9502C9FC",
				"6537C162ED36A3FACC22B392",
				"7FEC604B5DEA128CDA165EE3",
				"D1E64E7724BA951EC56047EE",
				"2E116557107DF2CFB8672840",
				"8E7C0A4A41BBA1AA9CD60F2E",
				"0D28FC811AFD99276F5FDA6A",
				"EA5CE42BAECE4E2A795A9C7D",
				"BB8C85109225C8876DEB18D6",
				"420A0C9D79BBCD11471820F5",
				"2813A9C44CF17BF44CF7E804",
				"AEC4538F9B3DF1AE4A60751B");
			name = "Generated Sources";
			sourceTree = "<group>";
		};
		FF8C409087E1FACCA055498B = {
			isa = PBXGroup;
			children = (
				"B0BD17172F02C1BF1EE27E21",
				"29BDF2F3E337F975A00344CE");
			name = "camera";
			sourceTree = "<group>";
		};
		24318BA31F631EB3F0026335 = {
			isa = PBXGroup;
			children = (
				"593291C2459118DA3D90D8D5",
				"BB9BAFCA8BD2D03FA0678CD4",
				"C216C218CF685D97852A43B2",
				"F90C77D09806A8E63913E4CE",
				"3750B702DDE96C988A8F0760",
				"0B4EA3839119FD9B45987899",
				"79D39E63255E3658EAF5BC06",
				"72E9A3E48AF8A9B0F6BEC252",
				"F2325EAFCC4AEC69178F88B6",
				"39EA568418D70EA0B20F4819",
				"DFCED43049A514073BEEAB4E");
			name = "geometry";
			sourceTree = "<group>";
		};
		5B4C135899C5C2F6FFFD7ADB = {
			isa = PBXGroup;
			children = (
				"75D67AE0A20ED0C742D5A911",
				"96BE259BFA98EEF4C253E69C",
				"EFAF1A97F6843D9FAB4C6087",
				"982A3F26027926D50D1988B5",
				"DE59FBB76CAB519A14998860",
				"31EC08F4F541EEF0083D33C1");
			name = "hw0";
			sourceTree = "<group>";
		};
		3C77C658827F4A07ABF9D58B = {
			isa = PBXGroup;
			children = (
				"EEC48E60D4713A9FF8783C5A",
				"77CA1F9FEAAE3BF47F3AD032",
				"74EB1BB1700D4A67966A060C",
				"0C7A9C00B6235015B44C78EF");
			name = "hw1";
			sourceTree = "<group>";
		};
		8D1A7173215F622A1D3A66B1 = {
			isa = PBXGroup;
			children = (
				"BA93ABBE065A57ECEB3D8B13",
				"5BEB3563888F8C1256B007F9",
				"D14680F59AAB692100366E89",
				"AE9291EAD3338D02E39E42DA");
			name = "hw2";
			sourceTree = "<group>";
		};
		0A31DA8FFB6A3F21532CA67A = {
			isa = PBXGroup;
			children = (
				"81DC98CBD6832CD5AA391A06",
				"80CC8DFB79D978C257856C91",
				"8DC65AB678481AC48F0F6F50",
				"A7175991D8841D71F7FEC925");
			name = "hw3";
			sourceTree = "<group>";
		};
		2156C9B67EB6B3918607349C = {
			isa = PBXGroup;
			children = (
				"805537695CA12A05EB8FC52E",
				"C01AB20A9215597F79DA398A");
			name = "lighting";
			sourceTree = "<group>";
		};
		87DF60DE337FB58864343E39 = {
			isa = PBXGroup;
			children = (
				"FC18995D05EB6DCBF737D987");
			name = "Resources";
			sourceTree = "<group>";
		};
		2EB56BE3C2D93CDAB0C52E67 = {
			isa = PBXGroup;
			children = (
				"8A8640232379E4A6A14FB4AA",
				"BF1B76F99E99C9C37BAF9BCA",
				"FEAA7FA90BA35DE4878AAF8D",
				"58B2ECF27C7F1E742981BCEA",
				"5B4C135899C5C2F6FFFD7ADB",
				"3C77C658827F4A07ABF9D58B",
				"8D1A7173215F622A1D3A66B1",
				"0A31DA8FFB6A3F21532CA67A",
				"24318BA31F631EB3F0026335",
				"2156C9B67EB6B3918607349C",
				"FF8C409087E1FACCA055498B",
				"CFCEBF42E29A0BA336759124",
				"67F6AC9B81FD4AF910888671",
				"EC7740513394BB7EB6BE6EC6",
				"92F5B8CC7E68BC3AC93B579A");
			name = "Sources";
			sourceTree = "<group>";
		};
		74B182DB50CB5611B5C1C297 = {
			isa = PBXGroup;
			children = (
				"51A2F34F05E929621A30FFDE",
				"370FF8DD1DEE80BFC78BCAF9",
				"FC18995D05EB6DCBF737D987");
			name = "Supporting Files";
			sourceTree = "<group>";
		};
		7EF0942E79C014DCEC8976BC = {
			buildActionMask = 2147483647;
			files = (
				);
			isa = PBXShellScriptBuildPhase;
			runOnlyForDeploymentPostprocessing = 0;
			name = "Qt Preprocessors";
			shellPath = "/bin/sh";
			shellScript = "make -C /Users/Rahman/Documents/GitHub/graphics/hw3/CS472.skel/ -f CS472.xcodeproj/qt_preprocess.mak";
			showEnvVarsInLog = "0";
		};
		F7E50F631C51CD5B5DC0BC43 = {
			buildActionMask = 2147483647;
			files = (
				"235843E2E59A90670F6670FF",
				"312D3F48FB0EDC45093E7E83",
				"D9FEFD96CB8297647205F55F",
				"3CC90AB349501F45131F1E64",
				"305F53A895B2BD6DC918BF8C",
				"54712738B3756843A436FAE5",
				"BBA5631EA496A0B02A8B169A",
				"91AE7ACFBAC3E0E29DDAB2CE",
				"7E3209A9AB79AA29EE674487",
				"70672ED69F511BCB018A9922",
				"EF70E39193AF44457DBE0E97",
				"0E4559376778DAB79DB41C12",
				"926A010694EF5646630ACB5A",
				"6F2A4A6F960735EB3C89CC17",
				"9991D65C3E8F82782ECD6497",
				"7659E268E61A80C6D9417F45",
				"71D3D3525ED104ED34AF7DFB",
				"84DB20330B3C36B193E6D34A",
				"94ACF4F76BC5BA62AF67FC5E",
				"C4682243118AC3C826F2C8F2",
				"90DF866E037551D44027AB6B",
				"BDB8DBAB4B9CB189C69623FE",
				"69B115433D14B411403FA4D9",
				"0C6A3C2EF3BDBA5C9737F6D7",
				"0915F121484070E4F0C9073F",
				"8A84FC14C7F8D3EEBFF3441D",
				"F4351AE69CA18E08F428354D",
				"FE989FFF662DF86A2546E1F0",
				"B95C24D36B4DDEDD8D94D75A",
				"6CB17754F9F5E907D34EC30F",
				"0B6EC16C6D48DEF4A71E6599",
				"EA363A6486EB4FABDBD6B9A7");
			isa = PBXSourcesBuildPhase;
			runOnlyForDeploymentPostprocessing = 0;
			name = "Compile Sources";
		};
		DFC66F21432D87B25B0EA461 = {
			isa = PBXFileReference;
			name = "QtOpenGL.framework";
			path = "/Users/Rahman/Qt5.7.1/5.7/clang_64/lib/QtOpenGL.framework";
			refType = 0;
			sourceTree = "<absolute>";
			lastKnownFileType = "wrapper.framework";
		};
		04BA5DA5A1D3C65917CA0BA9 = {
			fileRef = "DFC66F21432D87B25B0EA461";
			isa = PBXBuildFile;
			settings = {
			};
		};
		45837D15EA37FDB90F40AC3F = {
			isa = PBXFileReference;
			name = "QtWidgets.framework";
			path = "/Users/Rahman/Qt5.7.1/5.7/clang_64/lib/QtWidgets.framework";
			refType = 0;
			sourceTree = "<absolute>";
			lastKnownFileType = "wrapper.framework";
		};
		BF83C4F1FB311CA5003C9A49 = {
			fileRef = "45837D15EA37FDB90F40AC3F";
			isa = PBXBuildFile;
			settings = {
			};
		};
		6AD9C99BD4D2A9FF7E2672BB = {
			isa = PBXFileReference;
			name = "QtGui.framework";
			path = "/Users/Rahman/Qt5.7.1/5.7/clang_64/lib/QtGui.framework";
			refType = 0;
			sourceTree = "<absolute>";
			lastKnownFileType = "wrapper.framework";
		};
		C30F6CE44CB5A5DB3F47A355 = {
			fileRef = "6AD9C99BD4D2A9FF7E2672BB";
			isa = PBXBuildFile;
			settings = {
			};
		};
		AE1EB5DFE23C6F3298A7AA85 = {
			isa = PBXFileReference;
			name = "QtCore.framework";
			path = "/Users/Rahman/Qt5.7.1/5.7/clang_64/lib/QtCore.framework";
			refType = 0;
			sourceTree = "<absolute>";
			lastKnownFileType = "wrapper.framework";
		};
		1973CD3C44243F680474ED93 = {
			fileRef = "AE1EB5DFE23C6F3298A7AA85";
			isa = PBXBuildFile;
			settings = {
			};
		};
		2B774D8E4178765CE52EAAF5 = {
			isa = PBXFileReference;
			name = "DiskArbitration.framework";
			path = "/System/Library/Frameworks/DiskArbitration.framework";
			refType = 0;
			sourceTree = "<absolute>";
			lastKnownFileType = "wrapper.framework";
		};
		A99B2AA0F9CBBDD12BA126A4 = {
			fileRef = "2B774D8E4178765CE52EAAF5";
			isa = PBXBuildFile;
			settings = {
			};
		};
		A1A67BEAA744704B29168D39 = {
			isa = PBXFileReference;
			name = "IOKit.framework";
			path = "/System/Library/Frameworks/IOKit.framework";
			refType = 0;
			sourceTree = "<absolute>";
			lastKnownFileType = "wrapper.framework";
		};
		8D267F2E4776F0ECA2F49DC8 = {
			fileRef = "A1A67BEAA744704B29168D39";
			isa = PBXBuildFile;
			settings = {
			};
		};
		D4B32C2222F82AC56BADEB21 = {
			isa = PBXFileReference;
			name = "OpenGL.framework";
			path = "/System/Library/Frameworks/OpenGL.framework";
			refType = 0;
			sourceTree = "<absolute>";
			lastKnownFileType = "wrapper.framework";
		};
		8771A8C96E9C391044035D99 = {
			fileRef = "D4B32C2222F82AC56BADEB21";
			isa = PBXBuildFile;
			settings = {
			};
		};
		8D9815BDB5BD9F90D2BC05C5 = {
			isa = PBXFileReference;
			name = "AGL.framework";
			path = "/System/Library/Frameworks/AGL.framework";
			refType = 0;
			sourceTree = "<absolute>";
			lastKnownFileType = "wrapper.framework";
		};
		E45E51A644D5FC9F942ECE55 = {
			fileRef = "8D9815BDB5BD9F90D2BC05C5";
			isa = PBXBuildFile;
			settings = {
			};
		};
		AF39DD055C3EF8226FBE929D = {
			children = (
				"DFC66F21432D87B25B0EA461",
				"45837D15EA37FDB90F40AC3F",
				"6AD9C99BD4D2A9FF7E2672BB",
				"AE1EB5DFE23C6F3298A7AA85",
				"2B774D8E4178765CE52EAAF5",
				"A1A67BEAA744704B29168D39",
				"D4B32C2222F82AC56BADEB21",
				"8D9815BDB5BD9F90D2BC05C5");
			isa = PBXGroup;
			name = "Frameworks";
			sourceTree = "<group>";
		};
		D1C883685E82D5676953459A = {
			buildActionMask = 2147483647;
			files = (
				"04BA5DA5A1D3C65917CA0BA9",
				"BF83C4F1FB311CA5003C9A49",
				"C30F6CE44CB5A5DB3F47A355",
				"1973CD3C44243F680474ED93",
				"A99B2AA0F9CBBDD12BA126A4",
				"8D267F2E4776F0ECA2F49DC8",
				"8771A8C96E9C391044035D99",
				"E45E51A644D5FC9F942ECE55");
			isa = PBXFrameworksBuildPhase;
			runOnlyForDeploymentPostprocessing = 0;
			name = "Link Binary With Libraries";
		};
		30414803F31797EB689AE508 = {
			buildActionMask = 2147483647;
			files = (
				"CCBCB35F6D53BA33263BDA52");
			isa = PBXResourcesBuildPhase;
			runOnlyForDeploymentPostprocessing = 0;
			name = "Copy Bundle Resources";
		};
		209BB1C741BC3B8AF51E6B46 = {
			isa = PBXFileReference;
			includeInIndex = 0;
			explicitFileType = "wrapper.application";
			path = "CS472.app";
			sourceTree = BUILT_PRODUCTS_DIR;
		};
		FE0A091FDBFB3E9C31B7A1BD = {
			children = (
				"209BB1C741BC3B8AF51E6B46");
			isa = PBXGroup;
			name = "Products";
			sourceTree = "<group>";
		};
		E8C543AB96796ECAA2E65C57 = {
			children = (
				"2EB56BE3C2D93CDAB0C52E67",
				"25B08E2869634E9BCBA333A2",
				"74B182DB50CB5611B5C1C297",
				"87DF60DE337FB58864343E39",
				"AF39DD055C3EF8226FBE929D",
				"FE0A091FDBFB3E9C31B7A1BD");
			isa = PBXGroup;
			name = "CS472";
			sourceTree = "<group>";
		};
		F5120FEBE5D2890395250703 = {
			buildPhases = (
				"5E618435888B9D49F8540165",
				"7EF0942E79C014DCEC8976BC");
			dependencies = (
				);
			buildConfigurationList = 6CC3B5D2136C7CD6A5CF5A59;
			isa = PBXAggregateTarget;
			buildRules = (
);
			productName = "Qt Preprocess";
			name = "Qt Preprocess";
		};
		9437C434C628C3D253CC80A0 = {
			isa = PBXTargetDependency;
			target = "F5120FEBE5D2890395250703";
		};
		F70EECE5C0F407ADE5B5F597 = {
			buildPhases = (
				"F7E50F631C51CD5B5DC0BC43",
				"D1C883685E82D5676953459A",
				"30414803F31797EB689AE508");
			dependencies = (
				"9437C434C628C3D253CC80A0");
			productReference = "209BB1C741BC3B8AF51E6B46";
			buildConfigurationList = 6CC3B5D2136C7CD6A5CF5A59;
			isa = PBXNativeTarget;
			buildRules = (
);
			productType = "com.apple.product-type.application";
			name = "CS472";
			productName = "CS472";
		};
		3AA6C32AC930069E80220CF1 = {
			isa = XCBuildConfiguration;
			buildSettings = {
				COPY_PHASE_STRIP = "NO";
				ENABLE_BITCODE = "NO";
				GCC_GENERATE_DEBUGGING_SYMBOLS = "YES";
				GCC_OPTIMIZATION_LEVEL = "0";
				PRODUCT_NAME = "CS472";
				QT_LIBRARY_SUFFIX = "_debug";
				SDKROOT = "macosx";
				GCC_VERSION = com.apple.compilers.llvm.clang.1_0;
				CC = "/Applications/Xcode.app/Contents/Developer/Toolchains/XcodeDefault.xctoolchain/usr/bin/clang";
				LDPLUSPLUS = "/Applications/Xcode.app/Contents/Developer/Toolchains/XcodeDefault.xctoolchain/usr/bin/clang++";
				INFOPLIST_FILE = "Info.plist";
				SYMROOT = "/Users/Rahman/Documents/GitHub/graphics/hw3/CS472.skel/";
				DYLIB_CURRENT_VERSION = "1.0.0";
				DYLIB_COMPATIBILITY_VERSION = "1.0";
				MACOSX_DEPLOYMENT_TARGET = "10.9";
				HEADER_SEARCH_PATHS = (
					".",
					".",
					"geometry",
					"camera",
					"lighting",
					"/Users/Rahman/Qt5.7.1/5.7/clang_64/lib/QtOpenGL.framework/Headers",
					"/Users/Rahman/Qt5.7.1/5.7/clang_64/lib/QtWidgets.framework/Headers",
					"/Users/Rahman/Qt5.7.1/5.7/clang_64/lib/QtGui.framework/Headers",
					"/Users/Rahman/Qt5.7.1/5.7/clang_64/lib/QtCore.framework/Headers",
					".",
					"/Applications/Xcode.app/Contents/Developer/Platforms/MacOSX.platform/Developer/SDKs/MacOSX10.12.sdk/System/Library/Frameworks/OpenGL.framework/Headers",
					"/Applications/Xcode.app/Contents/Developer/Platforms/MacOSX.platform/Developer/SDKs/MacOSX10.12.sdk/System/Library/Frameworks/AGL.framework/Headers",
					"/Users/Rahman/Qt5.7.1/5.7/clang_64/mkspecs/macx-clang");
				LIBRARY_SEARCH_PATHS = (
					"/Users/Rahman/Qt5.7.1/5.7/clang_64/lib",
					"/System/Library/Frameworks/");
				FRAMEWORK_SEARCH_PATHS = (
					"/Users/Rahman/Qt5.7.1/5.7/clang_64/lib",
					"/Users/Rahman/Qt5.7.1/5.7/clang_64/lib");
				OTHER_CFLAGS = (
					"-pipe",
					"-O2",
					"-Wall",
					"-W",
					"-fPIC",
					"-DQT_NO_DEBUG",
					"-DQT_OPENGL_LIB",
					"-DQT_WIDGETS_LIB",
					"-DQT_GUI_LIB",
					"-DQT_CORE_LIB");
				OTHER_CPLUSPLUSFLAGS = (
					"-pipe",
					"-stdlib=libc++",
					"-mmacosx-version-min=10.9",
					"-O2",
					"-std=gnu++11",
					"-Wall",
					"-W",
					"-fPIC",
					"-DQT_NO_DEBUG",
					"-DQT_OPENGL_LIB",
					"-DQT_WIDGETS_LIB",
					"-DQT_GUI_LIB",
					"-DQT_CORE_LIB");
				OTHER_LDFLAGS = (
						"-headerpad_max_install_names",
						"-stdlib=libc++",
						"-Wl,-rpath,@executable_path/../Frameworks",
						"-mmacosx-version-min=10.9",
						"-Wl,-rpath,/Users/Rahman/Qt5.7.1/5.7/clang_64/lib",
						"-F/Users/Rahman/Qt5.7.1/5.7/clang_64/lib");
				ARCHS = "x86_64";
			};
			name = "Debug";
		};
		77418F46922677BB04ED38DD = {
			isa = XCBuildConfiguration;
			buildSettings = {
				COPY_PHASE_STRIP = "NO";
				ENABLE_BITCODE = "NO";
				GCC_GENERATE_DEBUGGING_SYMBOLS = "YES";
				GCC_OPTIMIZATION_LEVEL = "0";
				PRODUCT_NAME = "CS472";
				QT_LIBRARY_SUFFIX = "_debug";
				SDKROOT = "macosx";
				PRODUCT_NAME = "CS472";
			};
			name = "Debug";
		};
		339EE1B2CC4FC24589A0EA95 = {
			isa = XCBuildConfiguration;
			buildSettings = {
				COPY_PHASE_STRIP = "YES";
				ENABLE_BITCODE = "NO";
				GCC_GENERATE_DEBUGGING_SYMBOLS = "NO";
				PRODUCT_NAME = "CS472";
				QT_LIBRARY_SUFFIX = "";
				SDKROOT = "macosx";
				GCC_VERSION = com.apple.compilers.llvm.clang.1_0;
				CC = "/Applications/Xcode.app/Contents/Developer/Toolchains/XcodeDefault.xctoolchain/usr/bin/clang";
				LDPLUSPLUS = "/Applications/Xcode.app/Contents/Developer/Toolchains/XcodeDefault.xctoolchain/usr/bin/clang++";
				INFOPLIST_FILE = "Info.plist";
				SYMROOT = "/Users/Rahman/Documents/GitHub/graphics/hw3/CS472.skel/";
				DYLIB_CURRENT_VERSION = "1.0.0";
				DYLIB_COMPATIBILITY_VERSION = "1.0";
				MACOSX_DEPLOYMENT_TARGET = "10.9";
				HEADER_SEARCH_PATHS = (
					".",
					".",
					"geometry",
					"camera",
					"lighting",
					"/Users/Rahman/Qt5.7.1/5.7/clang_64/lib/QtOpenGL.framework/Headers",
					"/Users/Rahman/Qt5.7.1/5.7/clang_64/lib/QtWidgets.framework/Headers",
					"/Users/Rahman/Qt5.7.1/5.7/clang_64/lib/QtGui.framework/Headers",
					"/Users/Rahman/Qt5.7.1/5.7/clang_64/lib/QtCore.framework/Headers",
					".",
					"/Applications/Xcode.app/Contents/Developer/Platforms/MacOSX.platform/Developer/SDKs/MacOSX10.12.sdk/System/Library/Frameworks/OpenGL.framework/Headers",
					"/Applications/Xcode.app/Contents/Developer/Platforms/MacOSX.platform/Developer/SDKs/MacOSX10.12.sdk/System/Library/Frameworks/AGL.framework/Headers",
					"/Users/Rahman/Qt5.7.1/5.7/clang_64/mkspecs/macx-clang");
				LIBRARY_SEARCH_PATHS = (
					"/Users/Rahman/Qt5.7.1/5.7/clang_64/lib",
					"/System/Library/Frameworks/");
				FRAMEWORK_SEARCH_PATHS = (
					"/Users/Rahman/Qt5.7.1/5.7/clang_64/lib",
					"/Users/Rahman/Qt5.7.1/5.7/clang_64/lib");
				OTHER_CFLAGS = (
					"-pipe",
					"-O2",
					"-Wall",
					"-W",
					"-fPIC",
					"-DQT_NO_DEBUG",
					"-DQT_OPENGL_LIB",
					"-DQT_WIDGETS_LIB",
					"-DQT_GUI_LIB",
					"-DQT_CORE_LIB");
				OTHER_CPLUSPLUSFLAGS = (
					"-pipe",
					"-stdlib=libc++",
					"-mmacosx-version-min=10.9",
					"-O2",
					"-std=gnu++11",
					"-Wall",
					"-W",
					"-fPIC",
					"-DQT_NO_DEBUG",
					"-DQT_OPENGL_LIB",
					"-DQT_WIDGETS_LIB",
					"-DQT_GUI_LIB",
					"-DQT_CORE_LIB");
				OTHER_LDFLAGS = (
						"-headerpad_max_install_names",
						"-stdlib=libc++",
						"-Wl,-rpath,@executable_path/../Frameworks",
						"-mmacosx-version-min=10.9",
						"-Wl,-rpath,/Users/Rahman/Qt5.7.1/5.7/clang_64/lib",
						"-F/Users/Rahman/Qt5.7.1/5.7/clang_64/lib");
				ARCHS = "x86_64";
			};
			name = "Release";
		};
		6666AA5E688052234F6758D8 = {
			isa = XCBuildConfiguration;
			buildSettings = {
				COPY_PHASE_STRIP = "YES";
				ENABLE_BITCODE = "NO";
				GCC_GENERATE_DEBUGGING_SYMBOLS = "NO";
				PRODUCT_NAME = "CS472";
				QT_LIBRARY_SUFFIX = "";
				SDKROOT = "macosx";
				PRODUCT_NAME = "CS472";
			};
			name = "Release";
		};
		DAC4C1AA5EDEA1C85E9CA5E6 = {
			isa = XCConfigurationList;
			buildConfigurations = (
				"3AA6C32AC930069E80220CF1",
				"339EE1B2CC4FC24589A0EA95");
			defaultConfigurationIsVisible = 0;
			defaultConfigurationName = "Release";
		};
		6CC3B5D2136C7CD6A5CF5A59 = {
			isa = XCConfigurationList;
			buildConfigurations = (
				"77418F46922677BB04ED38DD",
				"6666AA5E688052234F6758D8");
			defaultConfigurationIsVisible = 0;
			defaultConfigurationName = "Release";
		};
		6DB9C3763D02B1415CD9D565 = {
			hasScannedForEncodings = 1;
			compatibilityVersion = "Xcode 3.2";
			isa = PBXProject;
			mainGroup = "E8C543AB96796ECAA2E65C57";
			productRefGroup = "FE0A091FDBFB3E9C31B7A1BD";
			buildConfigurationList = "DAC4C1AA5EDEA1C85E9CA5E6";
			projectDirPath = "";
			projectRoot = "";
			targets = (
				"F70EECE5C0F407ADE5B5F597",
				"F5120FEBE5D2890395250703");
			attributes = {
				TargetAttributes = {
				};
			};
		};
	};
	rootObject = "6DB9C3763D02B1415CD9D565";
}
