// !$*UTF8*$!
{
	archiveVersion = 1;
	classes = {
	};
	objectVersion = 46;
	objects = {
		5E618435888B9D49F8540165 = {
			buildActionMask = 2147483647;
			files = (
				);
			isa = PBXShellScriptBuildPhase;
			runOnlyForDeploymentPostprocessing = 0;
			name = "Qt Qmake";
			shellPath = "/bin/sh";
			shellScript = "make -C /Users/asif/Documents/graphics/hw3/CS472.skel/ -f CS472.xcodeproj/qt_makeqmake.mak";
			showEnvVarsInLog = "0";
		};
		67549AB6DC403A8675D346B4 = {
			isa = PBXFileReference;
			path = "/Users/asif/Documents/graphics/hw3/CS472.skel/main.cpp";
			name = "main.cpp";
			sourceTree = "<absolute>";
			lastKnownFileType = "sourcecode.cpp.cpp";
		};
		0536EA79A312C06BE3E75906 = {
			fileRef = "67549AB6DC403A8675D346B4";
			isa = PBXBuildFile;
			settings = {
				ATTRIBUTES = (
					);
			};
		};
		DC02059AE7018F705F584078 = {
			isa = PBXFileReference;
			path = "/Users/asif/Documents/graphics/hw3/CS472.skel/MainWindow.cpp";
			name = "MainWindow.cpp";
			sourceTree = "<absolute>";
			lastKnownFileType = "sourcecode.cpp.cpp";
		};
		9BC2EB2F83AD1BCEE315CA4F = {
			fileRef = "DC02059AE7018F705F584078";
			isa = PBXBuildFile;
			settings = {
				ATTRIBUTES = (
					);
			};
		};
		255197F19A241B4BD9583C01 = {
			isa = PBXFileReference;
			path = "/Users/asif/Documents/graphics/hw3/CS472.skel/HW.cpp";
			name = "HW.cpp";
			sourceTree = "<absolute>";
			lastKnownFileType = "sourcecode.cpp.cpp";
		};
		6252B35949A33E602489D776 = {
			fileRef = "255197F19A241B4BD9583C01";
			isa = PBXBuildFile;
			settings = {
				ATTRIBUTES = (
					);
			};
		};
		F64438E50B812819F13AEB86 = {
			isa = PBXFileReference;
			path = "/Users/asif/Documents/graphics/hw3/CS472.skel/dummy.cpp";
			name = "dummy.cpp";
			sourceTree = "<absolute>";
			lastKnownFileType = "sourcecode.cpp.cpp";
		};
		CD1B0BA1764069AFFC80EB56 = {
			fileRef = "F64438E50B812819F13AEB86";
			isa = PBXBuildFile;
			settings = {
				ATTRIBUTES = (
					);
			};
		};
		783D28DA54F00A8016EAFB90 = {
			isa = PBXFileReference;
			path = "/Users/asif/Documents/graphics/hw3/CS472.skel/hw0/HW0a.cpp";
			name = "HW0a.cpp";
			sourceTree = "<absolute>";
			lastKnownFileType = "sourcecode.cpp.cpp";
		};
		58463F01C63F592AE8132B71 = {
			fileRef = "783D28DA54F00A8016EAFB90";
			isa = PBXBuildFile;
			settings = {
				ATTRIBUTES = (
					);
			};
		};
		1C2B5B016D246A57755D86CB = {
			isa = PBXFileReference;
			path = "/Users/asif/Documents/graphics/hw3/CS472.skel/hw0/HW0b.cpp";
			name = "HW0b.cpp";
			sourceTree = "<absolute>";
			lastKnownFileType = "sourcecode.cpp.cpp";
		};
		ED1A4F683E055635DC92CF84 = {
			fileRef = "1C2B5B016D246A57755D86CB";
			isa = PBXBuildFile;
			settings = {
				ATTRIBUTES = (
					);
			};
		};
		814B2AB1F730B2E3727636C4 = {
			isa = PBXFileReference;
			path = "/Users/asif/Documents/graphics/hw3/CS472.skel/hw0/HW0c.cpp";
			name = "HW0c.cpp";
			sourceTree = "<absolute>";
			lastKnownFileType = "sourcecode.cpp.cpp";
		};
		E32F252C30393C3587D3AB9C = {
			fileRef = "814B2AB1F730B2E3727636C4";
			isa = PBXBuildFile;
			settings = {
				ATTRIBUTES = (
					);
			};
		};
		C44C90130D872C7E52EEC5B2 = {
			isa = PBXFileReference;
			path = "/Users/asif/Documents/graphics/hw3/CS472.skel/hw1/HW1a.cpp";
			name = "HW1a.cpp";
			sourceTree = "<absolute>";
			lastKnownFileType = "sourcecode.cpp.cpp";
		};
		D4E7D7310AB88805D06C2322 = {
			fileRef = "C44C90130D872C7E52EEC5B2";
			isa = PBXBuildFile;
			settings = {
				ATTRIBUTES = (
					);
			};
		};
		7F6015621EA37641DC0379ED = {
			isa = PBXFileReference;
			path = "/Users/asif/Documents/graphics/hw3/CS472.skel/hw1/HW1b.cpp";
			name = "HW1b.cpp";
			sourceTree = "<absolute>";
			lastKnownFileType = "sourcecode.cpp.cpp";
		};
		DBB4D9114DD4EC05B82629E9 = {
			fileRef = "7F6015621EA37641DC0379ED";
			isa = PBXBuildFile;
			settings = {
				ATTRIBUTES = (
					);
			};
		};
		913397DF783064E252AD6F40 = {
			isa = PBXFileReference;
			path = "/Users/asif/Documents/graphics/hw3/CS472.skel/hw2/HW2a.cpp";
			name = "HW2a.cpp";
			sourceTree = "<absolute>";
			lastKnownFileType = "sourcecode.cpp.cpp";
		};
		A2699502F5C162438813BF17 = {
			fileRef = "913397DF783064E252AD6F40";
			isa = PBXBuildFile;
			settings = {
				ATTRIBUTES = (
					);
			};
		};
		EA4F8D476FC29A0D01A6A191 = {
			isa = PBXFileReference;
			path = "/Users/asif/Documents/graphics/hw3/CS472.skel/hw2/HW2b.cpp";
			name = "HW2b.cpp";
			sourceTree = "<absolute>";
			lastKnownFileType = "sourcecode.cpp.cpp";
		};
		736AE8D80EB46675B5EFDD6A = {
			fileRef = "EA4F8D476FC29A0D01A6A191";
			isa = PBXBuildFile;
			settings = {
				ATTRIBUTES = (
					);
			};
		};
		B8E8F41387DFEFB17EB29460 = {
			isa = PBXFileReference;
			path = "/Users/asif/Documents/graphics/hw3/CS472.skel/hw3/HW3a.cpp";
			name = "HW3a.cpp";
			sourceTree = "<absolute>";
			lastKnownFileType = "sourcecode.cpp.cpp";
		};
		18182E6F977549785DC19A31 = {
			fileRef = "B8E8F41387DFEFB17EB29460";
			isa = PBXBuildFile;
			settings = {
				ATTRIBUTES = (
					);
			};
		};
		229B53EAAAD8B3F0B2609315 = {
			isa = PBXFileReference;
			path = "/Users/asif/Documents/graphics/hw3/CS472.skel/hw3/HW3b.cpp";
			name = "HW3b.cpp";
			sourceTree = "<absolute>";
			lastKnownFileType = "sourcecode.cpp.cpp";
		};
		D4F2AF2E78155AFDDE5E9BA0 = {
			fileRef = "229B53EAAAD8B3F0B2609315";
			isa = PBXBuildFile;
			settings = {
				ATTRIBUTES = (
					);
			};
		};
		BD01D80F3D79486C8834DC33 = {
			isa = PBXFileReference;
			path = "/Users/asif/Documents/graphics/hw3/CS472.skel/geometry/Cube.cpp";
			name = "Cube.cpp";
			sourceTree = "<absolute>";
			lastKnownFileType = "sourcecode.cpp.cpp";
		};
		9F0F629B75D4388C679312F6 = {
			fileRef = "BD01D80F3D79486C8834DC33";
			isa = PBXBuildFile;
			settings = {
				ATTRIBUTES = (
					);
			};
		};
		CB4E57107AEECD5F4F1407CA = {
			isa = PBXFileReference;
			path = "/Users/asif/Documents/graphics/hw3/CS472.skel/geometry/Sphere.cpp";
			name = "Sphere.cpp";
			sourceTree = "<absolute>";
			lastKnownFileType = "sourcecode.cpp.cpp";
		};
		A8850A73E39E79F403A7DC19 = {
			fileRef = "CB4E57107AEECD5F4F1407CA";
			isa = PBXBuildFile;
			settings = {
				ATTRIBUTES = (
					);
			};
		};
		C7ADCCDAE51BC7FEB3E16872 = {
			isa = PBXFileReference;
			path = "/Users/asif/Documents/graphics/hw3/CS472.skel/geometry/Cylinder.cpp";
			name = "Cylinder.cpp";
			sourceTree = "<absolute>";
			lastKnownFileType = "sourcecode.cpp.cpp";
		};
		24CE43BCED2926FE307C1F23 = {
			fileRef = "C7ADCCDAE51BC7FEB3E16872";
			isa = PBXBuildFile;
			settings = {
				ATTRIBUTES = (
					);
			};
		};
		E3EB4E71800A4C99A9124B71 = {
			isa = PBXFileReference;
			path = "/Users/asif/Documents/graphics/hw3/CS472.skel/geometry/Cone.cpp";
			name = "Cone.cpp";
			sourceTree = "<absolute>";
			lastKnownFileType = "sourcecode.cpp.cpp";
		};
		64DD5D01D8FCB93F47F54384 = {
			fileRef = "E3EB4E71800A4C99A9124B71";
			isa = PBXBuildFile;
			settings = {
				ATTRIBUTES = (
					);
			};
		};
		833E52D74773BAE1F089061D = {
			isa = PBXFileReference;
			path = "/Users/asif/Documents/graphics/hw3/CS472.skel/geometry/Scene.cpp";
			name = "Scene.cpp";
			sourceTree = "<absolute>";
			lastKnownFileType = "sourcecode.cpp.cpp";
		};
		D1E67F96255CF2D6B1D52ECD = {
			fileRef = "833E52D74773BAE1F089061D";
			isa = PBXBuildFile;
			settings = {
				ATTRIBUTES = (
					);
			};
		};
		FF7E64374E0852AE13FE2B89 = {
			isa = PBXFileReference;
			path = "/Users/asif/Documents/graphics/hw3/CS472.skel/lighting/Light.cpp";
			name = "Light.cpp";
			sourceTree = "<absolute>";
			lastKnownFileType = "sourcecode.cpp.cpp";
		};
		04FEBCA1AA0382221E60672E = {
			fileRef = "FF7E64374E0852AE13FE2B89";
			isa = PBXBuildFile;
			settings = {
				ATTRIBUTES = (
					);
			};
		};
		1EEB1CA4E118C85D62885821 = {
			isa = PBXFileReference;
			path = "/Users/asif/Documents/graphics/hw3/CS472.skel/camera/Camera.cpp";
			name = "Camera.cpp";
			sourceTree = "<absolute>";
			lastKnownFileType = "sourcecode.cpp.cpp";
		};
		B038EEDB307A562D7F57A35B = {
			fileRef = "1EEB1CA4E118C85D62885821";
			isa = PBXBuildFile;
			settings = {
				ATTRIBUTES = (
					);
			};
		};
		A2A6FBB967E7BF6CFA4EE519 = {
			isa = PBXFileReference;
			path = "/Users/asif/Documents/graphics/hw3/CS472.skel/CS472.icns";
			name = "CS472.icns";
			sourceTree = "<absolute>";
		};
		13A7EFCA07DA49A609B79514 = {
			fileRef = "A2A6FBB967E7BF6CFA4EE519";
			isa = PBXBuildFile;
			settings = {
				ATTRIBUTES = (
					);
			};
		};
		0B6B97560AAE77B0855A7C06 = {
			isa = PBXFileReference;
			path = "/Users/asif/Documents/graphics/hw3/CS472.skel/qrc_CS472.cpp";
			name = "qrc_CS472.cpp";
			sourceTree = "<absolute>";
			lastKnownFileType = "sourcecode.cpp.cpp";
		};
		702BE7B6CF4154964703EB37 = {
			fileRef = "0B6B97560AAE77B0855A7C06";
			isa = PBXBuildFile;
			settings = {
				ATTRIBUTES = (
					);
			};
		};
		D624FCFCCA7CD4625AC2315C = {
			isa = PBXFileReference;
			path = "/Users/asif/Documents/graphics/hw3/CS472.skel/moc_MainWindow.cpp";
			name = "moc_MainWindow.cpp";
			sourceTree = "<absolute>";
			lastKnownFileType = "sourcecode.cpp.cpp";
		};
		DD74D3EE9400A2157777890B = {
			fileRef = "D624FCFCCA7CD4625AC2315C";
			isa = PBXBuildFile;
			settings = {
				ATTRIBUTES = (
					);
			};
		};
		682264702091494CE68B6910 = {
			isa = PBXFileReference;
			path = "/Users/asif/Documents/graphics/hw3/CS472.skel/moc_dummy.cpp";
			name = "moc_dummy.cpp";
			sourceTree = "<absolute>";
			lastKnownFileType = "sourcecode.cpp.cpp";
		};
		32C41C8DE15A903DFFE910B0 = {
			fileRef = "682264702091494CE68B6910";
			isa = PBXBuildFile;
			settings = {
				ATTRIBUTES = (
					);
			};
		};
		62423EE76E31F51D6C0AFD87 = {
			isa = PBXFileReference;
			path = "/Users/asif/Documents/graphics/hw3/CS472.skel/moc_HW0a.cpp";
			name = "moc_HW0a.cpp";
			sourceTree = "<absolute>";
			lastKnownFileType = "sourcecode.cpp.cpp";
		};
		58B2A4B44FB43678FEA69675 = {
			fileRef = "62423EE76E31F51D6C0AFD87";
			isa = PBXBuildFile;
			settings = {
				ATTRIBUTES = (
					);
			};
		};
		F13D12BCA0C589643CF414DE = {
			isa = PBXFileReference;
			path = "/Users/asif/Documents/graphics/hw3/CS472.skel/moc_HW0b.cpp";
			name = "moc_HW0b.cpp";
			sourceTree = "<absolute>";
			lastKnownFileType = "sourcecode.cpp.cpp";
		};
		A0B3B3BECA074A91C3C378CA = {
			fileRef = "F13D12BCA0C589643CF414DE";
			isa = PBXBuildFile;
			settings = {
				ATTRIBUTES = (
					);
			};
		};
		07E0A39B88516E408A259DC1 = {
			isa = PBXFileReference;
			path = "/Users/asif/Documents/graphics/hw3/CS472.skel/moc_HW0c.cpp";
			name = "moc_HW0c.cpp";
			sourceTree = "<absolute>";
			lastKnownFileType = "sourcecode.cpp.cpp";
		};
		54BEA89C0F20201BC969EDFB = {
			fileRef = "07E0A39B88516E408A259DC1";
			isa = PBXBuildFile;
			settings = {
				ATTRIBUTES = (
					);
			};
		};
		7E3EF9D5EEF2A5209CC7B7CF = {
			isa = PBXFileReference;
			path = "/Users/asif/Documents/graphics/hw3/CS472.skel/moc_HW1a.cpp";
			name = "moc_HW1a.cpp";
			sourceTree = "<absolute>";
			lastKnownFileType = "sourcecode.cpp.cpp";
		};
		4BBAE13E61C0B3A37F0DC68F = {
			fileRef = "7E3EF9D5EEF2A5209CC7B7CF";
			isa = PBXBuildFile;
			settings = {
				ATTRIBUTES = (
					);
			};
		};
		48EAE90400A3C1693555BF82 = {
			isa = PBXFileReference;
			path = "/Users/asif/Documents/graphics/hw3/CS472.skel/moc_HW1b.cpp";
			name = "moc_HW1b.cpp";
			sourceTree = "<absolute>";
			lastKnownFileType = "sourcecode.cpp.cpp";
		};
		4E3031864EBBCEA73C2A6EF2 = {
			fileRef = "48EAE90400A3C1693555BF82";
			isa = PBXBuildFile;
			settings = {
				ATTRIBUTES = (
					);
			};
		};
		CF689A6A3B4E18C7076F5C30 = {
			isa = PBXFileReference;
			path = "/Users/asif/Documents/graphics/hw3/CS472.skel/moc_HW2a.cpp";
			name = "moc_HW2a.cpp";
			sourceTree = "<absolute>";
			lastKnownFileType = "sourcecode.cpp.cpp";
		};
		F9AD53723B9265D60E11925C = {
			fileRef = "CF689A6A3B4E18C7076F5C30";
			isa = PBXBuildFile;
			settings = {
				ATTRIBUTES = (
					);
			};
		};
		0ABE288AF6B89F7AC2F8A3AB = {
			isa = PBXFileReference;
			path = "/Users/asif/Documents/graphics/hw3/CS472.skel/moc_HW2b.cpp";
			name = "moc_HW2b.cpp";
			sourceTree = "<absolute>";
			lastKnownFileType = "sourcecode.cpp.cpp";
		};
		472CC3F3FB6B572FE39C0FFD = {
			fileRef = "0ABE288AF6B89F7AC2F8A3AB";
			isa = PBXBuildFile;
			settings = {
				ATTRIBUTES = (
					);
			};
		};
		273B99FADEDA2C283C1283A8 = {
			isa = PBXFileReference;
			path = "/Users/asif/Documents/graphics/hw3/CS472.skel/moc_HW3a.cpp";
			name = "moc_HW3a.cpp";
			sourceTree = "<absolute>";
			lastKnownFileType = "sourcecode.cpp.cpp";
		};
		43ABB08A9369EB6121635142 = {
			fileRef = "273B99FADEDA2C283C1283A8";
			isa = PBXBuildFile;
			settings = {
				ATTRIBUTES = (
					);
			};
		};
		ED2B3E86E1518D8D2FAE047A = {
			isa = PBXFileReference;
			path = "/Users/asif/Documents/graphics/hw3/CS472.skel/moc_HW3b.cpp";
			name = "moc_HW3b.cpp";
			sourceTree = "<absolute>";
			lastKnownFileType = "sourcecode.cpp.cpp";
		};
		6C86DD1F322DEA535ADD5C61 = {
			fileRef = "ED2B3E86E1518D8D2FAE047A";
			isa = PBXBuildFile;
			settings = {
				ATTRIBUTES = (
					);
			};
		};
		0371770F99A5085C17590CDE = {
			isa = PBXFileReference;
			path = "/Users/asif/Documents/graphics/hw3/CS472.skel/MainWindow.h";
			name = "MainWindow.h";
			sourceTree = "<absolute>";
			lastKnownFileType = "sourcecode.c.h";
		};
		674FF9A896882CC505119E83 = {
			isa = PBXFileReference;
			path = "/Users/asif/Documents/graphics/hw3/CS472.skel/HW.h";
			name = "HW.h";
			sourceTree = "<absolute>";
			lastKnownFileType = "sourcecode.c.h";
		};
		DBC1AA2CE3140F8EC3DB43B6 = {
			isa = PBXFileReference;
			path = "/Users/asif/Documents/graphics/hw3/CS472.skel/dummy.h";
			name = "dummy.h";
			sourceTree = "<absolute>";
			lastKnownFileType = "sourcecode.c.h";
		};
		32AAC734C47C351C3E7548A7 = {
			isa = PBXFileReference;
			path = "/Users/asif/Documents/graphics/hw3/CS472.skel/hw0/HW0a.h";
			name = "HW0a.h";
			sourceTree = "<absolute>";
			lastKnownFileType = "sourcecode.c.h";
		};
		C603B826E344A854DCAEF888 = {
			isa = PBXFileReference;
			path = "/Users/asif/Documents/graphics/hw3/CS472.skel/hw0/HW0b.h";
			name = "HW0b.h";
			sourceTree = "<absolute>";
			lastKnownFileType = "sourcecode.c.h";
		};
		148924FD411BB71D3E552824 = {
			isa = PBXFileReference;
			path = "/Users/asif/Documents/graphics/hw3/CS472.skel/hw0/HW0c.h";
			name = "HW0c.h";
			sourceTree = "<absolute>";
			lastKnownFileType = "sourcecode.c.h";
		};
		72C3AE155032DA5FE117A36F = {
			isa = PBXFileReference;
			path = "/Users/asif/Documents/graphics/hw3/CS472.skel/hw1/HW1a.h";
			name = "HW1a.h";
			sourceTree = "<absolute>";
			lastKnownFileType = "sourcecode.c.h";
		};
		239A7F4252F470C434181FDA = {
			isa = PBXFileReference;
			path = "/Users/asif/Documents/graphics/hw3/CS472.skel/hw1/HW1b.h";
			name = "HW1b.h";
			sourceTree = "<absolute>";
			lastKnownFileType = "sourcecode.c.h";
		};
		71AE14539FDB5F77BBCD7F54 = {
			isa = PBXFileReference;
			path = "/Users/asif/Documents/graphics/hw3/CS472.skel/hw2/HW2a.h";
			name = "HW2a.h";
			sourceTree = "<absolute>";
			lastKnownFileType = "sourcecode.c.h";
		};
		966E0DE35618BDD9C0139073 = {
			isa = PBXFileReference;
			path = "/Users/asif/Documents/graphics/hw3/CS472.skel/hw2/HW2b.h";
			name = "HW2b.h";
			sourceTree = "<absolute>";
			lastKnownFileType = "sourcecode.c.h";
		};
		F21FEDF139D1AECB7E4BE061 = {
			isa = PBXFileReference;
			path = "/Users/asif/Documents/graphics/hw3/CS472.skel/hw3/HW3a.h";
			name = "HW3a.h";
			sourceTree = "<absolute>";
			lastKnownFileType = "sourcecode.c.h";
		};
		DA89234067404965DD94BCA2 = {
			isa = PBXFileReference;
			path = "/Users/asif/Documents/graphics/hw3/CS472.skel/hw3/HW3b.h";
			name = "HW3b.h";
			sourceTree = "<absolute>";
			lastKnownFileType = "sourcecode.c.h";
		};
		6168DF389B6501F4CFE2E51A = {
			isa = PBXFileReference;
			path = "/Users/asif/Documents/graphics/hw3/CS472.skel/geometry/Geometry.h";
			name = "Geometry.h";
			sourceTree = "<absolute>";
			lastKnownFileType = "sourcecode.c.h";
		};
		BDFD83FFAFCD69839247195E = {
			isa = PBXFileReference;
			path = "/Users/asif/Documents/graphics/hw3/CS472.skel/geometry/Cube.h";
			name = "Cube.h";
			sourceTree = "<absolute>";
			lastKnownFileType = "sourcecode.c.h";
		};
		0E97A17FBEFB25033E021A74 = {
			isa = PBXFileReference;
			path = "/Users/asif/Documents/graphics/hw3/CS472.skel/geometry/Sphere.h";
			name = "Sphere.h";
			sourceTree = "<absolute>";
			lastKnownFileType = "sourcecode.c.h";
		};
		F84CEACDE69DE1D9F064E72F = {
			isa = PBXFileReference;
			path = "/Users/asif/Documents/graphics/hw3/CS472.skel/geometry/Cylinder.h";
			name = "Cylinder.h";
			sourceTree = "<absolute>";
			lastKnownFileType = "sourcecode.c.h";
		};
		F43A1F1485B9631B3B8C2714 = {
			isa = PBXFileReference;
			path = "/Users/asif/Documents/graphics/hw3/CS472.skel/geometry/Cone.h";
			name = "Cone.h";
			sourceTree = "<absolute>";
			lastKnownFileType = "sourcecode.c.h";
		};
		B75C71A025D6F34BC926BBE9 = {
			isa = PBXFileReference;
			path = "/Users/asif/Documents/graphics/hw3/CS472.skel/geometry/Scene.h";
			name = "Scene.h";
			sourceTree = "<absolute>";
			lastKnownFileType = "sourcecode.c.h";
		};
		BCF4BA25AC323103113A1593 = {
			isa = PBXFileReference;
			path = "/Users/asif/Documents/graphics/hw3/CS472.skel/lighting/Light.h";
			name = "Light.h";
			sourceTree = "<absolute>";
			lastKnownFileType = "sourcecode.c.h";
		};
		8B90D004CED10698D93C7CA0 = {
			isa = PBXFileReference;
			path = "/Users/asif/Documents/graphics/hw3/CS472.skel/camera/Camera.h";
			name = "Camera.h";
			sourceTree = "<absolute>";
			lastKnownFileType = "sourcecode.c.h";
		};
		746E183D6033C3B18BBF6626 = {
			isa = PBXFileReference;
			path = "/Users/asif/Documents/graphics/hw3/CS472.skel/CS472.pro";
			name = "CS472.pro";
			sourceTree = "<absolute>";
			lastKnownFileType = "text";
		};
		E6B7CC840D6301A2EB5B7D16 = {
			isa = PBXFileReference;
			path = "/Users/asif/Documents/graphics/hw3/CS472.skel/.qmake.stash";
			name = ".qmake.stash";
			sourceTree = "<absolute>";
		};
		7AE4AC1733B49F29C529FFD1 = {
			isa = PBXFileReference;
			path = "/Users/asif/Documents/graphics/hw3/CS472.skel/CS472.qrc";
			name = "CS472.qrc";
			sourceTree = "<absolute>";
			lastKnownFileType = "text";
		};
		7AE4AC1733B49F29C529FFD1 = {
			isa = PBXFileReference;
			path = "/Users/asif/Documents/graphics/hw3/CS472.skel/CS472.qrc";
			name = "CS472.qrc";
			sourceTree = "<absolute>";
			lastKnownFileType = "text";
		};
		3CB85226D341D9A6B0C74A6E = {
			fileRef = "7AE4AC1733B49F29C529FFD1";
			isa = PBXBuildFile;
			settings = {
				ATTRIBUTES = (
					);
			};
		};
		25B08E2869634E9BCBA333A2 = {
			isa = PBXGroup;
			children = (
				"0B6B97560AAE77B0855A7C06",
				"D624FCFCCA7CD4625AC2315C",
				"682264702091494CE68B6910",
				"62423EE76E31F51D6C0AFD87",
				"F13D12BCA0C589643CF414DE",
				"07E0A39B88516E408A259DC1",
				"7E3EF9D5EEF2A5209CC7B7CF",
				"48EAE90400A3C1693555BF82",
				"CF689A6A3B4E18C7076F5C30",
				"0ABE288AF6B89F7AC2F8A3AB",
				"273B99FADEDA2C283C1283A8",
				"ED2B3E86E1518D8D2FAE047A");
			name = "Generated Sources";
			sourceTree = "<group>";
		};
		FF8C409087E1FACCA055498B = {
			isa = PBXGroup;
			children = (
				"1EEB1CA4E118C85D62885821",
				"8B90D004CED10698D93C7CA0");
			name = "camera";
			sourceTree = "<group>";
		};
		24318BA31F631EB3F0026335 = {
			isa = PBXGroup;
			children = (
				"BD01D80F3D79486C8834DC33",
				"CB4E57107AEECD5F4F1407CA",
				"C7ADCCDAE51BC7FEB3E16872",
				"E3EB4E71800A4C99A9124B71",
				"833E52D74773BAE1F089061D",
				"6168DF389B6501F4CFE2E51A",
				"BDFD83FFAFCD69839247195E",
				"0E97A17FBEFB25033E021A74",
				"F84CEACDE69DE1D9F064E72F",
				"F43A1F1485B9631B3B8C2714",
				"B75C71A025D6F34BC926BBE9");
			name = "geometry";
			sourceTree = "<group>";
		};
		5B4C135899C5C2F6FFFD7ADB = {
			isa = PBXGroup;
			children = (
				"783D28DA54F00A8016EAFB90",
				"1C2B5B016D246A57755D86CB",
				"814B2AB1F730B2E3727636C4",
				"32AAC734C47C351C3E7548A7",
				"C603B826E344A854DCAEF888",
				"148924FD411BB71D3E552824");
			name = "hw0";
			sourceTree = "<group>";
		};
		3C77C658827F4A07ABF9D58B = {
			isa = PBXGroup;
			children = (
				"C44C90130D872C7E52EEC5B2",
				"7F6015621EA37641DC0379ED",
				"72C3AE155032DA5FE117A36F",
				"239A7F4252F470C434181FDA");
			name = "hw1";
			sourceTree = "<group>";
		};
		8D1A7173215F622A1D3A66B1 = {
			isa = PBXGroup;
			children = (
				"913397DF783064E252AD6F40",
				"EA4F8D476FC29A0D01A6A191",
				"71AE14539FDB5F77BBCD7F54",
				"966E0DE35618BDD9C0139073");
			name = "hw2";
			sourceTree = "<group>";
		};
		0A31DA8FFB6A3F21532CA67A = {
			isa = PBXGroup;
			children = (
				"B8E8F41387DFEFB17EB29460",
				"229B53EAAAD8B3F0B2609315",
				"F21FEDF139D1AECB7E4BE061",
				"DA89234067404965DD94BCA2");
			name = "hw3";
			sourceTree = "<group>";
		};
		2156C9B67EB6B3918607349C = {
			isa = PBXGroup;
			children = (
				"FF7E64374E0852AE13FE2B89",
				"BCF4BA25AC323103113A1593");
			name = "lighting";
			sourceTree = "<group>";
		};
		87DF60DE337FB58864343E39 = {
			isa = PBXGroup;
			children = (
				"7AE4AC1733B49F29C529FFD1");
			name = "Resources";
			sourceTree = "<group>";
		};
		2EB56BE3C2D93CDAB0C52E67 = {
			isa = PBXGroup;
			children = (
				"67549AB6DC403A8675D346B4",
				"DC02059AE7018F705F584078",
				"255197F19A241B4BD9583C01",
				"F64438E50B812819F13AEB86",
				"5B4C135899C5C2F6FFFD7ADB",
				"3C77C658827F4A07ABF9D58B",
				"8D1A7173215F622A1D3A66B1",
				"0A31DA8FFB6A3F21532CA67A",
				"24318BA31F631EB3F0026335",
				"2156C9B67EB6B3918607349C",
				"FF8C409087E1FACCA055498B",
				"A2A6FBB967E7BF6CFA4EE519",
				"0371770F99A5085C17590CDE",
				"674FF9A896882CC505119E83",
				"DBC1AA2CE3140F8EC3DB43B6");
			name = "Sources";
			sourceTree = "<group>";
		};
		74B182DB50CB5611B5C1C297 = {
			isa = PBXGroup;
			children = (
				"746E183D6033C3B18BBF6626",
				"E6B7CC840D6301A2EB5B7D16",
				"7AE4AC1733B49F29C529FFD1");
			name = "Supporting Files";
			sourceTree = "<group>";
		};
		7EF0942E79C014DCEC8976BC = {
			buildActionMask = 2147483647;
			files = (
				);
			isa = PBXShellScriptBuildPhase;
			runOnlyForDeploymentPostprocessing = 0;
			name = "Qt Preprocessors";
			shellPath = "/bin/sh";
			shellScript = "make -C /Users/asif/Documents/graphics/hw3/CS472.skel/ -f CS472.xcodeproj/qt_preprocess.mak";
			showEnvVarsInLog = "0";
		};
		F7E50F631C51CD5B5DC0BC43 = {
			buildActionMask = 2147483647;
			files = (
				"0536EA79A312C06BE3E75906",
				"9BC2EB2F83AD1BCEE315CA4F",
				"6252B35949A33E602489D776",
				"CD1B0BA1764069AFFC80EB56",
				"58463F01C63F592AE8132B71",
				"ED1A4F683E055635DC92CF84",
				"E32F252C30393C3587D3AB9C",
				"D4E7D7310AB88805D06C2322",
				"DBB4D9114DD4EC05B82629E9",
				"A2699502F5C162438813BF17",
				"736AE8D80EB46675B5EFDD6A",
				"18182E6F977549785DC19A31",
				"D4F2AF2E78155AFDDE5E9BA0",
				"9F0F629B75D4388C679312F6",
				"A8850A73E39E79F403A7DC19",
				"24CE43BCED2926FE307C1F23",
				"64DD5D01D8FCB93F47F54384",
				"D1E67F96255CF2D6B1D52ECD",
				"04FEBCA1AA0382221E60672E",
				"B038EEDB307A562D7F57A35B",
				"702BE7B6CF4154964703EB37",
				"DD74D3EE9400A2157777890B",
				"32C41C8DE15A903DFFE910B0",
				"58B2A4B44FB43678FEA69675",
				"A0B3B3BECA074A91C3C378CA",
				"54BEA89C0F20201BC969EDFB",
				"4BBAE13E61C0B3A37F0DC68F",
				"4E3031864EBBCEA73C2A6EF2",
				"F9AD53723B9265D60E11925C",
				"472CC3F3FB6B572FE39C0FFD",
				"43ABB08A9369EB6121635142",
				"6C86DD1F322DEA535ADD5C61");
			isa = PBXSourcesBuildPhase;
			runOnlyForDeploymentPostprocessing = 0;
			name = "Compile Sources";
		};
		3BBC1A4742B728BC22924A0F = {
			isa = PBXFileReference;
			name = "QtOpenGL.framework";
			path = "/Users/asif/Qt5.7.1/5.7/clang_64/lib/QtOpenGL.framework";
			refType = 0;
			sourceTree = "<absolute>";
			lastKnownFileType = "wrapper.framework";
		};
		5B4F2D4402C46D1F457F7B14 = {
			fileRef = "3BBC1A4742B728BC22924A0F";
			isa = PBXBuildFile;
			settings = {
			};
		};
		6AB7F6F6A21E22DBFFE3823E = {
			isa = PBXFileReference;
			name = "QtWidgets.framework";
			path = "/Users/asif/Qt5.7.1/5.7/clang_64/lib/QtWidgets.framework";
			refType = 0;
			sourceTree = "<absolute>";
			lastKnownFileType = "wrapper.framework";
		};
		6D63BBA8F4009E5582604225 = {
			fileRef = "6AB7F6F6A21E22DBFFE3823E";
			isa = PBXBuildFile;
			settings = {
			};
		};
		DA78C54300C11FC5242BE879 = {
			isa = PBXFileReference;
			name = "QtGui.framework";
			path = "/Users/asif/Qt5.7.1/5.7/clang_64/lib/QtGui.framework";
			refType = 0;
			sourceTree = "<absolute>";
			lastKnownFileType = "wrapper.framework";
		};
		175D50C4B4BDD37B480096A9 = {
			fileRef = "DA78C54300C11FC5242BE879";
			isa = PBXBuildFile;
			settings = {
			};
		};
		6001D14E4BF30180CECA5BCD = {
			isa = PBXFileReference;
			name = "QtCore.framework";
			path = "/Users/asif/Qt5.7.1/5.7/clang_64/lib/QtCore.framework";
			refType = 0;
			sourceTree = "<absolute>";
			lastKnownFileType = "wrapper.framework";
		};
		F68C2FC2B698C2F4F0AC2D72 = {
			fileRef = "6001D14E4BF30180CECA5BCD";
			isa = PBXBuildFile;
			settings = {
			};
		};
		2B774D8E4178765CE52EAAF5 = {
			isa = PBXFileReference;
			name = "DiskArbitration.framework";
			path = "/System/Library/Frameworks/DiskArbitration.framework";
			refType = 0;
			sourceTree = "<absolute>";
			lastKnownFileType = "wrapper.framework";
		};
		A99B2AA0F9CBBDD12BA126A4 = {
			fileRef = "2B774D8E4178765CE52EAAF5";
			isa = PBXBuildFile;
			settings = {
			};
		};
		A1A67BEAA744704B29168D39 = {
			isa = PBXFileReference;
			name = "IOKit.framework";
			path = "/System/Library/Frameworks/IOKit.framework";
			refType = 0;
			sourceTree = "<absolute>";
			lastKnownFileType = "wrapper.framework";
		};
		8D267F2E4776F0ECA2F49DC8 = {
			fileRef = "A1A67BEAA744704B29168D39";
			isa = PBXBuildFile;
			settings = {
			};
		};
		D4B32C2222F82AC56BADEB21 = {
			isa = PBXFileReference;
			name = "OpenGL.framework";
			path = "/System/Library/Frameworks/OpenGL.framework";
			refType = 0;
			sourceTree = "<absolute>";
			lastKnownFileType = "wrapper.framework";
		};
		8771A8C96E9C391044035D99 = {
			fileRef = "D4B32C2222F82AC56BADEB21";
			isa = PBXBuildFile;
			settings = {
			};
		};
		8D9815BDB5BD9F90D2BC05C5 = {
			isa = PBXFileReference;
			name = "AGL.framework";
			path = "/System/Library/Frameworks/AGL.framework";
			refType = 0;
			sourceTree = "<absolute>";
			lastKnownFileType = "wrapper.framework";
		};
		E45E51A644D5FC9F942ECE55 = {
			fileRef = "8D9815BDB5BD9F90D2BC05C5";
			isa = PBXBuildFile;
			settings = {
			};
		};
		AF39DD055C3EF8226FBE929D = {
			children = (
				"3BBC1A4742B728BC22924A0F",
				"6AB7F6F6A21E22DBFFE3823E",
				"DA78C54300C11FC5242BE879",
				"6001D14E4BF30180CECA5BCD",
				"2B774D8E4178765CE52EAAF5",
				"A1A67BEAA744704B29168D39",
				"D4B32C2222F82AC56BADEB21",
				"8D9815BDB5BD9F90D2BC05C5");
			isa = PBXGroup;
			name = "Frameworks";
			sourceTree = "<group>";
		};
		D1C883685E82D5676953459A = {
			buildActionMask = 2147483647;
			files = (
				"5B4F2D4402C46D1F457F7B14",
				"6D63BBA8F4009E5582604225",
				"175D50C4B4BDD37B480096A9",
				"F68C2FC2B698C2F4F0AC2D72",
				"A99B2AA0F9CBBDD12BA126A4",
				"8D267F2E4776F0ECA2F49DC8",
				"8771A8C96E9C391044035D99",
				"E45E51A644D5FC9F942ECE55");
			isa = PBXFrameworksBuildPhase;
			runOnlyForDeploymentPostprocessing = 0;
			name = "Link Binary With Libraries";
		};
		30414803F31797EB689AE508 = {
			buildActionMask = 2147483647;
			files = (
				"CCBCB35F6D53BA33263BDA52");
			isa = PBXResourcesBuildPhase;
			runOnlyForDeploymentPostprocessing = 0;
			name = "Copy Bundle Resources";
		};
		34F85EA19192DC3D4555555B = {
			isa = PBXFileReference;
			includeInIndex = 0;
			explicitFileType = "wrapper.application";
			path = "CS472.app";
			sourceTree = BUILT_PRODUCTS_DIR;
		};
		FE0A091FDBFB3E9C31B7A1BD = {
			children = (
				"34F85EA19192DC3D4555555B");
			isa = PBXGroup;
			name = "Products";
			sourceTree = "<group>";
		};
		E8C543AB96796ECAA2E65C57 = {
			children = (
				"2EB56BE3C2D93CDAB0C52E67",
				"25B08E2869634E9BCBA333A2",
				"74B182DB50CB5611B5C1C297",
				"87DF60DE337FB58864343E39",
				"AF39DD055C3EF8226FBE929D",
				"FE0A091FDBFB3E9C31B7A1BD");
			isa = PBXGroup;
			name = "CS472";
			sourceTree = "<group>";
		};
		2F3217B2661DB0FC55439272 = {
			buildPhases = (
				"5E618435888B9D49F8540165",
				"7EF0942E79C014DCEC8976BC");
			dependencies = (
				);
			buildConfigurationList = 6CC3B5D2136C7CD6A5CF5A59;
			isa = PBXAggregateTarget;
			buildRules = (
);
			productName = "Qt Preprocess";
			name = "Qt Preprocess";
		};
		114B704571EEC4AAC45A861F = {
			isa = PBXTargetDependency;
			target = "2F3217B2661DB0FC55439272";
		};
		4A65E9F7827D85765EACFE57 = {
			buildPhases = (
				"F7E50F631C51CD5B5DC0BC43",
				"D1C883685E82D5676953459A",
				"30414803F31797EB689AE508");
			dependencies = (
				"114B704571EEC4AAC45A861F");
			productReference = "34F85EA19192DC3D4555555B";
			buildConfigurationList = 6CC3B5D2136C7CD6A5CF5A59;
			isa = PBXNativeTarget;
			buildRules = (
);
			productType = "com.apple.product-type.application";
			name = "CS472";
			productName = "CS472";
		};
		3AA6C32AC930069E80220CF1 = {
			isa = XCBuildConfiguration;
			buildSettings = {
				COPY_PHASE_STRIP = "NO";
				ENABLE_BITCODE = "NO";
				GCC_GENERATE_DEBUGGING_SYMBOLS = "YES";
				GCC_OPTIMIZATION_LEVEL = "0";
				PRODUCT_NAME = "CS472";
				QT_LIBRARY_SUFFIX = "_debug";
				SDKROOT = "macosx";
				GCC_VERSION = com.apple.compilers.llvm.clang.1_0;
				CC = "/Applications/Xcode.app/Contents/Developer/Toolchains/XcodeDefault.xctoolchain/usr/bin/clang";
				LDPLUSPLUS = "/Applications/Xcode.app/Contents/Developer/Toolchains/XcodeDefault.xctoolchain/usr/bin/clang++";
				INFOPLIST_FILE = "Info.plist";
				SYMROOT = "/Users/asif/Documents/graphics/hw3/CS472.skel/";
				DYLIB_CURRENT_VERSION = "1.0.0";
				DYLIB_COMPATIBILITY_VERSION = "1.0";
				MACOSX_DEPLOYMENT_TARGET = "10.9";
				HEADER_SEARCH_PATHS = (
					".",
					".",
					"geometry",
					"camera",
					"lighting",
					"../../../../Qt5.7.1/5.7/clang_64/lib/QtOpenGL.framework/Headers",
					"../../../../Qt5.7.1/5.7/clang_64/lib/QtWidgets.framework/Headers",
					"../../../../Qt5.7.1/5.7/clang_64/lib/QtGui.framework/Headers",
					"../../../../Qt5.7.1/5.7/clang_64/lib/QtCore.framework/Headers",
					".",
					"/Applications/Xcode.app/Contents/Developer/Platforms/MacOSX.platform/Developer/SDKs/MacOSX10.12.sdk/System/Library/Frameworks/OpenGL.framework/Headers",
					"/Applications/Xcode.app/Contents/Developer/Platforms/MacOSX.platform/Developer/SDKs/MacOSX10.12.sdk/System/Library/Frameworks/AGL.framework/Headers",
					"../../../../Qt5.7.1/5.7/clang_64/mkspecs/macx-clang");
				LIBRARY_SEARCH_PATHS = (
					"/Users/asif/Qt5.7.1/5.7/clang_64/lib",
					"/System/Library/Frameworks/");
				FRAMEWORK_SEARCH_PATHS = (
					"/Users/asif/Qt5.7.1/5.7/clang_64/lib",
					"/Users/asif/Qt5.7.1/5.7/clang_64/lib");
				OTHER_CFLAGS = (
					"-pipe",
					"-O2",
					"-Wall",
					"-W",
					"-fPIC",
					"-DQT_NO_DEBUG",
					"-DQT_OPENGL_LIB",
					"-DQT_WIDGETS_LIB",
					"-DQT_GUI_LIB",
					"-DQT_CORE_LIB");
				OTHER_CPLUSPLUSFLAGS = (
					"-pipe",
					"-stdlib=libc++",
					"-mmacosx-version-min=10.9",
					"-O2",
					"-std=gnu++11",
					"-Wall",
					"-W",
					"-fPIC",
					"-DQT_NO_DEBUG",
					"-DQT_OPENGL_LIB",
					"-DQT_WIDGETS_LIB",
					"-DQT_GUI_LIB",
					"-DQT_CORE_LIB");
				OTHER_LDFLAGS = (
						"-headerpad_max_install_names",
						"-stdlib=libc++",
						"-Wl,-rpath,@executable_path/../Frameworks",
						"-mmacosx-version-min=10.9",
						"-Wl,-rpath,/Users/asif/Qt5.7.1/5.7/clang_64/lib",
						"-F/Users/asif/Qt5.7.1/5.7/clang_64/lib");
				ARCHS = "x86_64";
			};
			name = "Debug";
		};
		77418F46922677BB04ED38DD = {
			isa = XCBuildConfiguration;
			buildSettings = {
				COPY_PHASE_STRIP = "NO";
				ENABLE_BITCODE = "NO";
				GCC_GENERATE_DEBUGGING_SYMBOLS = "YES";
				GCC_OPTIMIZATION_LEVEL = "0";
				PRODUCT_NAME = "CS472";
				QT_LIBRARY_SUFFIX = "_debug";
				SDKROOT = "macosx";
				PRODUCT_NAME = "CS472";
			};
			name = "Debug";
		};
		339EE1B2CC4FC24589A0EA95 = {
			isa = XCBuildConfiguration;
			buildSettings = {
				COPY_PHASE_STRIP = "YES";
				ENABLE_BITCODE = "NO";
				GCC_GENERATE_DEBUGGING_SYMBOLS = "NO";
				PRODUCT_NAME = "CS472";
				QT_LIBRARY_SUFFIX = "";
				SDKROOT = "macosx";
				GCC_VERSION = com.apple.compilers.llvm.clang.1_0;
				CC = "/Applications/Xcode.app/Contents/Developer/Toolchains/XcodeDefault.xctoolchain/usr/bin/clang";
				LDPLUSPLUS = "/Applications/Xcode.app/Contents/Developer/Toolchains/XcodeDefault.xctoolchain/usr/bin/clang++";
				INFOPLIST_FILE = "Info.plist";
				SYMROOT = "/Users/asif/Documents/graphics/hw3/CS472.skel/";
				DYLIB_CURRENT_VERSION = "1.0.0";
				DYLIB_COMPATIBILITY_VERSION = "1.0";
				MACOSX_DEPLOYMENT_TARGET = "10.9";
				HEADER_SEARCH_PATHS = (
					".",
					".",
					"geometry",
					"camera",
					"lighting",
					"../../../../Qt5.7.1/5.7/clang_64/lib/QtOpenGL.framework/Headers",
					"../../../../Qt5.7.1/5.7/clang_64/lib/QtWidgets.framework/Headers",
					"../../../../Qt5.7.1/5.7/clang_64/lib/QtGui.framework/Headers",
					"../../../../Qt5.7.1/5.7/clang_64/lib/QtCore.framework/Headers",
					".",
					"/Applications/Xcode.app/Contents/Developer/Platforms/MacOSX.platform/Developer/SDKs/MacOSX10.12.sdk/System/Library/Frameworks/OpenGL.framework/Headers",
					"/Applications/Xcode.app/Contents/Developer/Platforms/MacOSX.platform/Developer/SDKs/MacOSX10.12.sdk/System/Library/Frameworks/AGL.framework/Headers",
					"../../../../Qt5.7.1/5.7/clang_64/mkspecs/macx-clang");
				LIBRARY_SEARCH_PATHS = (
					"/Users/asif/Qt5.7.1/5.7/clang_64/lib",
					"/System/Library/Frameworks/");
				FRAMEWORK_SEARCH_PATHS = (
					"/Users/asif/Qt5.7.1/5.7/clang_64/lib",
					"/Users/asif/Qt5.7.1/5.7/clang_64/lib");
				OTHER_CFLAGS = (
					"-pipe",
					"-O2",
					"-Wall",
					"-W",
					"-fPIC",
					"-DQT_NO_DEBUG",
					"-DQT_OPENGL_LIB",
					"-DQT_WIDGETS_LIB",
					"-DQT_GUI_LIB",
					"-DQT_CORE_LIB");
				OTHER_CPLUSPLUSFLAGS = (
					"-pipe",
					"-stdlib=libc++",
					"-mmacosx-version-min=10.9",
					"-O2",
					"-std=gnu++11",
					"-Wall",
					"-W",
					"-fPIC",
					"-DQT_NO_DEBUG",
					"-DQT_OPENGL_LIB",
					"-DQT_WIDGETS_LIB",
					"-DQT_GUI_LIB",
					"-DQT_CORE_LIB");
				OTHER_LDFLAGS = (
						"-headerpad_max_install_names",
						"-stdlib=libc++",
						"-Wl,-rpath,@executable_path/../Frameworks",
						"-mmacosx-version-min=10.9",
						"-Wl,-rpath,/Users/asif/Qt5.7.1/5.7/clang_64/lib",
						"-F/Users/asif/Qt5.7.1/5.7/clang_64/lib");
				ARCHS = "x86_64";
			};
			name = "Release";
		};
		6666AA5E688052234F6758D8 = {
			isa = XCBuildConfiguration;
			buildSettings = {
				COPY_PHASE_STRIP = "YES";
				ENABLE_BITCODE = "NO";
				GCC_GENERATE_DEBUGGING_SYMBOLS = "NO";
				PRODUCT_NAME = "CS472";
				QT_LIBRARY_SUFFIX = "";
				SDKROOT = "macosx";
				PRODUCT_NAME = "CS472";
			};
			name = "Release";
		};
		DAC4C1AA5EDEA1C85E9CA5E6 = {
			isa = XCConfigurationList;
			buildConfigurations = (
				"3AA6C32AC930069E80220CF1",
				"339EE1B2CC4FC24589A0EA95");
			defaultConfigurationIsVisible = 0;
			defaultConfigurationName = "Release";
		};
		6CC3B5D2136C7CD6A5CF5A59 = {
			isa = XCConfigurationList;
			buildConfigurations = (
				"77418F46922677BB04ED38DD",
				"6666AA5E688052234F6758D8");
			defaultConfigurationIsVisible = 0;
			defaultConfigurationName = "Release";
		};
		6DB9C3763D02B1415CD9D565 = {
			hasScannedForEncodings = 1;
			compatibilityVersion = "Xcode 3.2";
			isa = PBXProject;
			mainGroup = "E8C543AB96796ECAA2E65C57";
			productRefGroup = "FE0A091FDBFB3E9C31B7A1BD";
			buildConfigurationList = "DAC4C1AA5EDEA1C85E9CA5E6";
			projectDirPath = "";
			projectRoot = "";
			targets = (
				"4A65E9F7827D85765EACFE57",
				"2F3217B2661DB0FC55439272");
			attributes = {
				TargetAttributes = {
				};
			};
		};
	};
	rootObject = "6DB9C3763D02B1415CD9D565";
}
