// !$*UTF8*$!
{
	archiveVersion = 1;
	classes = {
	};
	objectVersion = 46;
	objects = {

/* Begin PBXAggregateTarget section */
		F5120FEBE5D2890395250703 /* Qt Preprocess */ = {
			isa = PBXAggregateTarget;
			buildConfigurationList = 6CC3B5D2136C7CD6A5CF5A59 /* Build configuration list for PBXNativeTarget "CS472" */;
			buildPhases = (
				5E618435888B9D49F8540165 /* Qt Qmake */,
				7EF0942E79C014DCEC8976BC /* Qt Preprocessors */,
			);
			dependencies = (
			);
			name = "Qt Preprocess";
			productName = "Qt Preprocess";
		};
/* End PBXAggregateTarget section */

/* Begin PBXBuildFile section */
		04BA5DA5A1D3C65917CA0BA9 /* QtOpenGL.framework in Link Binary With Libraries */ = {isa = PBXBuildFile; fileRef = DFC66F21432D87B25B0EA461 /* QtOpenGL.framework */; };
		0915F121484070E4F0C9073F /* moc_HW0b.cpp in Compile Sources */ = {isa = PBXBuildFile; fileRef = 2E116557107DF2CFB8672840 /* moc_HW0b.cpp */; settings = {ATTRIBUTES = (); }; };
		0B6EC16C6D48DEF4A71E6599 /* moc_HW3a.cpp in Compile Sources */ = {isa = PBXBuildFile; fileRef = 2813A9C44CF17BF44CF7E804 /* moc_HW3a.cpp */; settings = {ATTRIBUTES = (); }; };
		0C6A3C2EF3BDBA5C9737F6D7 /* moc_HW0a.cpp in Compile Sources */ = {isa = PBXBuildFile; fileRef = D1E64E7724BA951EC56047EE /* moc_HW0a.cpp */; settings = {ATTRIBUTES = (); }; };
		0E4559376778DAB79DB41C12 /* HW3a.cpp in Compile Sources */ = {isa = PBXBuildFile; fileRef = 81DC98CBD6832CD5AA391A06 /* HW3a.cpp */; settings = {ATTRIBUTES = (); }; };
		11264F1C1EB7E23E005569F7 /* fshader3a1.glsl in Copy Bundle Resources */ = {isa = PBXBuildFile; fileRef = 11264F0E1EB7E23E005569F7 /* fshader3a1.glsl */; };
		11264F1D1EB7E23E005569F7 /* fshader3a2.glsl in Copy Bundle Resources */ = {isa = PBXBuildFile; fileRef = 11264F0F1EB7E23E005569F7 /* fshader3a2.glsl */; };
		11264F1E1EB7E23E005569F7 /* fshader3b1.glsl in Copy Bundle Resources */ = {isa = PBXBuildFile; fileRef = 11264F101EB7E23E005569F7 /* fshader3b1.glsl */; };
		11264F1F1EB7E23E005569F7 /* fshader3b2.glsl in Copy Bundle Resources */ = {isa = PBXBuildFile; fileRef = 11264F111EB7E23E005569F7 /* fshader3b2.glsl */; };
		11264F201EB7E23E005569F7 /* fshader3b3.glsl in Copy Bundle Resources */ = {isa = PBXBuildFile; fileRef = 11264F121EB7E23E005569F7 /* fshader3b3.glsl */; };
		11264F211EB7E23E005569F7 /* fshader3b4.glsl in Copy Bundle Resources */ = {isa = PBXBuildFile; fileRef = 11264F131EB7E23E005569F7 /* fshader3b4.glsl */; };
		11264F221EB7E23E005569F7 /* fshader3b5.glsl in Copy Bundle Resources */ = {isa = PBXBuildFile; fileRef = 11264F141EB7E23E005569F7 /* fshader3b5.glsl */; };
		11264F231EB7E23E005569F7 /* vshader3a1.glsl in Copy Bundle Resources */ = {isa = PBXBuildFile; fileRef = 11264F151EB7E23E005569F7 /* vshader3a1.glsl */; };
		11264F241EB7E23E005569F7 /* vshader3a2.glsl in Copy Bundle Resources */ = {isa = PBXBuildFile; fileRef = 11264F161EB7E23E005569F7 /* vshader3a2.glsl */; };
		11264F251EB7E23E005569F7 /* vshader3b1.glsl in Copy Bundle Resources */ = {isa = PBXBuildFile; fileRef = 11264F171EB7E23E005569F7 /* vshader3b1.glsl */; };
		11264F261EB7E23E005569F7 /* vshader3b2.glsl in Copy Bundle Resources */ = {isa = PBXBuildFile; fileRef = 11264F181EB7E23E005569F7 /* vshader3b2.glsl */; };
		11264F271EB7E23E005569F7 /* vshader3b3.glsl in Copy Bundle Resources */ = {isa = PBXBuildFile; fileRef = 11264F191EB7E23E005569F7 /* vshader3b3.glsl */; };
		11264F281EB7E23E005569F7 /* vshader3b4.glsl in Copy Bundle Resources */ = {isa = PBXBuildFile; fileRef = 11264F1A1EB7E23E005569F7 /* vshader3b4.glsl */; };
		11264F291EB7E23E005569F7 /* vshader3b5.glsl in Copy Bundle Resources */ = {isa = PBXBuildFile; fileRef = 11264F1B1EB7E23E005569F7 /* vshader3b5.glsl */; };
		1973CD3C44243F680474ED93 /* QtCore.framework in Link Binary With Libraries */ = {isa = PBXBuildFile; fileRef = AE1EB5DFE23C6F3298A7AA85 /* QtCore.framework */; };
		235843E2E59A90670F6670FF /* main.cpp in Compile Sources */ = {isa = PBXBuildFile; fileRef = 8A8640232379E4A6A14FB4AA /* main.cpp */; settings = {ATTRIBUTES = (); }; };
		305F53A895B2BD6DC918BF8C /* HW0a.cpp in Compile Sources */ = {isa = PBXBuildFile; fileRef = 75D67AE0A20ED0C742D5A911 /* HW0a.cpp */; settings = {ATTRIBUTES = (); }; };
		312D3F48FB0EDC45093E7E83 /* MainWindow.cpp in Compile Sources */ = {isa = PBXBuildFile; fileRef = BF1B76F99E99C9C37BAF9BCA /* MainWindow.cpp */; settings = {ATTRIBUTES = (); }; };
		3CC90AB349501F45131F1E64 /* dummy.cpp in Compile Sources */ = {isa = PBXBuildFile; fileRef = 58B2ECF27C7F1E742981BCEA /* dummy.cpp */; settings = {ATTRIBUTES = (); }; };
		54712738B3756843A436FAE5 /* HW0b.cpp in Compile Sources */ = {isa = PBXBuildFile; fileRef = 96BE259BFA98EEF4C253E69C /* HW0b.cpp */; settings = {ATTRIBUTES = (); }; };
		69B115433D14B411403FA4D9 /* moc_dummy.cpp in Compile Sources */ = {isa = PBXBuildFile; fileRef = 7FEC604B5DEA128CDA165EE3 /* moc_dummy.cpp */; settings = {ATTRIBUTES = (); }; };
		6CB17754F9F5E907D34EC30F /* moc_HW2b.cpp in Compile Sources */ = {isa = PBXBuildFile; fileRef = 420A0C9D79BBCD11471820F5 /* moc_HW2b.cpp */; settings = {ATTRIBUTES = (); }; };
		6F2A4A6F960735EB3C89CC17 /* Cube.cpp in Compile Sources */ = {isa = PBXBuildFile; fileRef = 593291C2459118DA3D90D8D5 /* Cube.cpp */; settings = {ATTRIBUTES = (); }; };
		70672ED69F511BCB018A9922 /* HW2a.cpp in Compile Sources */ = {isa = PBXBuildFile; fileRef = BA93ABBE065A57ECEB3D8B13 /* HW2a.cpp */; settings = {ATTRIBUTES = (); }; };
		71D3D3525ED104ED34AF7DFB /* Cone.cpp in Compile Sources */ = {isa = PBXBuildFile; fileRef = F90C77D09806A8E63913E4CE /* Cone.cpp */; settings = {ATTRIBUTES = (); }; };
		7659E268E61A80C6D9417F45 /* Cylinder.cpp in Compile Sources */ = {isa = PBXBuildFile; fileRef = C216C218CF685D97852A43B2 /* Cylinder.cpp */; settings = {ATTRIBUTES = (); }; };
		7E3209A9AB79AA29EE674487 /* HW1b.cpp in Compile Sources */ = {isa = PBXBuildFile; fileRef = 77CA1F9FEAAE3BF47F3AD032 /* HW1b.cpp */; settings = {ATTRIBUTES = (); }; };
		84DB20330B3C36B193E6D34A /* Scene.cpp in Compile Sources */ = {isa = PBXBuildFile; fileRef = 3750B702DDE96C988A8F0760 /* Scene.cpp */; settings = {ATTRIBUTES = (); }; };
		8771A8C96E9C391044035D99 /* OpenGL.framework in Link Binary With Libraries */ = {isa = PBXBuildFile; fileRef = D4B32C2222F82AC56BADEB21 /* OpenGL.framework */; };
		8A84FC14C7F8D3EEBFF3441D /* moc_HW0c.cpp in Compile Sources */ = {isa = PBXBuildFile; fileRef = 8E7C0A4A41BBA1AA9CD60F2E /* moc_HW0c.cpp */; settings = {ATTRIBUTES = (); }; };
		8D267F2E4776F0ECA2F49DC8 /* IOKit.framework in Link Binary With Libraries */ = {isa = PBXBuildFile; fileRef = A1A67BEAA744704B29168D39 /* IOKit.framework */; };
		90DF866E037551D44027AB6B /* qrc_CS472.cpp in Compile Sources */ = {isa = PBXBuildFile; fileRef = 7A4C1BA37ADA393E9502C9FC /* qrc_CS472.cpp */; settings = {ATTRIBUTES = (); }; };
		91AE7ACFBAC3E0E29DDAB2CE /* HW1a.cpp in Compile Sources */ = {isa = PBXBuildFile; fileRef = EEC48E60D4713A9FF8783C5A /* HW1a.cpp */; settings = {ATTRIBUTES = (); }; };
		926A010694EF5646630ACB5A /* HW3b.cpp in Compile Sources */ = {isa = PBXBuildFile; fileRef = 80CC8DFB79D978C257856C91 /* HW3b.cpp */; settings = {ATTRIBUTES = (); }; };
		94ACF4F76BC5BA62AF67FC5E /* Light.cpp in Compile Sources */ = {isa = PBXBuildFile; fileRef = 805537695CA12A05EB8FC52E /* Light.cpp */; settings = {ATTRIBUTES = (); }; };
		9991D65C3E8F82782ECD6497 /* Sphere.cpp in Compile Sources */ = {isa = PBXBuildFile; fileRef = BB9BAFCA8BD2D03FA0678CD4 /* Sphere.cpp */; settings = {ATTRIBUTES = (); }; };
		A99B2AA0F9CBBDD12BA126A4 /* DiskArbitration.framework in Link Binary With Libraries */ = {isa = PBXBuildFile; fileRef = 2B774D8E4178765CE52EAAF5 /* DiskArbitration.framework */; };
		B95C24D36B4DDEDD8D94D75A /* moc_HW2a.cpp in Compile Sources */ = {isa = PBXBuildFile; fileRef = BB8C85109225C8876DEB18D6 /* moc_HW2a.cpp */; settings = {ATTRIBUTES = (); }; };
		BBA5631EA496A0B02A8B169A /* HW0c.cpp in Compile Sources */ = {isa = PBXBuildFile; fileRef = EFAF1A97F6843D9FAB4C6087 /* HW0c.cpp */; settings = {ATTRIBUTES = (); }; };
		BDB8DBAB4B9CB189C69623FE /* moc_MainWindow.cpp in Compile Sources */ = {isa = PBXBuildFile; fileRef = 6537C162ED36A3FACC22B392 /* moc_MainWindow.cpp */; settings = {ATTRIBUTES = (); }; };
		BF83C4F1FB311CA5003C9A49 /* QtWidgets.framework in Link Binary With Libraries */ = {isa = PBXBuildFile; fileRef = 45837D15EA37FDB90F40AC3F /* QtWidgets.framework */; };
		C30F6CE44CB5A5DB3F47A355 /* QtGui.framework in Link Binary With Libraries */ = {isa = PBXBuildFile; fileRef = 6AD9C99BD4D2A9FF7E2672BB /* QtGui.framework */; };
		C4682243118AC3C826F2C8F2 /* Camera.cpp in Compile Sources */ = {isa = PBXBuildFile; fileRef = B0BD17172F02C1BF1EE27E21 /* Camera.cpp */; settings = {ATTRIBUTES = (); }; };
		D9FEFD96CB8297647205F55F /* HW.cpp in Compile Sources */ = {isa = PBXBuildFile; fileRef = FEAA7FA90BA35DE4878AAF8D /* HW.cpp */; settings = {ATTRIBUTES = (); }; };
		E45E51A644D5FC9F942ECE55 /* AGL.framework in Link Binary With Libraries */ = {isa = PBXBuildFile; fileRef = 8D9815BDB5BD9F90D2BC05C5 /* AGL.framework */; };
		EA363A6486EB4FABDBD6B9A7 /* moc_HW3b.cpp in Compile Sources */ = {isa = PBXBuildFile; fileRef = AEC4538F9B3DF1AE4A60751B /* moc_HW3b.cpp */; settings = {ATTRIBUTES = (); }; };
		EF70E39193AF44457DBE0E97 /* HW2b.cpp in Compile Sources */ = {isa = PBXBuildFile; fileRef = 5BEB3563888F8C1256B007F9 /* HW2b.cpp */; settings = {ATTRIBUTES = (); }; };
		F4351AE69CA18E08F428354D /* moc_HW1a.cpp in Compile Sources */ = {isa = PBXBuildFile; fileRef = 0D28FC811AFD99276F5FDA6A /* moc_HW1a.cpp */; settings = {ATTRIBUTES = (); }; };
		FE989FFF662DF86A2546E1F0 /* moc_HW1b.cpp in Compile Sources */ = {isa = PBXBuildFile; fileRef = EA5CE42BAECE4E2A795A9C7D /* moc_HW1b.cpp */; settings = {ATTRIBUTES = (); }; };
/* End PBXBuildFile section */

/* Begin PBXContainerItemProxy section */
		11264F0D1EB7E044005569F7 /* PBXContainerItemProxy */ = {
			isa = PBXContainerItemProxy;
			containerPortal = 6DB9C3763D02B1415CD9D565 /* Project object */;
			proxyType = 1;
			remoteGlobalIDString = F5120FEBE5D2890395250703;
			remoteInfo = "Qt Preprocess";
		};
/* End PBXContainerItemProxy section */

/* Begin PBXFileReference section */
		0B4EA3839119FD9B45987899 /* Geometry.h */ = {isa = PBXFileReference; lastKnownFileType = sourcecode.c.h; name = Geometry.h; path = /Users/Rahman/Documents/GitHub/graphics/hw3/CS472.skel/geometry/Geometry.h; sourceTree = "<absolute>"; };
		0C7A9C00B6235015B44C78EF /* HW1b.h */ = {isa = PBXFileReference; lastKnownFileType = sourcecode.c.h; name = HW1b.h; path = /Users/Rahman/Documents/GitHub/graphics/hw3/CS472.skel/hw1/HW1b.h; sourceTree = "<absolute>"; };
		0D28FC811AFD99276F5FDA6A /* moc_HW1a.cpp */ = {isa = PBXFileReference; lastKnownFileType = sourcecode.cpp.cpp; name = moc_HW1a.cpp; path = /Users/Rahman/Documents/GitHub/graphics/hw3/CS472.skel/moc_HW1a.cpp; sourceTree = "<absolute>"; };
		11264F0E1EB7E23E005569F7 /* fshader3a1.glsl */ = {isa = PBXFileReference; fileEncoding = 4; lastKnownFileType = text; name = fshader3a1.glsl; path = hw3/fshader3a1.glsl; sourceTree = "<group>"; };
		11264F0F1EB7E23E005569F7 /* fshader3a2.glsl */ = {isa = PBXFileReference; fileEncoding = 4; lastKnownFileType = text; name = fshader3a2.glsl; path = hw3/fshader3a2.glsl; sourceTree = "<group>"; };
		11264F101EB7E23E005569F7 /* fshader3b1.glsl */ = {isa = PBXFileReference; fileEncoding = 4; lastKnownFileType = text; name = fshader3b1.glsl; path = hw3/fshader3b1.glsl; sourceTree = "<group>"; };
		11264F111EB7E23E005569F7 /* fshader3b2.glsl */ = {isa = PBXFileReference; fileEncoding = 4; lastKnownFileType = text; name = fshader3b2.glsl; path = hw3/fshader3b2.glsl; sourceTree = "<group>"; };
		11264F121EB7E23E005569F7 /* fshader3b3.glsl */ = {isa = PBXFileReference; fileEncoding = 4; lastKnownFileType = text; name = fshader3b3.glsl; path = hw3/fshader3b3.glsl; sourceTree = "<group>"; };
		11264F131EB7E23E005569F7 /* fshader3b4.glsl */ = {isa = PBXFileReference; fileEncoding = 4; lastKnownFileType = text; name = fshader3b4.glsl; path = hw3/fshader3b4.glsl; sourceTree = "<group>"; };
		11264F141EB7E23E005569F7 /* fshader3b5.glsl */ = {isa = PBXFileReference; fileEncoding = 4; lastKnownFileType = text; name = fshader3b5.glsl; path = hw3/fshader3b5.glsl; sourceTree = "<group>"; };
		11264F151EB7E23E005569F7 /* vshader3a1.glsl */ = {isa = PBXFileReference; fileEncoding = 4; lastKnownFileType = text; name = vshader3a1.glsl; path = hw3/vshader3a1.glsl; sourceTree = "<group>"; };
		11264F161EB7E23E005569F7 /* vshader3a2.glsl */ = {isa = PBXFileReference; fileEncoding = 4; lastKnownFileType = text; name = vshader3a2.glsl; path = hw3/vshader3a2.glsl; sourceTree = "<group>"; };
		11264F171EB7E23E005569F7 /* vshader3b1.glsl */ = {isa = PBXFileReference; fileEncoding = 4; lastKnownFileType = text; name = vshader3b1.glsl; path = hw3/vshader3b1.glsl; sourceTree = "<group>"; };
		11264F181EB7E23E005569F7 /* vshader3b2.glsl */ = {isa = PBXFileReference; fileEncoding = 4; lastKnownFileType = text; name = vshader3b2.glsl; path = hw3/vshader3b2.glsl; sourceTree = "<group>"; };
		11264F191EB7E23E005569F7 /* vshader3b3.glsl */ = {isa = PBXFileReference; fileEncoding = 4; lastKnownFileType = text; name = vshader3b3.glsl; path = hw3/vshader3b3.glsl; sourceTree = "<group>"; };
		11264F1A1EB7E23E005569F7 /* vshader3b4.glsl */ = {isa = PBXFileReference; fileEncoding = 4; lastKnownFileType = text; name = vshader3b4.glsl; path = hw3/vshader3b4.glsl; sourceTree = "<group>"; };
		11264F1B1EB7E23E005569F7 /* vshader3b5.glsl */ = {isa = PBXFileReference; fileEncoding = 4; lastKnownFileType = text; name = vshader3b5.glsl; path = hw3/vshader3b5.glsl; sourceTree = "<group>"; };
		209BB1C741BC3B8AF51E6B46 /* CS472.app */ = {isa = PBXFileReference; explicitFileType = wrapper.application; includeInIndex = 0; path = CS472.app; sourceTree = BUILT_PRODUCTS_DIR; };
		2813A9C44CF17BF44CF7E804 /* moc_HW3a.cpp */ = {isa = PBXFileReference; lastKnownFileType = sourcecode.cpp.cpp; name = moc_HW3a.cpp; path = /Users/Rahman/Documents/GitHub/graphics/hw3/CS472.skel/moc_HW3a.cpp; sourceTree = "<absolute>"; };
		29BDF2F3E337F975A00344CE /* Camera.h */ = {isa = PBXFileReference; lastKnownFileType = sourcecode.c.h; name = Camera.h; path = /Users/Rahman/Documents/GitHub/graphics/hw3/CS472.skel/camera/Camera.h; sourceTree = "<absolute>"; };
		2B774D8E4178765CE52EAAF5 /* DiskArbitration.framework */ = {isa = PBXFileReference; lastKnownFileType = wrapper.framework; name = DiskArbitration.framework; path = /System/Library/Frameworks/DiskArbitration.framework; sourceTree = "<absolute>"; };
		2E116557107DF2CFB8672840 /* moc_HW0b.cpp */ = {isa = PBXFileReference; lastKnownFileType = sourcecode.cpp.cpp; name = moc_HW0b.cpp; path = /Users/Rahman/Documents/GitHub/graphics/hw3/CS472.skel/moc_HW0b.cpp; sourceTree = "<absolute>"; };
		31EC08F4F541EEF0083D33C1 /* HW0c.h */ = {isa = PBXFileReference; lastKnownFileType = sourcecode.c.h; name = HW0c.h; path = /Users/Rahman/Documents/GitHub/graphics/hw3/CS472.skel/hw0/HW0c.h; sourceTree = "<absolute>"; };
		370FF8DD1DEE80BFC78BCAF9 /* .qmake.stash */ = {isa = PBXFileReference; lastKnownFileType = text; name = .qmake.stash; path = /Users/Rahman/Documents/GitHub/graphics/hw3/CS472.skel/.qmake.stash; sourceTree = "<absolute>"; };
		3750B702DDE96C988A8F0760 /* Scene.cpp */ = {isa = PBXFileReference; lastKnownFileType = sourcecode.cpp.cpp; name = Scene.cpp; path = /Users/Rahman/Documents/GitHub/graphics/hw3/CS472.skel/geometry/Scene.cpp; sourceTree = "<absolute>"; };
		39EA568418D70EA0B20F4819 /* Cone.h */ = {isa = PBXFileReference; lastKnownFileType = sourcecode.c.h; name = Cone.h; path = /Users/Rahman/Documents/GitHub/graphics/hw3/CS472.skel/geometry/Cone.h; sourceTree = "<absolute>"; };
		420A0C9D79BBCD11471820F5 /* moc_HW2b.cpp */ = {isa = PBXFileReference; lastKnownFileType = sourcecode.cpp.cpp; name = moc_HW2b.cpp; path = /Users/Rahman/Documents/GitHub/graphics/hw3/CS472.skel/moc_HW2b.cpp; sourceTree = "<absolute>"; };
		45837D15EA37FDB90F40AC3F /* QtWidgets.framework */ = {isa = PBXFileReference; lastKnownFileType = wrapper.framework; name = QtWidgets.framework; path = /Users/Rahman/Qt5.7.1/5.7/clang_64/lib/QtWidgets.framework; sourceTree = "<absolute>"; };
		51A2F34F05E929621A30FFDE /* CS472.pro */ = {isa = PBXFileReference; lastKnownFileType = text; name = CS472.pro; path = /Users/Rahman/Documents/GitHub/graphics/hw3/CS472.skel/CS472.pro; sourceTree = "<absolute>"; };
		58B2ECF27C7F1E742981BCEA /* dummy.cpp */ = {isa = PBXFileReference; lastKnownFileType = sourcecode.cpp.cpp; name = dummy.cpp; path = /Users/Rahman/Documents/GitHub/graphics/hw3/CS472.skel/dummy.cpp; sourceTree = "<absolute>"; };
		593291C2459118DA3D90D8D5 /* Cube.cpp */ = {isa = PBXFileReference; lastKnownFileType = sourcecode.cpp.cpp; name = Cube.cpp; path = /Users/Rahman/Documents/GitHub/graphics/hw3/CS472.skel/geometry/Cube.cpp; sourceTree = "<absolute>"; };
		5BEB3563888F8C1256B007F9 /* HW2b.cpp */ = {isa = PBXFileReference; lastKnownFileType = sourcecode.cpp.cpp; name = HW2b.cpp; path = /Users/Rahman/Documents/GitHub/graphics/hw3/CS472.skel/hw2/HW2b.cpp; sourceTree = "<absolute>"; };
		6537C162ED36A3FACC22B392 /* moc_MainWindow.cpp */ = {isa = PBXFileReference; lastKnownFileType = sourcecode.cpp.cpp; name = moc_MainWindow.cpp; path = /Users/Rahman/Documents/GitHub/graphics/hw3/CS472.skel/moc_MainWindow.cpp; sourceTree = "<absolute>"; };
		67F6AC9B81FD4AF910888671 /* MainWindow.h */ = {isa = PBXFileReference; lastKnownFileType = sourcecode.c.h; name = MainWindow.h; path = /Users/Rahman/Documents/GitHub/graphics/hw3/CS472.skel/MainWindow.h; sourceTree = "<absolute>"; };
		6AD9C99BD4D2A9FF7E2672BB /* QtGui.framework */ = {isa = PBXFileReference; lastKnownFileType = wrapper.framework; name = QtGui.framework; path = /Users/Rahman/Qt5.7.1/5.7/clang_64/lib/QtGui.framework; sourceTree = "<absolute>"; };
		72E9A3E48AF8A9B0F6BEC252 /* Sphere.h */ = {isa = PBXFileReference; lastKnownFileType = sourcecode.c.h; name = Sphere.h; path = /Users/Rahman/Documents/GitHub/graphics/hw3/CS472.skel/geometry/Sphere.h; sourceTree = "<absolute>"; };
		74EB1BB1700D4A67966A060C /* HW1a.h */ = {isa = PBXFileReference; lastKnownFileType = sourcecode.c.h; name = HW1a.h; path = /Users/Rahman/Documents/GitHub/graphics/hw3/CS472.skel/hw1/HW1a.h; sourceTree = "<absolute>"; };
		75D67AE0A20ED0C742D5A911 /* HW0a.cpp */ = {isa = PBXFileReference; lastKnownFileType = sourcecode.cpp.cpp; name = HW0a.cpp; path = /Users/Rahman/Documents/GitHub/graphics/hw3/CS472.skel/hw0/HW0a.cpp; sourceTree = "<absolute>"; };
		77CA1F9FEAAE3BF47F3AD032 /* HW1b.cpp */ = {isa = PBXFileReference; lastKnownFileType = sourcecode.cpp.cpp; name = HW1b.cpp; path = /Users/Rahman/Documents/GitHub/graphics/hw3/CS472.skel/hw1/HW1b.cpp; sourceTree = "<absolute>"; };
		79D39E63255E3658EAF5BC06 /* Cube.h */ = {isa = PBXFileReference; lastKnownFileType = sourcecode.c.h; name = Cube.h; path = /Users/Rahman/Documents/GitHub/graphics/hw3/CS472.skel/geometry/Cube.h; sourceTree = "<absolute>"; };
		7A4C1BA37ADA393E9502C9FC /* qrc_CS472.cpp */ = {isa = PBXFileReference; lastKnownFileType = sourcecode.cpp.cpp; name = qrc_CS472.cpp; path = /Users/Rahman/Documents/GitHub/graphics/hw3/CS472.skel/qrc_CS472.cpp; sourceTree = "<absolute>"; };
		7FEC604B5DEA128CDA165EE3 /* moc_dummy.cpp */ = {isa = PBXFileReference; lastKnownFileType = sourcecode.cpp.cpp; name = moc_dummy.cpp; path = /Users/Rahman/Documents/GitHub/graphics/hw3/CS472.skel/moc_dummy.cpp; sourceTree = "<absolute>"; };
		805537695CA12A05EB8FC52E /* Light.cpp */ = {isa = PBXFileReference; lastKnownFileType = sourcecode.cpp.cpp; name = Light.cpp; path = /Users/Rahman/Documents/GitHub/graphics/hw3/CS472.skel/lighting/Light.cpp; sourceTree = "<absolute>"; };
		80CC8DFB79D978C257856C91 /* HW3b.cpp */ = {isa = PBXFileReference; lastKnownFileType = sourcecode.cpp.cpp; name = HW3b.cpp; path = /Users/Rahman/Documents/GitHub/graphics/hw3/CS472.skel/hw3/HW3b.cpp; sourceTree = "<absolute>"; };
		81DC98CBD6832CD5AA391A06 /* HW3a.cpp */ = {isa = PBXFileReference; lastKnownFileType = sourcecode.cpp.cpp; name = HW3a.cpp; path = /Users/Rahman/Documents/GitHub/graphics/hw3/CS472.skel/hw3/HW3a.cpp; sourceTree = "<absolute>"; };
		8A8640232379E4A6A14FB4AA /* main.cpp */ = {isa = PBXFileReference; lastKnownFileType = sourcecode.cpp.cpp; name = main.cpp; path = /Users/Rahman/Documents/GitHub/graphics/hw3/CS472.skel/main.cpp; sourceTree = "<absolute>"; };
		8D9815BDB5BD9F90D2BC05C5 /* AGL.framework */ = {isa = PBXFileReference; lastKnownFileType = wrapper.framework; name = AGL.framework; path = /System/Library/Frameworks/AGL.framework; sourceTree = "<absolute>"; };
		8DC65AB678481AC48F0F6F50 /* HW3a.h */ = {isa = PBXFileReference; lastKnownFileType = sourcecode.c.h; name = HW3a.h; path = /Users/Rahman/Documents/GitHub/graphics/hw3/CS472.skel/hw3/HW3a.h; sourceTree = "<absolute>"; };
		8E7C0A4A41BBA1AA9CD60F2E /* moc_HW0c.cpp */ = {isa = PBXFileReference; lastKnownFileType = sourcecode.cpp.cpp; name = moc_HW0c.cpp; path = /Users/Rahman/Documents/GitHub/graphics/hw3/CS472.skel/moc_HW0c.cpp; sourceTree = "<absolute>"; };
		92F5B8CC7E68BC3AC93B579A /* dummy.h */ = {isa = PBXFileReference; lastKnownFileType = sourcecode.c.h; name = dummy.h; path = /Users/Rahman/Documents/GitHub/graphics/hw3/CS472.skel/dummy.h; sourceTree = "<absolute>"; };
		96BE259BFA98EEF4C253E69C /* HW0b.cpp */ = {isa = PBXFileReference; lastKnownFileType = sourcecode.cpp.cpp; name = HW0b.cpp; path = /Users/Rahman/Documents/GitHub/graphics/hw3/CS472.skel/hw0/HW0b.cpp; sourceTree = "<absolute>"; };
		982A3F26027926D50D1988B5 /* HW0a.h */ = {isa = PBXFileReference; lastKnownFileType = sourcecode.c.h; name = HW0a.h; path = /Users/Rahman/Documents/GitHub/graphics/hw3/CS472.skel/hw0/HW0a.h; sourceTree = "<absolute>"; };
		A1A67BEAA744704B29168D39 /* IOKit.framework */ = {isa = PBXFileReference; lastKnownFileType = wrapper.framework; name = IOKit.framework; path = /System/Library/Frameworks/IOKit.framework; sourceTree = "<absolute>"; };
		A7175991D8841D71F7FEC925 /* HW3b.h */ = {isa = PBXFileReference; lastKnownFileType = sourcecode.c.h; name = HW3b.h; path = /Users/Rahman/Documents/GitHub/graphics/hw3/CS472.skel/hw3/HW3b.h; sourceTree = "<absolute>"; };
		AE1EB5DFE23C6F3298A7AA85 /* QtCore.framework */ = {isa = PBXFileReference; lastKnownFileType = wrapper.framework; name = QtCore.framework; path = /Users/Rahman/Qt5.7.1/5.7/clang_64/lib/QtCore.framework; sourceTree = "<absolute>"; };
		AE9291EAD3338D02E39E42DA /* HW2b.h */ = {isa = PBXFileReference; lastKnownFileType = sourcecode.c.h; name = HW2b.h; path = /Users/Rahman/Documents/GitHub/graphics/hw3/CS472.skel/hw2/HW2b.h; sourceTree = "<absolute>"; };
		AEC4538F9B3DF1AE4A60751B /* moc_HW3b.cpp */ = {isa = PBXFileReference; lastKnownFileType = sourcecode.cpp.cpp; name = moc_HW3b.cpp; path = /Users/Rahman/Documents/GitHub/graphics/hw3/CS472.skel/moc_HW3b.cpp; sourceTree = "<absolute>"; };
		B0BD17172F02C1BF1EE27E21 /* Camera.cpp */ = {isa = PBXFileReference; lastKnownFileType = sourcecode.cpp.cpp; name = Camera.cpp; path = /Users/Rahman/Documents/GitHub/graphics/hw3/CS472.skel/camera/Camera.cpp; sourceTree = "<absolute>"; };
		BA93ABBE065A57ECEB3D8B13 /* HW2a.cpp */ = {isa = PBXFileReference; lastKnownFileType = sourcecode.cpp.cpp; name = HW2a.cpp; path = /Users/Rahman/Documents/GitHub/graphics/hw3/CS472.skel/hw2/HW2a.cpp; sourceTree = "<absolute>"; };
		BB8C85109225C8876DEB18D6 /* moc_HW2a.cpp */ = {isa = PBXFileReference; lastKnownFileType = sourcecode.cpp.cpp; name = moc_HW2a.cpp; path = /Users/Rahman/Documents/GitHub/graphics/hw3/CS472.skel/moc_HW2a.cpp; sourceTree = "<absolute>"; };
		BB9BAFCA8BD2D03FA0678CD4 /* Sphere.cpp */ = {isa = PBXFileReference; lastKnownFileType = sourcecode.cpp.cpp; name = Sphere.cpp; path = /Users/Rahman/Documents/GitHub/graphics/hw3/CS472.skel/geometry/Sphere.cpp; sourceTree = "<absolute>"; };
		BF1B76F99E99C9C37BAF9BCA /* MainWindow.cpp */ = {isa = PBXFileReference; lastKnownFileType = sourcecode.cpp.cpp; name = MainWindow.cpp; path = /Users/Rahman/Documents/GitHub/graphics/hw3/CS472.skel/MainWindow.cpp; sourceTree = "<absolute>"; };
		C01AB20A9215597F79DA398A /* Light.h */ = {isa = PBXFileReference; lastKnownFileType = sourcecode.c.h; name = Light.h; path = /Users/Rahman/Documents/GitHub/graphics/hw3/CS472.skel/lighting/Light.h; sourceTree = "<absolute>"; };
		C216C218CF685D97852A43B2 /* Cylinder.cpp */ = {isa = PBXFileReference; lastKnownFileType = sourcecode.cpp.cpp; name = Cylinder.cpp; path = /Users/Rahman/Documents/GitHub/graphics/hw3/CS472.skel/geometry/Cylinder.cpp; sourceTree = "<absolute>"; };
		CFCEBF42E29A0BA336759124 /* CS472.icns */ = {isa = PBXFileReference; lastKnownFileType = image.icns; name = CS472.icns; path = /Users/Rahman/Documents/GitHub/graphics/hw3/CS472.skel/CS472.icns; sourceTree = "<absolute>"; };
		D14680F59AAB692100366E89 /* HW2a.h */ = {isa = PBXFileReference; lastKnownFileType = sourcecode.c.h; name = HW2a.h; path = /Users/Rahman/Documents/GitHub/graphics/hw3/CS472.skel/hw2/HW2a.h; sourceTree = "<absolute>"; };
		D1E64E7724BA951EC56047EE /* moc_HW0a.cpp */ = {isa = PBXFileReference; lastKnownFileType = sourcecode.cpp.cpp; name = moc_HW0a.cpp; path = /Users/Rahman/Documents/GitHub/graphics/hw3/CS472.skel/moc_HW0a.cpp; sourceTree = "<absolute>"; };
		D4B32C2222F82AC56BADEB21 /* OpenGL.framework */ = {isa = PBXFileReference; lastKnownFileType = wrapper.framework; name = OpenGL.framework; path = /System/Library/Frameworks/OpenGL.framework; sourceTree = "<absolute>"; };
		DE59FBB76CAB519A14998860 /* HW0b.h */ = {isa = PBXFileReference; lastKnownFileType = sourcecode.c.h; name = HW0b.h; path = /Users/Rahman/Documents/GitHub/graphics/hw3/CS472.skel/hw0/HW0b.h; sourceTree = "<absolute>"; };
		DFC66F21432D87B25B0EA461 /* QtOpenGL.framework */ = {isa = PBXFileReference; lastKnownFileType = wrapper.framework; name = QtOpenGL.framework; path = /Users/Rahman/Qt5.7.1/5.7/clang_64/lib/QtOpenGL.framework; sourceTree = "<absolute>"; };
		DFCED43049A514073BEEAB4E /* Scene.h */ = {isa = PBXFileReference; lastKnownFileType = sourcecode.c.h; name = Scene.h; path = /Users/Rahman/Documents/GitHub/graphics/hw3/CS472.skel/geometry/Scene.h; sourceTree = "<absolute>"; };
		EA5CE42BAECE4E2A795A9C7D /* moc_HW1b.cpp */ = {isa = PBXFileReference; lastKnownFileType = sourcecode.cpp.cpp; name = moc_HW1b.cpp; path = /Users/Rahman/Documents/GitHub/graphics/hw3/CS472.skel/moc_HW1b.cpp; sourceTree = "<absolute>"; };
		EC7740513394BB7EB6BE6EC6 /* HW.h */ = {isa = PBXFileReference; lastKnownFileType = sourcecode.c.h; name = HW.h; path = /Users/Rahman/Documents/GitHub/graphics/hw3/CS472.skel/HW.h; sourceTree = "<absolute>"; };
		EEC48E60D4713A9FF8783C5A /* HW1a.cpp */ = {isa = PBXFileReference; lastKnownFileType = sourcecode.cpp.cpp; name = HW1a.cpp; path = /Users/Rahman/Documents/GitHub/graphics/hw3/CS472.skel/hw1/HW1a.cpp; sourceTree = "<absolute>"; };
		EFAF1A97F6843D9FAB4C6087 /* HW0c.cpp */ = {isa = PBXFileReference; lastKnownFileType = sourcecode.cpp.cpp; name = HW0c.cpp; path = /Users/Rahman/Documents/GitHub/graphics/hw3/CS472.skel/hw0/HW0c.cpp; sourceTree = "<absolute>"; };
		F2325EAFCC4AEC69178F88B6 /* Cylinder.h */ = {isa = PBXFileReference; lastKnownFileType = sourcecode.c.h; name = Cylinder.h; path = /Users/Rahman/Documents/GitHub/graphics/hw3/CS472.skel/geometry/Cylinder.h; sourceTree = "<absolute>"; };
		F90C77D09806A8E63913E4CE /* Cone.cpp */ = {isa = PBXFileReference; lastKnownFileType = sourcecode.cpp.cpp; name = Cone.cpp; path = /Users/Rahman/Documents/GitHub/graphics/hw3/CS472.skel/geometry/Cone.cpp; sourceTree = "<absolute>"; };
		FC18995D05EB6DCBF737D987 /* CS472.qrc */ = {isa = PBXFileReference; lastKnownFileType = text; name = CS472.qrc; path = /Users/Rahman/Documents/GitHub/graphics/hw3/CS472.skel/CS472.qrc; sourceTree = "<absolute>"; };
		FEAA7FA90BA35DE4878AAF8D /* HW.cpp */ = {isa = PBXFileReference; lastKnownFileType = sourcecode.cpp.cpp; name = HW.cpp; path = /Users/Rahman/Documents/GitHub/graphics/hw3/CS472.skel/HW.cpp; sourceTree = "<absolute>"; };
/* End PBXFileReference section */

/* Begin PBXFrameworksBuildPhase section */
		D1C883685E82D5676953459A /* Link Binary With Libraries */ = {
			isa = PBXFrameworksBuildPhase;
			buildActionMask = 2147483647;
			files = (
				04BA5DA5A1D3C65917CA0BA9 /* QtOpenGL.framework in Link Binary With Libraries */,
				BF83C4F1FB311CA5003C9A49 /* QtWidgets.framework in Link Binary With Libraries */,
				C30F6CE44CB5A5DB3F47A355 /* QtGui.framework in Link Binary With Libraries */,
				1973CD3C44243F680474ED93 /* QtCore.framework in Link Binary With Libraries */,
				A99B2AA0F9CBBDD12BA126A4 /* DiskArbitration.framework in Link Binary With Libraries */,
				8D267F2E4776F0ECA2F49DC8 /* IOKit.framework in Link Binary With Libraries */,
				8771A8C96E9C391044035D99 /* OpenGL.framework in Link Binary With Libraries */,
				E45E51A644D5FC9F942ECE55 /* AGL.framework in Link Binary With Libraries */,
			);
			name = "Link Binary With Libraries";
			runOnlyForDeploymentPostprocessing = 0;
		};
/* End PBXFrameworksBuildPhase section */

/* Begin PBXGroup section */
		0A31DA8FFB6A3F21532CA67A /* hw3 */ = {
			isa = PBXGroup;
			children = (
				81DC98CBD6832CD5AA391A06 /* HW3a.cpp */,
				80CC8DFB79D978C257856C91 /* HW3b.cpp */,
				8DC65AB678481AC48F0F6F50 /* HW3a.h */,
				A7175991D8841D71F7FEC925 /* HW3b.h */,
			);
			name = hw3;
			sourceTree = "<group>";
		};
		2156C9B67EB6B3918607349C /* lighting */ = {
			isa = PBXGroup;
			children = (
				805537695CA12A05EB8FC52E /* Light.cpp */,
				C01AB20A9215597F79DA398A /* Light.h */,
			);
			name = lighting;
			sourceTree = "<group>";
		};
		24318BA31F631EB3F0026335 /* geometry */ = {
			isa = PBXGroup;
			children = (
				593291C2459118DA3D90D8D5 /* Cube.cpp */,
				BB9BAFCA8BD2D03FA0678CD4 /* Sphere.cpp */,
				C216C218CF685D97852A43B2 /* Cylinder.cpp */,
				F90C77D09806A8E63913E4CE /* Cone.cpp */,
				3750B702DDE96C988A8F0760 /* Scene.cpp */,
				0B4EA3839119FD9B45987899 /* Geometry.h */,
				79D39E63255E3658EAF5BC06 /* Cube.h */,
				72E9A3E48AF8A9B0F6BEC252 /* Sphere.h */,
				F2325EAFCC4AEC69178F88B6 /* Cylinder.h */,
				39EA568418D70EA0B20F4819 /* Cone.h */,
				DFCED43049A514073BEEAB4E /* Scene.h */,
			);
			name = geometry;
			sourceTree = "<group>";
		};
		25B08E2869634E9BCBA333A2 /* Generated Sources */ = {
			isa = PBXGroup;
			children = (
				7A4C1BA37ADA393E9502C9FC /* qrc_CS472.cpp */,
				6537C162ED36A3FACC22B392 /* moc_MainWindow.cpp */,
				7FEC604B5DEA128CDA165EE3 /* moc_dummy.cpp */,
				D1E64E7724BA951EC56047EE /* moc_HW0a.cpp */,
				2E116557107DF2CFB8672840 /* moc_HW0b.cpp */,
				8E7C0A4A41BBA1AA9CD60F2E /* moc_HW0c.cpp */,
				0D28FC811AFD99276F5FDA6A /* moc_HW1a.cpp */,
				EA5CE42BAECE4E2A795A9C7D /* moc_HW1b.cpp */,
				BB8C85109225C8876DEB18D6 /* moc_HW2a.cpp */,
				420A0C9D79BBCD11471820F5 /* moc_HW2b.cpp */,
				2813A9C44CF17BF44CF7E804 /* moc_HW3a.cpp */,
				AEC4538F9B3DF1AE4A60751B /* moc_HW3b.cpp */,
			);
			name = "Generated Sources";
			sourceTree = "<group>";
		};
		2EB56BE3C2D93CDAB0C52E67 /* Sources */ = {
			isa = PBXGroup;
			children = (
				8A8640232379E4A6A14FB4AA /* main.cpp */,
				BF1B76F99E99C9C37BAF9BCA /* MainWindow.cpp */,
				FEAA7FA90BA35DE4878AAF8D /* HW.cpp */,
				58B2ECF27C7F1E742981BCEA /* dummy.cpp */,
				5B4C135899C5C2F6FFFD7ADB /* hw0 */,
				3C77C658827F4A07ABF9D58B /* hw1 */,
				8D1A7173215F622A1D3A66B1 /* hw2 */,
				0A31DA8FFB6A3F21532CA67A /* hw3 */,
				24318BA31F631EB3F0026335 /* geometry */,
				2156C9B67EB6B3918607349C /* lighting */,
				FF8C409087E1FACCA055498B /* camera */,
				CFCEBF42E29A0BA336759124 /* CS472.icns */,
				67F6AC9B81FD4AF910888671 /* MainWindow.h */,
				EC7740513394BB7EB6BE6EC6 /* HW.h */,
				92F5B8CC7E68BC3AC93B579A /* dummy.h */,
			);
			name = Sources;
			sourceTree = "<group>";
		};
		3C77C658827F4A07ABF9D58B /* hw1 */ = {
			isa = PBXGroup;
			children = (
				EEC48E60D4713A9FF8783C5A /* HW1a.cpp */,
				77CA1F9FEAAE3BF47F3AD032 /* HW1b.cpp */,
				74EB1BB1700D4A67966A060C /* HW1a.h */,
				0C7A9C00B6235015B44C78EF /* HW1b.h */,
			);
			name = hw1;
			sourceTree = "<group>";
		};
		5B4C135899C5C2F6FFFD7ADB /* hw0 */ = {
			isa = PBXGroup;
			children = (
				75D67AE0A20ED0C742D5A911 /* HW0a.cpp */,
				96BE259BFA98EEF4C253E69C /* HW0b.cpp */,
				EFAF1A97F6843D9FAB4C6087 /* HW0c.cpp */,
				982A3F26027926D50D1988B5 /* HW0a.h */,
				DE59FBB76CAB519A14998860 /* HW0b.h */,
				31EC08F4F541EEF0083D33C1 /* HW0c.h */,
			);
			name = hw0;
			sourceTree = "<group>";
		};
		74B182DB50CB5611B5C1C297 /* Supporting Files */ = {
			isa = PBXGroup;
			children = (
				51A2F34F05E929621A30FFDE /* CS472.pro */,
				370FF8DD1DEE80BFC78BCAF9 /* .qmake.stash */,
			);
			name = "Supporting Files";
			sourceTree = "<group>";
		};
		87DF60DE337FB58864343E39 /* Resources */ = {
			isa = PBXGroup;
			children = (
				FC18995D05EB6DCBF737D987 /* CS472.qrc */,
			);
			name = Resources;
			sourceTree = "<group>";
		};
		8D1A7173215F622A1D3A66B1 /* hw2 */ = {
			isa = PBXGroup;
			children = (
				BA93ABBE065A57ECEB3D8B13 /* HW2a.cpp */,
				5BEB3563888F8C1256B007F9 /* HW2b.cpp */,
				D14680F59AAB692100366E89 /* HW2a.h */,
				AE9291EAD3338D02E39E42DA /* HW2b.h */,
			);
			name = hw2;
			sourceTree = "<group>";
		};
		AF39DD055C3EF8226FBE929D /* Frameworks */ = {
			isa = PBXGroup;
			children = (
				DFC66F21432D87B25B0EA461 /* QtOpenGL.framework */,
				45837D15EA37FDB90F40AC3F /* QtWidgets.framework */,
				6AD9C99BD4D2A9FF7E2672BB /* QtGui.framework */,
				AE1EB5DFE23C6F3298A7AA85 /* QtCore.framework */,
				2B774D8E4178765CE52EAAF5 /* DiskArbitration.framework */,
				A1A67BEAA744704B29168D39 /* IOKit.framework */,
				D4B32C2222F82AC56BADEB21 /* OpenGL.framework */,
				8D9815BDB5BD9F90D2BC05C5 /* AGL.framework */,
			);
			name = Frameworks;
			sourceTree = "<group>";
		};
		E8C543AB96796ECAA2E65C57 /* CS472 */ = {
			isa = PBXGroup;
			children = (
				11264F0E1EB7E23E005569F7 /* fshader3a1.glsl */,
				11264F0F1EB7E23E005569F7 /* fshader3a2.glsl */,
				11264F101EB7E23E005569F7 /* fshader3b1.glsl */,
				11264F111EB7E23E005569F7 /* fshader3b2.glsl */,
				11264F121EB7E23E005569F7 /* fshader3b3.glsl */,
				11264F131EB7E23E005569F7 /* fshader3b4.glsl */,
				11264F141EB7E23E005569F7 /* fshader3b5.glsl */,
				11264F151EB7E23E005569F7 /* vshader3a1.glsl */,
				11264F161EB7E23E005569F7 /* vshader3a2.glsl */,
				11264F171EB7E23E005569F7 /* vshader3b1.glsl */,
				11264F181EB7E23E005569F7 /* vshader3b2.glsl */,
				11264F191EB7E23E005569F7 /* vshader3b3.glsl */,
				11264F1A1EB7E23E005569F7 /* vshader3b4.glsl */,
				11264F1B1EB7E23E005569F7 /* vshader3b5.glsl */,
				2EB56BE3C2D93CDAB0C52E67 /* Sources */,
				25B08E2869634E9BCBA333A2 /* Generated Sources */,
				74B182DB50CB5611B5C1C297 /* Supporting Files */,
				87DF60DE337FB58864343E39 /* Resources */,
				AF39DD055C3EF8226FBE929D /* Frameworks */,
				FE0A091FDBFB3E9C31B7A1BD /* Products */,
			);
			name = CS472;
			sourceTree = "<group>";
		};
		FE0A091FDBFB3E9C31B7A1BD /* Products */ = {
			isa = PBXGroup;
			children = (
				209BB1C741BC3B8AF51E6B46 /* CS472.app */,
			);
			name = Products;
			sourceTree = "<group>";
		};
		FF8C409087E1FACCA055498B /* camera */ = {
			isa = PBXGroup;
			children = (
				B0BD17172F02C1BF1EE27E21 /* Camera.cpp */,
				29BDF2F3E337F975A00344CE /* Camera.h */,
			);
			name = camera;
			sourceTree = "<group>";
		};
/* End PBXGroup section */

/* Begin PBXNativeTarget section */
		F70EECE5C0F407ADE5B5F597 /* CS472 */ = {
			isa = PBXNativeTarget;
			buildConfigurationList = 6CC3B5D2136C7CD6A5CF5A59 /* Build configuration list for PBXNativeTarget "CS472" */;
			buildPhases = (
				F7E50F631C51CD5B5DC0BC43 /* Compile Sources */,
				D1C883685E82D5676953459A /* Link Binary With Libraries */,
				30414803F31797EB689AE508 /* Copy Bundle Resources */,
			);
			buildRules = (
			);
			dependencies = (
				9437C434C628C3D253CC80A0 /* PBXTargetDependency */,
			);
			name = CS472;
			productName = CS472;
			productReference = 209BB1C741BC3B8AF51E6B46 /* CS472.app */;
			productType = "com.apple.product-type.application";
		};
/* End PBXNativeTarget section */

/* Begin PBXProject section */
		6DB9C3763D02B1415CD9D565 /* Project object */ = {
			isa = PBXProject;
			attributes = {
			};
			buildConfigurationList = DAC4C1AA5EDEA1C85E9CA5E6 /* Build configuration list for PBXProject "CS472" */;
			compatibilityVersion = "Xcode 3.2";
			developmentRegion = English;
			hasScannedForEncodings = 1;
			knownRegions = (
				en,
			);
			mainGroup = E8C543AB96796ECAA2E65C57 /* CS472 */;
			productRefGroup = FE0A091FDBFB3E9C31B7A1BD /* Products */;
			projectDirPath = "";
			projectRoot = "";
			targets = (
				F70EECE5C0F407ADE5B5F597 /* CS472 */,
				F5120FEBE5D2890395250703 /* Qt Preprocess */,
			);
		};
/* End PBXProject section */

/* Begin PBXResourcesBuildPhase section */
		30414803F31797EB689AE508 /* Copy Bundle Resources */ = {
			isa = PBXResourcesBuildPhase;
			buildActionMask = 2147483647;
			files = (
				11264F251EB7E23E005569F7 /* vshader3b1.glsl in Copy Bundle Resources */,
				11264F1E1EB7E23E005569F7 /* fshader3b1.glsl in Copy Bundle Resources */,
				11264F281EB7E23E005569F7 /* vshader3b4.glsl in Copy Bundle Resources */,
				11264F231EB7E23E005569F7 /* vshader3a1.glsl in Copy Bundle Resources */,
				11264F221EB7E23E005569F7 /* fshader3b5.glsl in Copy Bundle Resources */,
				11264F1D1EB7E23E005569F7 /* fshader3a2.glsl in Copy Bundle Resources */,
				11264F261EB7E23E005569F7 /* vshader3b2.glsl in Copy Bundle Resources */,
				11264F1C1EB7E23E005569F7 /* fshader3a1.glsl in Copy Bundle Resources */,
				11264F211EB7E23E005569F7 /* fshader3b4.glsl in Copy Bundle Resources */,
				11264F271EB7E23E005569F7 /* vshader3b3.glsl in Copy Bundle Resources */,
				11264F1F1EB7E23E005569F7 /* fshader3b2.glsl in Copy Bundle Resources */,
				11264F201EB7E23E005569F7 /* fshader3b3.glsl in Copy Bundle Resources */,
				11264F291EB7E23E005569F7 /* vshader3b5.glsl in Copy Bundle Resources */,
				11264F241EB7E23E005569F7 /* vshader3a2.glsl in Copy Bundle Resources */,
			);
			name = "Copy Bundle Resources";
			runOnlyForDeploymentPostprocessing = 0;
		};
/* End PBXResourcesBuildPhase section */

/* Begin PBXShellScriptBuildPhase section */
		5E618435888B9D49F8540165 /* Qt Qmake */ = {
			isa = PBXShellScriptBuildPhase;
			buildActionMask = 2147483647;
			files = (
			);
			name = "Qt Qmake";
			runOnlyForDeploymentPostprocessing = 0;
			shellPath = /bin/sh;
			shellScript = "make -C /Users/Rahman/Documents/GitHub/graphics/hw3/CS472.skel/ -f CS472.xcodeproj/qt_makeqmake.mak";
			showEnvVarsInLog = 0;
		};
		7EF0942E79C014DCEC8976BC /* Qt Preprocessors */ = {
			isa = PBXShellScriptBuildPhase;
			buildActionMask = 2147483647;
			files = (
			);
			name = "Qt Preprocessors";
			runOnlyForDeploymentPostprocessing = 0;
			shellPath = /bin/sh;
			shellScript = "make -C /Users/Rahman/Documents/GitHub/graphics/hw3/CS472.skel/ -f CS472.xcodeproj/qt_preprocess.mak";
			showEnvVarsInLog = 0;
		};
/* End PBXShellScriptBuildPhase section */

/* Begin PBXSourcesBuildPhase section */
		F7E50F631C51CD5B5DC0BC43 /* Compile Sources */ = {
			isa = PBXSourcesBuildPhase;
			buildActionMask = 2147483647;
			files = (
				235843E2E59A90670F6670FF /* main.cpp in Compile Sources */,
				312D3F48FB0EDC45093E7E83 /* MainWindow.cpp in Compile Sources */,
				D9FEFD96CB8297647205F55F /* HW.cpp in Compile Sources */,
				3CC90AB349501F45131F1E64 /* dummy.cpp in Compile Sources */,
				305F53A895B2BD6DC918BF8C /* HW0a.cpp in Compile Sources */,
				54712738B3756843A436FAE5 /* HW0b.cpp in Compile Sources */,
				BBA5631EA496A0B02A8B169A /* HW0c.cpp in Compile Sources */,
				91AE7ACFBAC3E0E29DDAB2CE /* HW1a.cpp in Compile Sources */,
				7E3209A9AB79AA29EE674487 /* HW1b.cpp in Compile Sources */,
				70672ED69F511BCB018A9922 /* HW2a.cpp in Compile Sources */,
				EF70E39193AF44457DBE0E97 /* HW2b.cpp in Compile Sources */,
				0E4559376778DAB79DB41C12 /* HW3a.cpp in Compile Sources */,
				926A010694EF5646630ACB5A /* HW3b.cpp in Compile Sources */,
				6F2A4A6F960735EB3C89CC17 /* Cube.cpp in Compile Sources */,
				9991D65C3E8F82782ECD6497 /* Sphere.cpp in Compile Sources */,
				7659E268E61A80C6D9417F45 /* Cylinder.cpp in Compile Sources */,
				71D3D3525ED104ED34AF7DFB /* Cone.cpp in Compile Sources */,
				84DB20330B3C36B193E6D34A /* Scene.cpp in Compile Sources */,
				94ACF4F76BC5BA62AF67FC5E /* Light.cpp in Compile Sources */,
				C4682243118AC3C826F2C8F2 /* Camera.cpp in Compile Sources */,
				90DF866E037551D44027AB6B /* qrc_CS472.cpp in Compile Sources */,
				BDB8DBAB4B9CB189C69623FE /* moc_MainWindow.cpp in Compile Sources */,
				69B115433D14B411403FA4D9 /* moc_dummy.cpp in Compile Sources */,
				0C6A3C2EF3BDBA5C9737F6D7 /* moc_HW0a.cpp in Compile Sources */,
				0915F121484070E4F0C9073F /* moc_HW0b.cpp in Compile Sources */,
				8A84FC14C7F8D3EEBFF3441D /* moc_HW0c.cpp in Compile Sources */,
				F4351AE69CA18E08F428354D /* moc_HW1a.cpp in Compile Sources */,
				FE989FFF662DF86A2546E1F0 /* moc_HW1b.cpp in Compile Sources */,
				B95C24D36B4DDEDD8D94D75A /* moc_HW2a.cpp in Compile Sources */,
				6CB17754F9F5E907D34EC30F /* moc_HW2b.cpp in Compile Sources */,
				0B6EC16C6D48DEF4A71E6599 /* moc_HW3a.cpp in Compile Sources */,
				EA363A6486EB4FABDBD6B9A7 /* moc_HW3b.cpp in Compile Sources */,
			);
			name = "Compile Sources";
			runOnlyForDeploymentPostprocessing = 0;
		};
/* End PBXSourcesBuildPhase section */

/* Begin PBXTargetDependency section */
		9437C434C628C3D253CC80A0 /* PBXTargetDependency */ = {
			isa = PBXTargetDependency;
			target = F5120FEBE5D2890395250703 /* Qt Preprocess */;
			targetProxy = 11264F0D1EB7E044005569F7 /* PBXContainerItemProxy */;
		};
/* End PBXTargetDependency section */

/* Begin XCBuildConfiguration section */
		339EE1B2CC4FC24589A0EA95 /* Release */ = {
			isa = XCBuildConfiguration;
			buildSettings = {
				ARCHS = x86_64;
				CC = /Applications/Xcode.app/Contents/Developer/Toolchains/XcodeDefault.xctoolchain/usr/bin/clang;
				COPY_PHASE_STRIP = YES;
				DYLIB_COMPATIBILITY_VERSION = 1.0;
				DYLIB_CURRENT_VERSION = 1.0.0;
				ENABLE_BITCODE = NO;
				FRAMEWORK_SEARCH_PATHS = (
					/Users/Rahman/Qt5.7.1/5.7/clang_64/lib,
					/Users/Rahman/Qt5.7.1/5.7/clang_64/lib,
				);
				GCC_GENERATE_DEBUGGING_SYMBOLS = NO;
				GCC_VERSION = com.apple.compilers.llvm.clang.1_0;
				HEADER_SEARCH_PATHS = (
					.,
					.,
					geometry,
					camera,
					lighting,
					/Users/Rahman/Qt5.7.1/5.7/clang_64/lib/QtOpenGL.framework/Headers,
					/Users/Rahman/Qt5.7.1/5.7/clang_64/lib/QtWidgets.framework/Headers,
					/Users/Rahman/Qt5.7.1/5.7/clang_64/lib/QtGui.framework/Headers,
					/Users/Rahman/Qt5.7.1/5.7/clang_64/lib/QtCore.framework/Headers,
					.,
					/Applications/Xcode.app/Contents/Developer/Platforms/MacOSX.platform/Developer/SDKs/MacOSX10.12.sdk/System/Library/Frameworks/OpenGL.framework/Headers,
					/Applications/Xcode.app/Contents/Developer/Platforms/MacOSX.platform/Developer/SDKs/MacOSX10.12.sdk/System/Library/Frameworks/AGL.framework/Headers,
					"/Users/Rahman/Qt5.7.1/5.7/clang_64/mkspecs/macx-clang",
				);
				INFOPLIST_FILE = Info.plist;
				LDPLUSPLUS = "/Applications/Xcode.app/Contents/Developer/Toolchains/XcodeDefault.xctoolchain/usr/bin/clang++";
				LIBRARY_SEARCH_PATHS = (
					/Users/Rahman/Qt5.7.1/5.7/clang_64/lib,
					/System/Library/Frameworks/,
				);
				MACOSX_DEPLOYMENT_TARGET = 10.9;
				OTHER_CFLAGS = (
					"-pipe",
					"-O2",
					"-Wall",
					"-W",
					"-fPIC",
					"-DQT_NO_DEBUG",
					"-DQT_OPENGL_LIB",
					"-DQT_WIDGETS_LIB",
					"-DQT_GUI_LIB",
					"-DQT_CORE_LIB",
				);
				OTHER_CPLUSPLUSFLAGS = (
					"-pipe",
					"-stdlib=libc++",
					"-mmacosx-version-min=10.9",
					"-O2",
					"-std=gnu++11",
					"-Wall",
					"-W",
					"-fPIC",
					"-DQT_NO_DEBUG",
					"-DQT_OPENGL_LIB",
					"-DQT_WIDGETS_LIB",
					"-DQT_GUI_LIB",
					"-DQT_CORE_LIB",
				);
				OTHER_LDFLAGS = (
					"-headerpad_max_install_names",
					"-stdlib=libc++",
					"-Wl,-rpath,@executable_path/../Frameworks",
					"-mmacosx-version-min=10.9",
					"-Wl,-rpath,/Users/Rahman/Qt5.7.1/5.7/clang_64/lib",
					"-F/Users/Rahman/Qt5.7.1/5.7/clang_64/lib",
				);
				PRODUCT_NAME = CS472;
				QT_LIBRARY_SUFFIX = "";
				SDKROOT = macosx;
				SYMROOT = /Users/Rahman/Documents/GitHub/graphics/hw3/CS472.skel/;
			};
			name = Release;
		};
		3AA6C32AC930069E80220CF1 /* Debug */ = {
			isa = XCBuildConfiguration;
			buildSettings = {
				ARCHS = x86_64;
				CC = /Applications/Xcode.app/Contents/Developer/Toolchains/XcodeDefault.xctoolchain/usr/bin/clang;
				COPY_PHASE_STRIP = NO;
				DYLIB_COMPATIBILITY_VERSION = 1.0;
				DYLIB_CURRENT_VERSION = 1.0.0;
				ENABLE_BITCODE = NO;
				FRAMEWORK_SEARCH_PATHS = (
					/Users/Rahman/Qt5.7.1/5.7/clang_64/lib,
					/Users/Rahman/Qt5.7.1/5.7/clang_64/lib,
				);
				GCC_GENERATE_DEBUGGING_SYMBOLS = YES;
				GCC_OPTIMIZATION_LEVEL = 0;
				GCC_VERSION = com.apple.compilers.llvm.clang.1_0;
				HEADER_SEARCH_PATHS = (
					.,
					.,
					geometry,
					camera,
					lighting,
					/Users/Rahman/Qt5.7.1/5.7/clang_64/lib/QtOpenGL.framework/Headers,
					/Users/Rahman/Qt5.7.1/5.7/clang_64/lib/QtWidgets.framework/Headers,
					/Users/Rahman/Qt5.7.1/5.7/clang_64/lib/QtGui.framework/Headers,
					/Users/Rahman/Qt5.7.1/5.7/clang_64/lib/QtCore.framework/Headers,
					.,
					/Applications/Xcode.app/Contents/Developer/Platforms/MacOSX.platform/Developer/SDKs/MacOSX10.12.sdk/System/Library/Frameworks/OpenGL.framework/Headers,
					/Applications/Xcode.app/Contents/Developer/Platforms/MacOSX.platform/Developer/SDKs/MacOSX10.12.sdk/System/Library/Frameworks/AGL.framework/Headers,
					"/Users/Rahman/Qt5.7.1/5.7/clang_64/mkspecs/macx-clang",
				);
				INFOPLIST_FILE = Info.plist;
				LDPLUSPLUS = "/Applications/Xcode.app/Contents/Developer/Toolchains/XcodeDefault.xctoolchain/usr/bin/clang++";
				LIBRARY_SEARCH_PATHS = (
					/Users/Rahman/Qt5.7.1/5.7/clang_64/lib,
					/System/Library/Frameworks/,
				);
				MACOSX_DEPLOYMENT_TARGET = 10.9;
				OTHER_CFLAGS = (
					"-pipe",
					"-O2",
					"-Wall",
					"-W",
					"-fPIC",
					"-DQT_NO_DEBUG",
					"-DQT_OPENGL_LIB",
					"-DQT_WIDGETS_LIB",
					"-DQT_GUI_LIB",
					"-DQT_CORE_LIB",
				);
				OTHER_CPLUSPLUSFLAGS = (
					"-pipe",
					"-stdlib=libc++",
					"-mmacosx-version-min=10.9",
					"-O2",
					"-std=gnu++11",
					"-Wall",
					"-W",
					"-fPIC",
					"-DQT_NO_DEBUG",
					"-DQT_OPENGL_LIB",
					"-DQT_WIDGETS_LIB",
					"-DQT_GUI_LIB",
					"-DQT_CORE_LIB",
				);
				OTHER_LDFLAGS = (
					"-headerpad_max_install_names",
					"-stdlib=libc++",
					"-Wl,-rpath,@executable_path/../Frameworks",
					"-mmacosx-version-min=10.9",
					"-Wl,-rpath,/Users/Rahman/Qt5.7.1/5.7/clang_64/lib",
					"-F/Users/Rahman/Qt5.7.1/5.7/clang_64/lib",
				);
				PRODUCT_NAME = CS472;
				QT_LIBRARY_SUFFIX = _debug;
				SDKROOT = macosx;
				SYMROOT = /Users/Rahman/Documents/GitHub/graphics/hw3/CS472.skel/;
			};
			name = Debug;
		};
		6666AA5E688052234F6758D8 /* Release */ = {
			isa = XCBuildConfiguration;
			buildSettings = {
				COPY_PHASE_STRIP = YES;
				ENABLE_BITCODE = NO;
				GCC_GENERATE_DEBUGGING_SYMBOLS = NO;
				PRODUCT_NAME = CS472;
				QT_LIBRARY_SUFFIX = "";
				SDKROOT = macosx;
			};
			name = Release;
		};
		77418F46922677BB04ED38DD /* Debug */ = {
			isa = XCBuildConfiguration;
			buildSettings = {
				COPY_PHASE_STRIP = NO;
				ENABLE_BITCODE = NO;
				GCC_GENERATE_DEBUGGING_SYMBOLS = YES;
				GCC_OPTIMIZATION_LEVEL = 0;
				PRODUCT_NAME = CS472;
				QT_LIBRARY_SUFFIX = _debug;
				SDKROOT = macosx;
			};
			name = Debug;
		};
/* End XCBuildConfiguration section */

/* Begin XCConfigurationList section */
		6CC3B5D2136C7CD6A5CF5A59 /* Build configuration list for PBXNativeTarget "CS472" */ = {
			isa = XCConfigurationList;
			buildConfigurations = (
				77418F46922677BB04ED38DD /* Debug */,
				6666AA5E688052234F6758D8 /* Release */,
			);
			defaultConfigurationIsVisible = 0;
			defaultConfigurationName = Release;
		};
		DAC4C1AA5EDEA1C85E9CA5E6 /* Build configuration list for PBXProject "CS472" */ = {
			isa = XCConfigurationList;
			buildConfigurations = (
				3AA6C32AC930069E80220CF1 /* Debug */,
				339EE1B2CC4FC24589A0EA95 /* Release */,
			);
			defaultConfigurationIsVisible = 0;
			defaultConfigurationName = Release;
		};
/* End XCConfigurationList section */
	};
	rootObject = 6DB9C3763D02B1415CD9D565 /* Project object */;
}
